
Microsoft Visual Studio Solution File, Format Version 12.00
# Visual Studio 15
VisualStudioVersion = 15.0.26730.15
MinimumVisualStudioVersion = 10.0.40219.1
Project("{9A19103F-16F7-4668-BE54-9A1E7A4F7556}") = "Acr.Settings", "Acr.Settings\Acr.Settings.csproj", "{7E9E7C1C-9235-4D46-BF4C-CA6A0C8B6E29}"
EndProject
Project("{2150E333-8FDC-42A3-9474-1A3956D46DE8}") = "Solution Items", "Solution Items", "{AB0D1345-2F41-41ED-9D4E-78BDD9860AFF}"
	ProjectSection(SolutionItems) = preProject
		changelog.md = changelog.md
		ISSUE_TEMPLATE = ISSUE_TEMPLATE
		LICENSE.md = LICENSE.md
		..\nuspec\nuget.exe = ..\nuspec\nuget.exe
		..\nuspec\push.cmd = ..\nuspec\push.cmd
		..\readme.md = ..\readme.md
	EndProjectSection
EndProject
Project("{FAE04EC0-301F-11D3-BF4B-00C04F79EFBC}") = "Acr.Settings.Tests", "Acr.Settings.Tests\Acr.Settings.Tests.csproj", "{723437EF-46EF-4FD0-8508-AD2B02B6AE40}"
EndProject
Project("{FAE04EC0-301F-11D3-BF4B-00C04F79EFBC}") = "Acr.Settings.Android.Tests", "Acr.Settings.Android.Tests\Acr.Settings.Android.Tests.csproj", "{085602AD-C50C-4F8B-BD1E-9FC2B3422935}"
EndProject
Project("{FAE04EC0-301F-11D3-BF4B-00C04F79EFBC}") = "Acr.Settings.iOS.Tests", "Acr.Settings.iOS.Tests\Acr.Settings.iOS.Tests.csproj", "{6615182D-02F5-4C7A-8A1E-8971779FE790}"
EndProject
Project("{FAE04EC0-301F-11D3-BF4B-00C04F79EFBC}") = "Acr.Settings.Uwp.Tests", "Acr.Settings.Uwp.Tests\Acr.Settings.Uwp.Tests.csproj", "{A0A4F7A6-6489-46EF-A92A-386A383CC2F2}"
EndProject
Global
	GlobalSection(SolutionConfigurationPlatforms) = preSolution
		Ad-Hoc|Any CPU = Ad-Hoc|Any CPU
		Ad-Hoc|ARM = Ad-Hoc|ARM
		Ad-Hoc|iPhone = Ad-Hoc|iPhone
		Ad-Hoc|iPhoneSimulator = Ad-Hoc|iPhoneSimulator
		Ad-Hoc|Mixed Platforms = Ad-Hoc|Mixed Platforms
		Ad-Hoc|x64 = Ad-Hoc|x64
		Ad-Hoc|x86 = Ad-Hoc|x86
		AppStore|Any CPU = AppStore|Any CPU
		AppStore|ARM = AppStore|ARM
		AppStore|iPhone = AppStore|iPhone
		AppStore|iPhoneSimulator = AppStore|iPhoneSimulator
		AppStore|Mixed Platforms = AppStore|Mixed Platforms
		AppStore|x64 = AppStore|x64
		AppStore|x86 = AppStore|x86
		Debug|Any CPU = Debug|Any CPU
		Debug|ARM = Debug|ARM
		Debug|iPhone = Debug|iPhone
		Debug|iPhoneSimulator = Debug|iPhoneSimulator
		Debug|Mixed Platforms = Debug|Mixed Platforms
		Debug|x64 = Debug|x64
		Debug|x86 = Debug|x86
		Release|Any CPU = Release|Any CPU
		Release|ARM = Release|ARM
		Release|iPhone = Release|iPhone
		Release|iPhoneSimulator = Release|iPhoneSimulator
		Release|Mixed Platforms = Release|Mixed Platforms
		Release|x64 = Release|x64
		Release|x86 = Release|x86
	EndGlobalSection
	GlobalSection(ProjectConfigurationPlatforms) = postSolution
		{7E9E7C1C-9235-4D46-BF4C-CA6A0C8B6E29}.Ad-Hoc|Any CPU.ActiveCfg = Release|Any CPU
		{7E9E7C1C-9235-4D46-BF4C-CA6A0C8B6E29}.Ad-Hoc|Any CPU.Build.0 = Release|Any CPU
		{7E9E7C1C-9235-4D46-BF4C-CA6A0C8B6E29}.Ad-Hoc|ARM.ActiveCfg = Debug|Any CPU
		{7E9E7C1C-9235-4D46-BF4C-CA6A0C8B6E29}.Ad-Hoc|iPhone.ActiveCfg = Release|Any CPU
		{7E9E7C1C-9235-4D46-BF4C-CA6A0C8B6E29}.Ad-Hoc|iPhoneSimulator.ActiveCfg = Release|Any CPU
		{7E9E7C1C-9235-4D46-BF4C-CA6A0C8B6E29}.Ad-Hoc|Mixed Platforms.ActiveCfg = Release|Any CPU
		{7E9E7C1C-9235-4D46-BF4C-CA6A0C8B6E29}.Ad-Hoc|Mixed Platforms.Build.0 = Release|Any CPU
		{7E9E7C1C-9235-4D46-BF4C-CA6A0C8B6E29}.Ad-Hoc|x64.ActiveCfg = Debug|Any CPU
		{7E9E7C1C-9235-4D46-BF4C-CA6A0C8B6E29}.Ad-Hoc|x86.ActiveCfg = Debug|Any CPU
		{7E9E7C1C-9235-4D46-BF4C-CA6A0C8B6E29}.AppStore|Any CPU.ActiveCfg = Release|Any CPU
		{7E9E7C1C-9235-4D46-BF4C-CA6A0C8B6E29}.AppStore|Any CPU.Build.0 = Release|Any CPU
		{7E9E7C1C-9235-4D46-BF4C-CA6A0C8B6E29}.AppStore|ARM.ActiveCfg = Debug|Any CPU
		{7E9E7C1C-9235-4D46-BF4C-CA6A0C8B6E29}.AppStore|iPhone.ActiveCfg = Release|Any CPU
		{7E9E7C1C-9235-4D46-BF4C-CA6A0C8B6E29}.AppStore|iPhoneSimulator.ActiveCfg = Release|Any CPU
		{7E9E7C1C-9235-4D46-BF4C-CA6A0C8B6E29}.AppStore|Mixed Platforms.ActiveCfg = Release|Any CPU
		{7E9E7C1C-9235-4D46-BF4C-CA6A0C8B6E29}.AppStore|Mixed Platforms.Build.0 = Release|Any CPU
		{7E9E7C1C-9235-4D46-BF4C-CA6A0C8B6E29}.AppStore|x64.ActiveCfg = Debug|Any CPU
		{7E9E7C1C-9235-4D46-BF4C-CA6A0C8B6E29}.AppStore|x86.ActiveCfg = Debug|Any CPU
		{7E9E7C1C-9235-4D46-BF4C-CA6A0C8B6E29}.Debug|Any CPU.ActiveCfg = Debug|Any CPU
		{7E9E7C1C-9235-4D46-BF4C-CA6A0C8B6E29}.Debug|Any CPU.Build.0 = Debug|Any CPU
		{7E9E7C1C-9235-4D46-BF4C-CA6A0C8B6E29}.Debug|ARM.ActiveCfg = Debug|Any CPU
		{7E9E7C1C-9235-4D46-BF4C-CA6A0C8B6E29}.Debug|iPhone.ActiveCfg = Debug|Any CPU
		{7E9E7C1C-9235-4D46-BF4C-CA6A0C8B6E29}.Debug|iPhoneSimulator.ActiveCfg = Debug|Any CPU
		{7E9E7C1C-9235-4D46-BF4C-CA6A0C8B6E29}.Debug|iPhoneSimulator.Build.0 = Debug|Any CPU
		{7E9E7C1C-9235-4D46-BF4C-CA6A0C8B6E29}.Debug|Mixed Platforms.ActiveCfg = Debug|Any CPU
		{7E9E7C1C-9235-4D46-BF4C-CA6A0C8B6E29}.Debug|Mixed Platforms.Build.0 = Debug|Any CPU
		{7E9E7C1C-9235-4D46-BF4C-CA6A0C8B6E29}.Debug|x64.ActiveCfg = Debug|Any CPU
		{7E9E7C1C-9235-4D46-BF4C-CA6A0C8B6E29}.Debug|x86.ActiveCfg = Debug|Any CPU
		{7E9E7C1C-9235-4D46-BF4C-CA6A0C8B6E29}.Release|Any CPU.ActiveCfg = Release|Any CPU
		{7E9E7C1C-9235-4D46-BF4C-CA6A0C8B6E29}.Release|Any CPU.Build.0 = Release|Any CPU
		{7E9E7C1C-9235-4D46-BF4C-CA6A0C8B6E29}.Release|ARM.ActiveCfg = Release|Any CPU
		{7E9E7C1C-9235-4D46-BF4C-CA6A0C8B6E29}.Release|iPhone.ActiveCfg = Release|Any CPU
		{7E9E7C1C-9235-4D46-BF4C-CA6A0C8B6E29}.Release|iPhoneSimulator.ActiveCfg = Release|Any CPU
		{7E9E7C1C-9235-4D46-BF4C-CA6A0C8B6E29}.Release|Mixed Platforms.ActiveCfg = Release|Any CPU
		{7E9E7C1C-9235-4D46-BF4C-CA6A0C8B6E29}.Release|Mixed Platforms.Build.0 = Release|Any CPU
		{7E9E7C1C-9235-4D46-BF4C-CA6A0C8B6E29}.Release|x64.ActiveCfg = Release|Any CPU
		{7E9E7C1C-9235-4D46-BF4C-CA6A0C8B6E29}.Release|x86.ActiveCfg = Release|Any CPU
		{723437EF-46EF-4FD0-8508-AD2B02B6AE40}.Ad-Hoc|Any CPU.ActiveCfg = Debug|Any CPU
		{723437EF-46EF-4FD0-8508-AD2B02B6AE40}.Ad-Hoc|Any CPU.Build.0 = Debug|Any CPU
		{723437EF-46EF-4FD0-8508-AD2B02B6AE40}.Ad-Hoc|ARM.ActiveCfg = Debug|Any CPU
		{723437EF-46EF-4FD0-8508-AD2B02B6AE40}.Ad-Hoc|ARM.Build.0 = Debug|Any CPU
		{723437EF-46EF-4FD0-8508-AD2B02B6AE40}.Ad-Hoc|iPhone.ActiveCfg = Debug|Any CPU
		{723437EF-46EF-4FD0-8508-AD2B02B6AE40}.Ad-Hoc|iPhone.Build.0 = Debug|Any CPU
		{723437EF-46EF-4FD0-8508-AD2B02B6AE40}.Ad-Hoc|iPhoneSimulator.ActiveCfg = Debug|Any CPU
		{723437EF-46EF-4FD0-8508-AD2B02B6AE40}.Ad-Hoc|iPhoneSimulator.Build.0 = Debug|Any CPU
		{723437EF-46EF-4FD0-8508-AD2B02B6AE40}.Ad-Hoc|Mixed Platforms.ActiveCfg = Debug|Any CPU
		{723437EF-46EF-4FD0-8508-AD2B02B6AE40}.Ad-Hoc|Mixed Platforms.Build.0 = Debug|Any CPU
		{723437EF-46EF-4FD0-8508-AD2B02B6AE40}.Ad-Hoc|x64.ActiveCfg = Debug|Any CPU
		{723437EF-46EF-4FD0-8508-AD2B02B6AE40}.Ad-Hoc|x64.Build.0 = Debug|Any CPU
		{723437EF-46EF-4FD0-8508-AD2B02B6AE40}.Ad-Hoc|x86.ActiveCfg = Debug|Any CPU
		{723437EF-46EF-4FD0-8508-AD2B02B6AE40}.Ad-Hoc|x86.Build.0 = Debug|Any CPU
		{723437EF-46EF-4FD0-8508-AD2B02B6AE40}.AppStore|Any CPU.ActiveCfg = Debug|Any CPU
		{723437EF-46EF-4FD0-8508-AD2B02B6AE40}.AppStore|Any CPU.Build.0 = Debug|Any CPU
		{723437EF-46EF-4FD0-8508-AD2B02B6AE40}.AppStore|ARM.ActiveCfg = Debug|Any CPU
		{723437EF-46EF-4FD0-8508-AD2B02B6AE40}.AppStore|ARM.Build.0 = Debug|Any CPU
		{723437EF-46EF-4FD0-8508-AD2B02B6AE40}.AppStore|iPhone.ActiveCfg = Debug|Any CPU
		{723437EF-46EF-4FD0-8508-AD2B02B6AE40}.AppStore|iPhone.Build.0 = Debug|Any CPU
		{723437EF-46EF-4FD0-8508-AD2B02B6AE40}.AppStore|iPhoneSimulator.ActiveCfg = Debug|Any CPU
		{723437EF-46EF-4FD0-8508-AD2B02B6AE40}.AppStore|iPhoneSimulator.Build.0 = Debug|Any CPU
		{723437EF-46EF-4FD0-8508-AD2B02B6AE40}.AppStore|Mixed Platforms.ActiveCfg = Debug|Any CPU
		{723437EF-46EF-4FD0-8508-AD2B02B6AE40}.AppStore|Mixed Platforms.Build.0 = Debug|Any CPU
		{723437EF-46EF-4FD0-8508-AD2B02B6AE40}.AppStore|x64.ActiveCfg = Debug|Any CPU
		{723437EF-46EF-4FD0-8508-AD2B02B6AE40}.AppStore|x64.Build.0 = Debug|Any CPU
		{723437EF-46EF-4FD0-8508-AD2B02B6AE40}.AppStore|x86.ActiveCfg = Debug|Any CPU
		{723437EF-46EF-4FD0-8508-AD2B02B6AE40}.AppStore|x86.Build.0 = Debug|Any CPU
		{723437EF-46EF-4FD0-8508-AD2B02B6AE40}.Debug|Any CPU.ActiveCfg = Debug|Any CPU
		{723437EF-46EF-4FD0-8508-AD2B02B6AE40}.Debug|Any CPU.Build.0 = Debug|Any CPU
		{723437EF-46EF-4FD0-8508-AD2B02B6AE40}.Debug|ARM.ActiveCfg = Debug|Any CPU
		{723437EF-46EF-4FD0-8508-AD2B02B6AE40}.Debug|ARM.Build.0 = Debug|Any CPU
		{723437EF-46EF-4FD0-8508-AD2B02B6AE40}.Debug|iPhone.ActiveCfg = Debug|Any CPU
		{723437EF-46EF-4FD0-8508-AD2B02B6AE40}.Debug|iPhone.Build.0 = Debug|Any CPU
		{723437EF-46EF-4FD0-8508-AD2B02B6AE40}.Debug|iPhoneSimulator.ActiveCfg = Debug|Any CPU
		{723437EF-46EF-4FD0-8508-AD2B02B6AE40}.Debug|iPhoneSimulator.Build.0 = Debug|Any CPU
		{723437EF-46EF-4FD0-8508-AD2B02B6AE40}.Debug|Mixed Platforms.ActiveCfg = Debug|Any CPU
		{723437EF-46EF-4FD0-8508-AD2B02B6AE40}.Debug|Mixed Platforms.Build.0 = Debug|Any CPU
		{723437EF-46EF-4FD0-8508-AD2B02B6AE40}.Debug|x64.ActiveCfg = Debug|Any CPU
		{723437EF-46EF-4FD0-8508-AD2B02B6AE40}.Debug|x64.Build.0 = Debug|Any CPU
		{723437EF-46EF-4FD0-8508-AD2B02B6AE40}.Debug|x86.ActiveCfg = Debug|Any CPU
		{723437EF-46EF-4FD0-8508-AD2B02B6AE40}.Debug|x86.Build.0 = Debug|Any CPU
		{723437EF-46EF-4FD0-8508-AD2B02B6AE40}.Release|Any CPU.ActiveCfg = Release|Any CPU
		{723437EF-46EF-4FD0-8508-AD2B02B6AE40}.Release|Any CPU.Build.0 = Release|Any CPU
		{723437EF-46EF-4FD0-8508-AD2B02B6AE40}.Release|ARM.ActiveCfg = Release|Any CPU
		{723437EF-46EF-4FD0-8508-AD2B02B6AE40}.Release|ARM.Build.0 = Release|Any CPU
		{723437EF-46EF-4FD0-8508-AD2B02B6AE40}.Release|iPhone.ActiveCfg = Release|Any CPU
		{723437EF-46EF-4FD0-8508-AD2B02B6AE40}.Release|iPhone.Build.0 = Release|Any CPU
		{723437EF-46EF-4FD0-8508-AD2B02B6AE40}.Release|iPhoneSimulator.ActiveCfg = Release|Any CPU
		{723437EF-46EF-4FD0-8508-AD2B02B6AE40}.Release|iPhoneSimulator.Build.0 = Release|Any CPU
		{723437EF-46EF-4FD0-8508-AD2B02B6AE40}.Release|Mixed Platforms.ActiveCfg = Release|Any CPU
		{723437EF-46EF-4FD0-8508-AD2B02B6AE40}.Release|Mixed Platforms.Build.0 = Release|Any CPU
		{723437EF-46EF-4FD0-8508-AD2B02B6AE40}.Release|x64.ActiveCfg = Release|Any CPU
		{723437EF-46EF-4FD0-8508-AD2B02B6AE40}.Release|x64.Build.0 = Release|Any CPU
		{723437EF-46EF-4FD0-8508-AD2B02B6AE40}.Release|x86.ActiveCfg = Release|Any CPU
		{723437EF-46EF-4FD0-8508-AD2B02B6AE40}.Release|x86.Build.0 = Release|Any CPU
		{085602AD-C50C-4F8B-BD1E-9FC2B3422935}.Ad-Hoc|Any CPU.ActiveCfg = Release|Any CPU
		{085602AD-C50C-4F8B-BD1E-9FC2B3422935}.Ad-Hoc|Any CPU.Build.0 = Release|Any CPU
		{085602AD-C50C-4F8B-BD1E-9FC2B3422935}.Ad-Hoc|Any CPU.Deploy.0 = Release|Any CPU
		{085602AD-C50C-4F8B-BD1E-9FC2B3422935}.Ad-Hoc|ARM.ActiveCfg = Release|Any CPU
		{085602AD-C50C-4F8B-BD1E-9FC2B3422935}.Ad-Hoc|ARM.Build.0 = Release|Any CPU
		{085602AD-C50C-4F8B-BD1E-9FC2B3422935}.Ad-Hoc|ARM.Deploy.0 = Release|Any CPU
		{085602AD-C50C-4F8B-BD1E-9FC2B3422935}.Ad-Hoc|iPhone.ActiveCfg = Release|Any CPU
		{085602AD-C50C-4F8B-BD1E-9FC2B3422935}.Ad-Hoc|iPhone.Build.0 = Release|Any CPU
		{085602AD-C50C-4F8B-BD1E-9FC2B3422935}.Ad-Hoc|iPhone.Deploy.0 = Release|Any CPU
		{085602AD-C50C-4F8B-BD1E-9FC2B3422935}.Ad-Hoc|iPhoneSimulator.ActiveCfg = Release|Any CPU
		{085602AD-C50C-4F8B-BD1E-9FC2B3422935}.Ad-Hoc|iPhoneSimulator.Build.0 = Release|Any CPU
		{085602AD-C50C-4F8B-BD1E-9FC2B3422935}.Ad-Hoc|iPhoneSimulator.Deploy.0 = Release|Any CPU
		{085602AD-C50C-4F8B-BD1E-9FC2B3422935}.Ad-Hoc|Mixed Platforms.ActiveCfg = Release|Any CPU
		{085602AD-C50C-4F8B-BD1E-9FC2B3422935}.Ad-Hoc|Mixed Platforms.Build.0 = Release|Any CPU
		{085602AD-C50C-4F8B-BD1E-9FC2B3422935}.Ad-Hoc|Mixed Platforms.Deploy.0 = Release|Any CPU
		{085602AD-C50C-4F8B-BD1E-9FC2B3422935}.Ad-Hoc|x64.ActiveCfg = Release|Any CPU
		{085602AD-C50C-4F8B-BD1E-9FC2B3422935}.Ad-Hoc|x64.Build.0 = Release|Any CPU
		{085602AD-C50C-4F8B-BD1E-9FC2B3422935}.Ad-Hoc|x64.Deploy.0 = Release|Any CPU
		{085602AD-C50C-4F8B-BD1E-9FC2B3422935}.Ad-Hoc|x86.ActiveCfg = Release|Any CPU
		{085602AD-C50C-4F8B-BD1E-9FC2B3422935}.Ad-Hoc|x86.Build.0 = Release|Any CPU
		{085602AD-C50C-4F8B-BD1E-9FC2B3422935}.Ad-Hoc|x86.Deploy.0 = Release|Any CPU
		{085602AD-C50C-4F8B-BD1E-9FC2B3422935}.AppStore|Any CPU.ActiveCfg = Release|Any CPU
		{085602AD-C50C-4F8B-BD1E-9FC2B3422935}.AppStore|Any CPU.Build.0 = Release|Any CPU
		{085602AD-C50C-4F8B-BD1E-9FC2B3422935}.AppStore|Any CPU.Deploy.0 = Release|Any CPU
		{085602AD-C50C-4F8B-BD1E-9FC2B3422935}.AppStore|ARM.ActiveCfg = Release|Any CPU
		{085602AD-C50C-4F8B-BD1E-9FC2B3422935}.AppStore|ARM.Build.0 = Release|Any CPU
		{085602AD-C50C-4F8B-BD1E-9FC2B3422935}.AppStore|ARM.Deploy.0 = Release|Any CPU
		{085602AD-C50C-4F8B-BD1E-9FC2B3422935}.AppStore|iPhone.ActiveCfg = Release|Any CPU
		{085602AD-C50C-4F8B-BD1E-9FC2B3422935}.AppStore|iPhone.Build.0 = Release|Any CPU
		{085602AD-C50C-4F8B-BD1E-9FC2B3422935}.AppStore|iPhone.Deploy.0 = Release|Any CPU
		{085602AD-C50C-4F8B-BD1E-9FC2B3422935}.AppStore|iPhoneSimulator.ActiveCfg = Release|Any CPU
		{085602AD-C50C-4F8B-BD1E-9FC2B3422935}.AppStore|iPhoneSimulator.Build.0 = Release|Any CPU
		{085602AD-C50C-4F8B-BD1E-9FC2B3422935}.AppStore|iPhoneSimulator.Deploy.0 = Release|Any CPU
		{085602AD-C50C-4F8B-BD1E-9FC2B3422935}.AppStore|Mixed Platforms.ActiveCfg = Release|Any CPU
		{085602AD-C50C-4F8B-BD1E-9FC2B3422935}.AppStore|Mixed Platforms.Build.0 = Release|Any CPU
		{085602AD-C50C-4F8B-BD1E-9FC2B3422935}.AppStore|Mixed Platforms.Deploy.0 = Release|Any CPU
		{085602AD-C50C-4F8B-BD1E-9FC2B3422935}.AppStore|x64.ActiveCfg = Release|Any CPU
		{085602AD-C50C-4F8B-BD1E-9FC2B3422935}.AppStore|x64.Build.0 = Release|Any CPU
		{085602AD-C50C-4F8B-BD1E-9FC2B3422935}.AppStore|x64.Deploy.0 = Release|Any CPU
		{085602AD-C50C-4F8B-BD1E-9FC2B3422935}.AppStore|x86.ActiveCfg = Release|Any CPU
		{085602AD-C50C-4F8B-BD1E-9FC2B3422935}.AppStore|x86.Build.0 = Release|Any CPU
		{085602AD-C50C-4F8B-BD1E-9FC2B3422935}.AppStore|x86.Deploy.0 = Release|Any CPU
		{085602AD-C50C-4F8B-BD1E-9FC2B3422935}.Debug|Any CPU.ActiveCfg = Debug|Any CPU
		{085602AD-C50C-4F8B-BD1E-9FC2B3422935}.Debug|Any CPU.Build.0 = Debug|Any CPU
		{085602AD-C50C-4F8B-BD1E-9FC2B3422935}.Debug|Any CPU.Deploy.0 = Debug|Any CPU
		{085602AD-C50C-4F8B-BD1E-9FC2B3422935}.Debug|ARM.ActiveCfg = Debug|Any CPU
		{085602AD-C50C-4F8B-BD1E-9FC2B3422935}.Debug|ARM.Build.0 = Debug|Any CPU
		{085602AD-C50C-4F8B-BD1E-9FC2B3422935}.Debug|ARM.Deploy.0 = Debug|Any CPU
		{085602AD-C50C-4F8B-BD1E-9FC2B3422935}.Debug|iPhone.ActiveCfg = Debug|Any CPU
		{085602AD-C50C-4F8B-BD1E-9FC2B3422935}.Debug|iPhone.Build.0 = Debug|Any CPU
		{085602AD-C50C-4F8B-BD1E-9FC2B3422935}.Debug|iPhone.Deploy.0 = Debug|Any CPU
		{085602AD-C50C-4F8B-BD1E-9FC2B3422935}.Debug|iPhoneSimulator.ActiveCfg = Debug|Any CPU
		{085602AD-C50C-4F8B-BD1E-9FC2B3422935}.Debug|iPhoneSimulator.Build.0 = Debug|Any CPU
		{085602AD-C50C-4F8B-BD1E-9FC2B3422935}.Debug|iPhoneSimulator.Deploy.0 = Debug|Any CPU
		{085602AD-C50C-4F8B-BD1E-9FC2B3422935}.Debug|Mixed Platforms.ActiveCfg = Debug|Any CPU
		{085602AD-C50C-4F8B-BD1E-9FC2B3422935}.Debug|Mixed Platforms.Build.0 = Debug|Any CPU
		{085602AD-C50C-4F8B-BD1E-9FC2B3422935}.Debug|Mixed Platforms.Deploy.0 = Debug|Any CPU
		{085602AD-C50C-4F8B-BD1E-9FC2B3422935}.Debug|x64.ActiveCfg = Debug|Any CPU
		{085602AD-C50C-4F8B-BD1E-9FC2B3422935}.Debug|x64.Build.0 = Debug|Any CPU
		{085602AD-C50C-4F8B-BD1E-9FC2B3422935}.Debug|x64.Deploy.0 = Debug|Any CPU
		{085602AD-C50C-4F8B-BD1E-9FC2B3422935}.Debug|x86.ActiveCfg = Debug|Any CPU
		{085602AD-C50C-4F8B-BD1E-9FC2B3422935}.Debug|x86.Build.0 = Debug|Any CPU
		{085602AD-C50C-4F8B-BD1E-9FC2B3422935}.Debug|x86.Deploy.0 = Debug|Any CPU
		{085602AD-C50C-4F8B-BD1E-9FC2B3422935}.Release|Any CPU.ActiveCfg = Release|Any CPU
		{085602AD-C50C-4F8B-BD1E-9FC2B3422935}.Release|Any CPU.Build.0 = Release|Any CPU
		{085602AD-C50C-4F8B-BD1E-9FC2B3422935}.Release|Any CPU.Deploy.0 = Release|Any CPU
		{085602AD-C50C-4F8B-BD1E-9FC2B3422935}.Release|ARM.ActiveCfg = Release|Any CPU
		{085602AD-C50C-4F8B-BD1E-9FC2B3422935}.Release|ARM.Build.0 = Release|Any CPU
		{085602AD-C50C-4F8B-BD1E-9FC2B3422935}.Release|ARM.Deploy.0 = Release|Any CPU
		{085602AD-C50C-4F8B-BD1E-9FC2B3422935}.Release|iPhone.ActiveCfg = Release|Any CPU
		{085602AD-C50C-4F8B-BD1E-9FC2B3422935}.Release|iPhone.Build.0 = Release|Any CPU
		{085602AD-C50C-4F8B-BD1E-9FC2B3422935}.Release|iPhone.Deploy.0 = Release|Any CPU
		{085602AD-C50C-4F8B-BD1E-9FC2B3422935}.Release|iPhoneSimulator.ActiveCfg = Release|Any CPU
		{085602AD-C50C-4F8B-BD1E-9FC2B3422935}.Release|iPhoneSimulator.Build.0 = Release|Any CPU
		{085602AD-C50C-4F8B-BD1E-9FC2B3422935}.Release|iPhoneSimulator.Deploy.0 = Release|Any CPU
		{085602AD-C50C-4F8B-BD1E-9FC2B3422935}.Release|Mixed Platforms.ActiveCfg = Release|Any CPU
		{085602AD-C50C-4F8B-BD1E-9FC2B3422935}.Release|Mixed Platforms.Build.0 = Release|Any CPU
		{085602AD-C50C-4F8B-BD1E-9FC2B3422935}.Release|Mixed Platforms.Deploy.0 = Release|Any CPU
		{085602AD-C50C-4F8B-BD1E-9FC2B3422935}.Release|x64.ActiveCfg = Release|Any CPU
		{085602AD-C50C-4F8B-BD1E-9FC2B3422935}.Release|x64.Build.0 = Release|Any CPU
		{085602AD-C50C-4F8B-BD1E-9FC2B3422935}.Release|x64.Deploy.0 = Release|Any CPU
		{085602AD-C50C-4F8B-BD1E-9FC2B3422935}.Release|x86.ActiveCfg = Release|Any CPU
		{085602AD-C50C-4F8B-BD1E-9FC2B3422935}.Release|x86.Build.0 = Release|Any CPU
		{085602AD-C50C-4F8B-BD1E-9FC2B3422935}.Release|x86.Deploy.0 = Release|Any CPU
		{6615182D-02F5-4C7A-8A1E-8971779FE790}.Ad-Hoc|Any CPU.ActiveCfg = Release|iPhone
		{6615182D-02F5-4C7A-8A1E-8971779FE790}.Ad-Hoc|Any CPU.Build.0 = Release|iPhone
		{6615182D-02F5-4C7A-8A1E-8971779FE790}.Ad-Hoc|ARM.ActiveCfg = Release|iPhone
		{6615182D-02F5-4C7A-8A1E-8971779FE790}.Ad-Hoc|ARM.Build.0 = Release|iPhone
		{6615182D-02F5-4C7A-8A1E-8971779FE790}.Ad-Hoc|iPhone.ActiveCfg = Release|iPhone
		{6615182D-02F5-4C7A-8A1E-8971779FE790}.Ad-Hoc|iPhone.Build.0 = Release|iPhone
		{6615182D-02F5-4C7A-8A1E-8971779FE790}.Ad-Hoc|iPhoneSimulator.ActiveCfg = Release|iPhoneSimulator
		{6615182D-02F5-4C7A-8A1E-8971779FE790}.Ad-Hoc|iPhoneSimulator.Build.0 = Release|iPhoneSimulator
		{6615182D-02F5-4C7A-8A1E-8971779FE790}.Ad-Hoc|Mixed Platforms.ActiveCfg = Release|iPhone
		{6615182D-02F5-4C7A-8A1E-8971779FE790}.Ad-Hoc|Mixed Platforms.Build.0 = Release|iPhone
		{6615182D-02F5-4C7A-8A1E-8971779FE790}.Ad-Hoc|x64.ActiveCfg = Release|iPhone
		{6615182D-02F5-4C7A-8A1E-8971779FE790}.Ad-Hoc|x64.Build.0 = Release|iPhone
		{6615182D-02F5-4C7A-8A1E-8971779FE790}.Ad-Hoc|x86.ActiveCfg = Release|iPhone
		{6615182D-02F5-4C7A-8A1E-8971779FE790}.Ad-Hoc|x86.Build.0 = Release|iPhone
		{6615182D-02F5-4C7A-8A1E-8971779FE790}.AppStore|Any CPU.ActiveCfg = Release|iPhone
		{6615182D-02F5-4C7A-8A1E-8971779FE790}.AppStore|Any CPU.Build.0 = Release|iPhone
		{6615182D-02F5-4C7A-8A1E-8971779FE790}.AppStore|ARM.ActiveCfg = Release|iPhone
		{6615182D-02F5-4C7A-8A1E-8971779FE790}.AppStore|ARM.Build.0 = Release|iPhone
		{6615182D-02F5-4C7A-8A1E-8971779FE790}.AppStore|iPhone.ActiveCfg = Release|iPhone
		{6615182D-02F5-4C7A-8A1E-8971779FE790}.AppStore|iPhone.Build.0 = Release|iPhone
		{6615182D-02F5-4C7A-8A1E-8971779FE790}.AppStore|iPhoneSimulator.ActiveCfg = Release|iPhoneSimulator
		{6615182D-02F5-4C7A-8A1E-8971779FE790}.AppStore|iPhoneSimulator.Build.0 = Release|iPhoneSimulator
		{6615182D-02F5-4C7A-8A1E-8971779FE790}.AppStore|Mixed Platforms.ActiveCfg = Release|iPhone
		{6615182D-02F5-4C7A-8A1E-8971779FE790}.AppStore|Mixed Platforms.Build.0 = Release|iPhone
		{6615182D-02F5-4C7A-8A1E-8971779FE790}.AppStore|x64.ActiveCfg = Release|iPhone
		{6615182D-02F5-4C7A-8A1E-8971779FE790}.AppStore|x64.Build.0 = Release|iPhone
		{6615182D-02F5-4C7A-8A1E-8971779FE790}.AppStore|x86.ActiveCfg = Release|iPhone
		{6615182D-02F5-4C7A-8A1E-8971779FE790}.AppStore|x86.Build.0 = Release|iPhone
		{6615182D-02F5-4C7A-8A1E-8971779FE790}.Debug|Any CPU.ActiveCfg = Debug|iPhone
		{6615182D-02F5-4C7A-8A1E-8971779FE790}.Debug|ARM.ActiveCfg = Debug|iPhone
		{6615182D-02F5-4C7A-8A1E-8971779FE790}.Debug|iPhone.ActiveCfg = Debug|iPhone
		{6615182D-02F5-4C7A-8A1E-8971779FE790}.Debug|iPhone.Build.0 = Debug|iPhone
		{6615182D-02F5-4C7A-8A1E-8971779FE790}.Debug|iPhoneSimulator.ActiveCfg = Debug|iPhoneSimulator
		{6615182D-02F5-4C7A-8A1E-8971779FE790}.Debug|iPhoneSimulator.Build.0 = Debug|iPhoneSimulator
		{6615182D-02F5-4C7A-8A1E-8971779FE790}.Debug|Mixed Platforms.ActiveCfg = Debug|iPhone
		{6615182D-02F5-4C7A-8A1E-8971779FE790}.Debug|Mixed Platforms.Build.0 = Debug|iPhone
		{6615182D-02F5-4C7A-8A1E-8971779FE790}.Debug|x64.ActiveCfg = Debug|iPhone
		{6615182D-02F5-4C7A-8A1E-8971779FE790}.Debug|x86.ActiveCfg = Debug|iPhone
		{6615182D-02F5-4C7A-8A1E-8971779FE790}.Release|Any CPU.ActiveCfg = Release|iPhone
		{6615182D-02F5-4C7A-8A1E-8971779FE790}.Release|ARM.ActiveCfg = Release|iPhone
		{6615182D-02F5-4C7A-8A1E-8971779FE790}.Release|iPhone.ActiveCfg = Release|iPhone
		{6615182D-02F5-4C7A-8A1E-8971779FE790}.Release|iPhone.Build.0 = Release|iPhone
		{6615182D-02F5-4C7A-8A1E-8971779FE790}.Release|iPhoneSimulator.ActiveCfg = Release|iPhoneSimulator
		{6615182D-02F5-4C7A-8A1E-8971779FE790}.Release|iPhoneSimulator.Build.0 = Release|iPhoneSimulator
		{6615182D-02F5-4C7A-8A1E-8971779FE790}.Release|Mixed Platforms.ActiveCfg = Release|iPhone
		{6615182D-02F5-4C7A-8A1E-8971779FE790}.Release|Mixed Platforms.Build.0 = Release|iPhone
		{6615182D-02F5-4C7A-8A1E-8971779FE790}.Release|x64.ActiveCfg = Release|iPhone
		{6615182D-02F5-4C7A-8A1E-8971779FE790}.Release|x86.ActiveCfg = Release|iPhone
		{A0A4F7A6-6489-46EF-A92A-386A383CC2F2}.Ad-Hoc|Any CPU.ActiveCfg = Release|x64
		{A0A4F7A6-6489-46EF-A92A-386A383CC2F2}.Ad-Hoc|Any CPU.Build.0 = Release|x64
		{A0A4F7A6-6489-46EF-A92A-386A383CC2F2}.Ad-Hoc|Any CPU.Deploy.0 = Release|x64
		{A0A4F7A6-6489-46EF-A92A-386A383CC2F2}.Ad-Hoc|ARM.ActiveCfg = Release|ARM
		{A0A4F7A6-6489-46EF-A92A-386A383CC2F2}.Ad-Hoc|ARM.Build.0 = Release|ARM
		{A0A4F7A6-6489-46EF-A92A-386A383CC2F2}.Ad-Hoc|ARM.Deploy.0 = Release|ARM
		{A0A4F7A6-6489-46EF-A92A-386A383CC2F2}.Ad-Hoc|iPhone.ActiveCfg = Release|x64
		{A0A4F7A6-6489-46EF-A92A-386A383CC2F2}.Ad-Hoc|iPhone.Build.0 = Release|x64
		{A0A4F7A6-6489-46EF-A92A-386A383CC2F2}.Ad-Hoc|iPhone.Deploy.0 = Release|x64
		{A0A4F7A6-6489-46EF-A92A-386A383CC2F2}.Ad-Hoc|iPhoneSimulator.ActiveCfg = Release|x64
		{A0A4F7A6-6489-46EF-A92A-386A383CC2F2}.Ad-Hoc|iPhoneSimulator.Build.0 = Release|x64
		{A0A4F7A6-6489-46EF-A92A-386A383CC2F2}.Ad-Hoc|iPhoneSimulator.Deploy.0 = Release|x64
		{A0A4F7A6-6489-46EF-A92A-386A383CC2F2}.Ad-Hoc|Mixed Platforms.ActiveCfg = Release|x86
		{A0A4F7A6-6489-46EF-A92A-386A383CC2F2}.Ad-Hoc|Mixed Platforms.Build.0 = Release|x86
		{A0A4F7A6-6489-46EF-A92A-386A383CC2F2}.Ad-Hoc|Mixed Platforms.Deploy.0 = Release|x86
		{A0A4F7A6-6489-46EF-A92A-386A383CC2F2}.Ad-Hoc|x64.ActiveCfg = Release|x64
		{A0A4F7A6-6489-46EF-A92A-386A383CC2F2}.Ad-Hoc|x64.Build.0 = Release|x64
		{A0A4F7A6-6489-46EF-A92A-386A383CC2F2}.Ad-Hoc|x64.Deploy.0 = Release|x64
		{A0A4F7A6-6489-46EF-A92A-386A383CC2F2}.Ad-Hoc|x86.ActiveCfg = Release|x86
		{A0A4F7A6-6489-46EF-A92A-386A383CC2F2}.Ad-Hoc|x86.Build.0 = Release|x86
		{A0A4F7A6-6489-46EF-A92A-386A383CC2F2}.Ad-Hoc|x86.Deploy.0 = Release|x86
		{A0A4F7A6-6489-46EF-A92A-386A383CC2F2}.AppStore|Any CPU.ActiveCfg = Release|x64
		{A0A4F7A6-6489-46EF-A92A-386A383CC2F2}.AppStore|Any CPU.Build.0 = Release|x64
		{A0A4F7A6-6489-46EF-A92A-386A383CC2F2}.AppStore|Any CPU.Deploy.0 = Release|x64
		{A0A4F7A6-6489-46EF-A92A-386A383CC2F2}.AppStore|ARM.ActiveCfg = Release|ARM
		{A0A4F7A6-6489-46EF-A92A-386A383CC2F2}.AppStore|ARM.Build.0 = Release|ARM
		{A0A4F7A6-6489-46EF-A92A-386A383CC2F2}.AppStore|ARM.Deploy.0 = Release|ARM
		{A0A4F7A6-6489-46EF-A92A-386A383CC2F2}.AppStore|iPhone.ActiveCfg = Release|x64
		{A0A4F7A6-6489-46EF-A92A-386A383CC2F2}.AppStore|iPhone.Build.0 = Release|x64
		{A0A4F7A6-6489-46EF-A92A-386A383CC2F2}.AppStore|iPhone.Deploy.0 = Release|x64
		{A0A4F7A6-6489-46EF-A92A-386A383CC2F2}.AppStore|iPhoneSimulator.ActiveCfg = Release|x64
		{A0A4F7A6-6489-46EF-A92A-386A383CC2F2}.AppStore|iPhoneSimulator.Build.0 = Release|x64
		{A0A4F7A6-6489-46EF-A92A-386A383CC2F2}.AppStore|iPhoneSimulator.Deploy.0 = Release|x64
		{A0A4F7A6-6489-46EF-A92A-386A383CC2F2}.AppStore|Mixed Platforms.ActiveCfg = Release|x86
		{A0A4F7A6-6489-46EF-A92A-386A383CC2F2}.AppStore|Mixed Platforms.Build.0 = Release|x86
		{A0A4F7A6-6489-46EF-A92A-386A383CC2F2}.AppStore|Mixed Platforms.Deploy.0 = Release|x86
		{A0A4F7A6-6489-46EF-A92A-386A383CC2F2}.AppStore|x64.ActiveCfg = Release|x64
		{A0A4F7A6-6489-46EF-A92A-386A383CC2F2}.AppStore|x64.Build.0 = Release|x64
		{A0A4F7A6-6489-46EF-A92A-386A383CC2F2}.AppStore|x64.Deploy.0 = Release|x64
		{A0A4F7A6-6489-46EF-A92A-386A383CC2F2}.AppStore|x86.ActiveCfg = Release|x86
		{A0A4F7A6-6489-46EF-A92A-386A383CC2F2}.AppStore|x86.Build.0 = Release|x86
		{A0A4F7A6-6489-46EF-A92A-386A383CC2F2}.AppStore|x86.Deploy.0 = Release|x86
		{A0A4F7A6-6489-46EF-A92A-386A383CC2F2}.Debug|Any CPU.ActiveCfg = Debug|x86
		{A0A4F7A6-6489-46EF-A92A-386A383CC2F2}.Debug|ARM.ActiveCfg = Debug|ARM
		{A0A4F7A6-6489-46EF-A92A-386A383CC2F2}.Debug|ARM.Build.0 = Debug|ARM
		{A0A4F7A6-6489-46EF-A92A-386A383CC2F2}.Debug|ARM.Deploy.0 = Debug|ARM
		{A0A4F7A6-6489-46EF-A92A-386A383CC2F2}.Debug|iPhone.ActiveCfg = Debug|x86
		{A0A4F7A6-6489-46EF-A92A-386A383CC2F2}.Debug|iPhoneSimulator.ActiveCfg = Debug|x86
		{A0A4F7A6-6489-46EF-A92A-386A383CC2F2}.Debug|Mixed Platforms.ActiveCfg = Debug|x86
		{A0A4F7A6-6489-46EF-A92A-386A383CC2F2}.Debug|Mixed Platforms.Build.0 = Debug|x86
		{A0A4F7A6-6489-46EF-A92A-386A383CC2F2}.Debug|Mixed Platforms.Deploy.0 = Debug|x86
		{A0A4F7A6-6489-46EF-A92A-386A383CC2F2}.Debug|x64.ActiveCfg = Debug|x64
		{A0A4F7A6-6489-46EF-A92A-386A383CC2F2}.Debug|x64.Build.0 = Debug|x64
		{A0A4F7A6-6489-46EF-A92A-386A383CC2F2}.Debug|x64.Deploy.0 = Debug|x64
		{A0A4F7A6-6489-46EF-A92A-386A383CC2F2}.Debug|x86.ActiveCfg = Debug|x86
		{A0A4F7A6-6489-46EF-A92A-386A383CC2F2}.Debug|x86.Build.0 = Debug|x86
		{A0A4F7A6-6489-46EF-A92A-386A383CC2F2}.Debug|x86.Deploy.0 = Debug|x86
		{A0A4F7A6-6489-46EF-A92A-386A383CC2F2}.Release|Any CPU.ActiveCfg = Release|x86
		{A0A4F7A6-6489-46EF-A92A-386A383CC2F2}.Release|ARM.ActiveCfg = Release|ARM
		{A0A4F7A6-6489-46EF-A92A-386A383CC2F2}.Release|ARM.Build.0 = Release|ARM
		{A0A4F7A6-6489-46EF-A92A-386A383CC2F2}.Release|ARM.Deploy.0 = Release|ARM
		{A0A4F7A6-6489-46EF-A92A-386A383CC2F2}.Release|iPhone.ActiveCfg = Release|x86
		{A0A4F7A6-6489-46EF-A92A-386A383CC2F2}.Release|iPhoneSimulator.ActiveCfg = Release|x86
		{A0A4F7A6-6489-46EF-A92A-386A383CC2F2}.Release|Mixed Platforms.ActiveCfg = Release|x86
		{A0A4F7A6-6489-46EF-A92A-386A383CC2F2}.Release|Mixed Platforms.Build.0 = Release|x86
		{A0A4F7A6-6489-46EF-A92A-386A383CC2F2}.Release|Mixed Platforms.Deploy.0 = Release|x86
		{A0A4F7A6-6489-46EF-A92A-386A383CC2F2}.Release|x64.ActiveCfg = Release|x64
		{A0A4F7A6-6489-46EF-A92A-386A383CC2F2}.Release|x64.Build.0 = Release|x64
		{A0A4F7A6-6489-46EF-A92A-386A383CC2F2}.Release|x64.Deploy.0 = Release|x64
		{A0A4F7A6-6489-46EF-A92A-386A383CC2F2}.Release|x86.ActiveCfg = Release|x86
		{A0A4F7A6-6489-46EF-A92A-386A383CC2F2}.Release|x86.Build.0 = Release|x86
		{A0A4F7A6-6489-46EF-A92A-386A383CC2F2}.Release|x86.Deploy.0 = Release|x86
	EndGlobalSection
	GlobalSection(SolutionProperties) = preSolution
		HideSolutionNode = FALSE
	EndGlobalSection
	GlobalSection(ExtensibilityGlobals) = postSolution
		SolutionGuid = {46120E33-6A42-4E84-854E-0872C761228B}
	EndGlobalSection
EndGlobal
