
Microsoft Visual Studio Solution File, Format Version 12.00
# Visual Studio 2013
VisualStudioVersion = 12.0.31101.0
MinimumVisualStudioVersion = 10.0.40219.1
Project("{D954291E-2A0B-460D-934E-DC6B0785DB48}") = "Acr.Settings.Shared", "Acr.Settings.Shared\Acr.Settings.Shared.shproj", "{62F5D64A-791E-460B-AFC4-AF26673EA4CE}"
EndProject
Project("{2150E333-8FDC-42A3-9474-1A3956D46DE8}") = "Platforms", "Platforms", "{95E24DC3-BFE7-4F15-9F1E-86DEB394F3E2}"
EndProject
Project("{FAE04EC0-301F-11D3-BF4B-00C04F79EFBC}") = "Acr.Settings", "Acr.Settings\Acr.Settings.csproj", "{7E9E7C1C-9235-4D46-BF4C-CA6A0C8B6E29}"
EndProject
Project("{FAE04EC0-301F-11D3-BF4B-00C04F79EFBC}") = "Acr.Settings.iOS", "Acr.Settings.iOS\Acr.Settings.iOS.csproj", "{2E4D0D6A-CE0C-447D-AC16-2143B62A6B25}"
EndProject
Project("{FAE04EC0-301F-11D3-BF4B-00C04F79EFBC}") = "Acr.Settings.Android", "Acr.Settings.Android\Acr.Settings.Android.csproj", "{B1019C4B-E37A-4B75-9AFC-980820320B6B}"
EndProject
Project("{FAE04EC0-301F-11D3-BF4B-00C04F79EFBC}") = "Acr.Settings.Windows", "Acr.Settings.Windows\Acr.Settings.Windows.csproj", "{880248EE-2496-4516-837C-C6724AFA46B3}"
EndProject
Project("{2150E333-8FDC-42A3-9474-1A3956D46DE8}") = "Solution Items", "Solution Items", "{AB0D1345-2F41-41ED-9D4E-78BDD9860AFF}"
	ProjectSection(SolutionItems) = preProject
		..\nuspec\Acr.Settings.nuspec = ..\nuspec\Acr.Settings.nuspec
		..\nuspec\pack.cmd = ..\nuspec\pack.cmd
		..\nuspec\push.cmd = ..\nuspec\push.cmd
		..\readme.md = ..\readme.md
	EndProjectSection
EndProject
Project("{2150E333-8FDC-42A3-9474-1A3956D46DE8}") = "Tests", "Tests", "{900F6DB8-A11C-4945-A75A-FAEB853F4930}"
EndProject
Project("{FAE04EC0-301F-11D3-BF4B-00C04F79EFBC}") = "Acr.Settings.iOS.Tests", "..\tests\Acr.Settings.iOS.Tests\Acr.Settings.iOS.Tests.csproj", "{CAD5F2F4-842A-4D67-A862-7668C442E8ED}"
EndProject
Project("{FAE04EC0-301F-11D3-BF4B-00C04F79EFBC}") = "Acr.Settings.Android.Tests", "..\tests\Acr.Settings.Android.Tests\Acr.Settings.Android.Tests.csproj", "{06FE0C81-97BD-46BA-84CA-E7E2E1284AAD}"
EndProject
Project("{D954291E-2A0B-460D-934E-DC6B0785DB48}") = "Acr.Settings.Tests", "..\tests\Acr.Settings.Tests\Acr.Settings.Tests.shproj", "{190B3C22-2763-4316-A93A-631995EB07AD}"
EndProject
Global
	GlobalSection(SharedMSBuildProjectFiles) = preSolution
		Acr.Settings.Shared\Acr.Settings.Shared.projitems*{62f5d64a-791e-460b-afc4-af26673ea4ce}*SharedItemsImports = 13
		Acr.Settings.Shared\Acr.Settings.Shared.projitems*{2e4d0d6a-ce0c-447d-ac16-2143b62a6b25}*SharedItemsImports = 4
		Acr.Settings.Shared\Acr.Settings.Shared.projitems*{b1019c4b-e37a-4b75-9afc-980820320b6b}*SharedItemsImports = 4
		Acr.Settings.Shared\Acr.Settings.Shared.projitems*{7e9e7c1c-9235-4d46-bf4c-ca6a0c8b6e29}*SharedItemsImports = 4
		..\tests\Acr.Settings.Tests\Acr.Settings.Tests.projitems*{cad5f2f4-842a-4d67-a862-7668c442e8ed}*SharedItemsImports = 4
		..\tests\Acr.Settings.Tests\Acr.Settings.Tests.projitems*{190b3c22-2763-4316-a93a-631995eb07ad}*SharedItemsImports = 13
		Acr.Settings.Shared\Acr.Settings.Shared.projitems*{880248ee-2496-4516-837c-c6724afa46b3}*SharedItemsImports = 4
		..\tests\Acr.Settings.Tests\Acr.Settings.Tests.projitems*{06fe0c81-97bd-46ba-84ca-e7e2e1284aad}*SharedItemsImports = 4
	EndGlobalSection
	GlobalSection(SolutionConfigurationPlatforms) = preSolution
		Ad-Hoc|Any CPU = Ad-Hoc|Any CPU
		Ad-Hoc|iPhone = Ad-Hoc|iPhone
		Ad-Hoc|iPhoneSimulator = Ad-Hoc|iPhoneSimulator
		Ad-Hoc|Mixed Platforms = Ad-Hoc|Mixed Platforms
		AppStore|Any CPU = AppStore|Any CPU
		AppStore|iPhone = AppStore|iPhone
		AppStore|iPhoneSimulator = AppStore|iPhoneSimulator
		AppStore|Mixed Platforms = AppStore|Mixed Platforms
		Debug|Any CPU = Debug|Any CPU
		Debug|iPhone = Debug|iPhone
		Debug|iPhoneSimulator = Debug|iPhoneSimulator
		Debug|Mixed Platforms = Debug|Mixed Platforms
		Release|Any CPU = Release|Any CPU
		Release|iPhone = Release|iPhone
		Release|iPhoneSimulator = Release|iPhoneSimulator
		Release|Mixed Platforms = Release|Mixed Platforms
	EndGlobalSection
	GlobalSection(ProjectConfigurationPlatforms) = postSolution
		{7E9E7C1C-9235-4D46-BF4C-CA6A0C8B6E29}.Ad-Hoc|Any CPU.ActiveCfg = Release|Any CPU
		{7E9E7C1C-9235-4D46-BF4C-CA6A0C8B6E29}.Ad-Hoc|Any CPU.Build.0 = Release|Any CPU
		{7E9E7C1C-9235-4D46-BF4C-CA6A0C8B6E29}.Ad-Hoc|iPhone.ActiveCfg = Release|Any CPU
		{7E9E7C1C-9235-4D46-BF4C-CA6A0C8B6E29}.Ad-Hoc|iPhoneSimulator.ActiveCfg = Release|Any CPU
		{7E9E7C1C-9235-4D46-BF4C-CA6A0C8B6E29}.Ad-Hoc|Mixed Platforms.ActiveCfg = Release|Any CPU
		{7E9E7C1C-9235-4D46-BF4C-CA6A0C8B6E29}.Ad-Hoc|Mixed Platforms.Build.0 = Release|Any CPU
		{7E9E7C1C-9235-4D46-BF4C-CA6A0C8B6E29}.AppStore|Any CPU.ActiveCfg = Release|Any CPU
		{7E9E7C1C-9235-4D46-BF4C-CA6A0C8B6E29}.AppStore|Any CPU.Build.0 = Release|Any CPU
		{7E9E7C1C-9235-4D46-BF4C-CA6A0C8B6E29}.AppStore|iPhone.ActiveCfg = Release|Any CPU
		{7E9E7C1C-9235-4D46-BF4C-CA6A0C8B6E29}.AppStore|iPhoneSimulator.ActiveCfg = Release|Any CPU
		{7E9E7C1C-9235-4D46-BF4C-CA6A0C8B6E29}.AppStore|Mixed Platforms.ActiveCfg = Release|Any CPU
		{7E9E7C1C-9235-4D46-BF4C-CA6A0C8B6E29}.AppStore|Mixed Platforms.Build.0 = Release|Any CPU
		{7E9E7C1C-9235-4D46-BF4C-CA6A0C8B6E29}.Debug|Any CPU.ActiveCfg = Debug|Any CPU
		{7E9E7C1C-9235-4D46-BF4C-CA6A0C8B6E29}.Debug|Any CPU.Build.0 = Debug|Any CPU
		{7E9E7C1C-9235-4D46-BF4C-CA6A0C8B6E29}.Debug|iPhone.ActiveCfg = Debug|Any CPU
		{7E9E7C1C-9235-4D46-BF4C-CA6A0C8B6E29}.Debug|iPhoneSimulator.ActiveCfg = Debug|Any CPU
		{7E9E7C1C-9235-4D46-BF4C-CA6A0C8B6E29}.Debug|iPhoneSimulator.Build.0 = Debug|Any CPU
		{7E9E7C1C-9235-4D46-BF4C-CA6A0C8B6E29}.Debug|Mixed Platforms.ActiveCfg = Debug|Any CPU
		{7E9E7C1C-9235-4D46-BF4C-CA6A0C8B6E29}.Debug|Mixed Platforms.Build.0 = Debug|Any CPU
		{7E9E7C1C-9235-4D46-BF4C-CA6A0C8B6E29}.Release|Any CPU.ActiveCfg = Release|Any CPU
		{7E9E7C1C-9235-4D46-BF4C-CA6A0C8B6E29}.Release|Any CPU.Build.0 = Release|Any CPU
		{7E9E7C1C-9235-4D46-BF4C-CA6A0C8B6E29}.Release|iPhone.ActiveCfg = Release|Any CPU
		{7E9E7C1C-9235-4D46-BF4C-CA6A0C8B6E29}.Release|iPhoneSimulator.ActiveCfg = Release|Any CPU
		{7E9E7C1C-9235-4D46-BF4C-CA6A0C8B6E29}.Release|Mixed Platforms.ActiveCfg = Release|Any CPU
		{7E9E7C1C-9235-4D46-BF4C-CA6A0C8B6E29}.Release|Mixed Platforms.Build.0 = Release|Any CPU
		{2E4D0D6A-CE0C-447D-AC16-2143B62A6B25}.Ad-Hoc|Any CPU.ActiveCfg = Release|Any CPU
		{2E4D0D6A-CE0C-447D-AC16-2143B62A6B25}.Ad-Hoc|Any CPU.Build.0 = Release|Any CPU
		{2E4D0D6A-CE0C-447D-AC16-2143B62A6B25}.Ad-Hoc|iPhone.ActiveCfg = Release|Any CPU
		{2E4D0D6A-CE0C-447D-AC16-2143B62A6B25}.Ad-Hoc|iPhoneSimulator.ActiveCfg = Release|Any CPU
		{2E4D0D6A-CE0C-447D-AC16-2143B62A6B25}.Ad-Hoc|Mixed Platforms.ActiveCfg = Release|Any CPU
		{2E4D0D6A-CE0C-447D-AC16-2143B62A6B25}.Ad-Hoc|Mixed Platforms.Build.0 = Release|Any CPU
		{2E4D0D6A-CE0C-447D-AC16-2143B62A6B25}.AppStore|Any CPU.ActiveCfg = Release|Any CPU
		{2E4D0D6A-CE0C-447D-AC16-2143B62A6B25}.AppStore|Any CPU.Build.0 = Release|Any CPU
		{2E4D0D6A-CE0C-447D-AC16-2143B62A6B25}.AppStore|iPhone.ActiveCfg = Release|Any CPU
		{2E4D0D6A-CE0C-447D-AC16-2143B62A6B25}.AppStore|iPhoneSimulator.ActiveCfg = Release|Any CPU
		{2E4D0D6A-CE0C-447D-AC16-2143B62A6B25}.AppStore|Mixed Platforms.ActiveCfg = Release|Any CPU
		{2E4D0D6A-CE0C-447D-AC16-2143B62A6B25}.AppStore|Mixed Platforms.Build.0 = Release|Any CPU
		{2E4D0D6A-CE0C-447D-AC16-2143B62A6B25}.Debug|Any CPU.ActiveCfg = Debug|Any CPU
		{2E4D0D6A-CE0C-447D-AC16-2143B62A6B25}.Debug|Any CPU.Build.0 = Debug|Any CPU
		{2E4D0D6A-CE0C-447D-AC16-2143B62A6B25}.Debug|iPhone.ActiveCfg = Debug|Any CPU
		{2E4D0D6A-CE0C-447D-AC16-2143B62A6B25}.Debug|iPhoneSimulator.ActiveCfg = Debug|Any CPU
		{2E4D0D6A-CE0C-447D-AC16-2143B62A6B25}.Debug|iPhoneSimulator.Build.0 = Debug|Any CPU
		{2E4D0D6A-CE0C-447D-AC16-2143B62A6B25}.Debug|Mixed Platforms.ActiveCfg = Debug|Any CPU
		{2E4D0D6A-CE0C-447D-AC16-2143B62A6B25}.Debug|Mixed Platforms.Build.0 = Debug|Any CPU
		{2E4D0D6A-CE0C-447D-AC16-2143B62A6B25}.Release|Any CPU.ActiveCfg = Release|Any CPU
		{2E4D0D6A-CE0C-447D-AC16-2143B62A6B25}.Release|Any CPU.Build.0 = Release|Any CPU
		{2E4D0D6A-CE0C-447D-AC16-2143B62A6B25}.Release|iPhone.ActiveCfg = Release|Any CPU
		{2E4D0D6A-CE0C-447D-AC16-2143B62A6B25}.Release|iPhoneSimulator.ActiveCfg = Release|Any CPU
		{2E4D0D6A-CE0C-447D-AC16-2143B62A6B25}.Release|Mixed Platforms.ActiveCfg = Release|Any CPU
		{2E4D0D6A-CE0C-447D-AC16-2143B62A6B25}.Release|Mixed Platforms.Build.0 = Release|Any CPU
		{B1019C4B-E37A-4B75-9AFC-980820320B6B}.Ad-Hoc|Any CPU.ActiveCfg = Release|Any CPU
		{B1019C4B-E37A-4B75-9AFC-980820320B6B}.Ad-Hoc|Any CPU.Build.0 = Release|Any CPU
		{B1019C4B-E37A-4B75-9AFC-980820320B6B}.Ad-Hoc|iPhone.ActiveCfg = Release|Any CPU
		{B1019C4B-E37A-4B75-9AFC-980820320B6B}.Ad-Hoc|iPhoneSimulator.ActiveCfg = Release|Any CPU
		{B1019C4B-E37A-4B75-9AFC-980820320B6B}.Ad-Hoc|Mixed Platforms.ActiveCfg = Release|Any CPU
		{B1019C4B-E37A-4B75-9AFC-980820320B6B}.Ad-Hoc|Mixed Platforms.Build.0 = Release|Any CPU
		{B1019C4B-E37A-4B75-9AFC-980820320B6B}.AppStore|Any CPU.ActiveCfg = Release|Any CPU
		{B1019C4B-E37A-4B75-9AFC-980820320B6B}.AppStore|Any CPU.Build.0 = Release|Any CPU
		{B1019C4B-E37A-4B75-9AFC-980820320B6B}.AppStore|iPhone.ActiveCfg = Release|Any CPU
		{B1019C4B-E37A-4B75-9AFC-980820320B6B}.AppStore|iPhoneSimulator.ActiveCfg = Release|Any CPU
		{B1019C4B-E37A-4B75-9AFC-980820320B6B}.AppStore|Mixed Platforms.ActiveCfg = Release|Any CPU
		{B1019C4B-E37A-4B75-9AFC-980820320B6B}.AppStore|Mixed Platforms.Build.0 = Release|Any CPU
		{B1019C4B-E37A-4B75-9AFC-980820320B6B}.Debug|Any CPU.ActiveCfg = Debug|Any CPU
		{B1019C4B-E37A-4B75-9AFC-980820320B6B}.Debug|Any CPU.Build.0 = Debug|Any CPU
		{B1019C4B-E37A-4B75-9AFC-980820320B6B}.Debug|iPhone.ActiveCfg = Debug|Any CPU
		{B1019C4B-E37A-4B75-9AFC-980820320B6B}.Debug|iPhoneSimulator.ActiveCfg = Debug|Any CPU
		{B1019C4B-E37A-4B75-9AFC-980820320B6B}.Debug|iPhoneSimulator.Build.0 = Debug|Any CPU
		{B1019C4B-E37A-4B75-9AFC-980820320B6B}.Debug|Mixed Platforms.ActiveCfg = Debug|Any CPU
		{B1019C4B-E37A-4B75-9AFC-980820320B6B}.Debug|Mixed Platforms.Build.0 = Debug|Any CPU
		{B1019C4B-E37A-4B75-9AFC-980820320B6B}.Release|Any CPU.ActiveCfg = Release|Any CPU
		{B1019C4B-E37A-4B75-9AFC-980820320B6B}.Release|Any CPU.Build.0 = Release|Any CPU
		{B1019C4B-E37A-4B75-9AFC-980820320B6B}.Release|iPhone.ActiveCfg = Release|Any CPU
		{B1019C4B-E37A-4B75-9AFC-980820320B6B}.Release|iPhoneSimulator.ActiveCfg = Release|Any CPU
		{B1019C4B-E37A-4B75-9AFC-980820320B6B}.Release|Mixed Platforms.ActiveCfg = Release|Any CPU
		{B1019C4B-E37A-4B75-9AFC-980820320B6B}.Release|Mixed Platforms.Build.0 = Release|Any CPU
		{880248EE-2496-4516-837C-C6724AFA46B3}.Ad-Hoc|Any CPU.ActiveCfg = Release|Any CPU
		{880248EE-2496-4516-837C-C6724AFA46B3}.Ad-Hoc|Any CPU.Build.0 = Release|Any CPU
		{880248EE-2496-4516-837C-C6724AFA46B3}.Ad-Hoc|iPhone.ActiveCfg = Release|Any CPU
		{880248EE-2496-4516-837C-C6724AFA46B3}.Ad-Hoc|iPhoneSimulator.ActiveCfg = Release|Any CPU
		{880248EE-2496-4516-837C-C6724AFA46B3}.Ad-Hoc|Mixed Platforms.ActiveCfg = Release|Any CPU
		{880248EE-2496-4516-837C-C6724AFA46B3}.Ad-Hoc|Mixed Platforms.Build.0 = Release|Any CPU
		{880248EE-2496-4516-837C-C6724AFA46B3}.AppStore|Any CPU.ActiveCfg = Release|Any CPU
		{880248EE-2496-4516-837C-C6724AFA46B3}.AppStore|Any CPU.Build.0 = Release|Any CPU
		{880248EE-2496-4516-837C-C6724AFA46B3}.AppStore|iPhone.ActiveCfg = Release|Any CPU
		{880248EE-2496-4516-837C-C6724AFA46B3}.AppStore|iPhoneSimulator.ActiveCfg = Release|Any CPU
		{880248EE-2496-4516-837C-C6724AFA46B3}.AppStore|Mixed Platforms.ActiveCfg = Release|Any CPU
		{880248EE-2496-4516-837C-C6724AFA46B3}.AppStore|Mixed Platforms.Build.0 = Release|Any CPU
		{880248EE-2496-4516-837C-C6724AFA46B3}.Debug|Any CPU.ActiveCfg = Debug|Any CPU
		{880248EE-2496-4516-837C-C6724AFA46B3}.Debug|Any CPU.Build.0 = Debug|Any CPU
		{880248EE-2496-4516-837C-C6724AFA46B3}.Debug|iPhone.ActiveCfg = Debug|Any CPU
		{880248EE-2496-4516-837C-C6724AFA46B3}.Debug|iPhoneSimulator.ActiveCfg = Debug|Any CPU
		{880248EE-2496-4516-837C-C6724AFA46B3}.Debug|iPhoneSimulator.Build.0 = Debug|Any CPU
		{880248EE-2496-4516-837C-C6724AFA46B3}.Debug|Mixed Platforms.ActiveCfg = Debug|Any CPU
		{880248EE-2496-4516-837C-C6724AFA46B3}.Debug|Mixed Platforms.Build.0 = Debug|Any CPU
		{880248EE-2496-4516-837C-C6724AFA46B3}.Release|Any CPU.ActiveCfg = Release|Any CPU
		{880248EE-2496-4516-837C-C6724AFA46B3}.Release|Any CPU.Build.0 = Release|Any CPU
		{880248EE-2496-4516-837C-C6724AFA46B3}.Release|iPhone.ActiveCfg = Release|Any CPU
		{880248EE-2496-4516-837C-C6724AFA46B3}.Release|iPhoneSimulator.ActiveCfg = Release|Any CPU
		{880248EE-2496-4516-837C-C6724AFA46B3}.Release|Mixed Platforms.ActiveCfg = Release|Any CPU
		{880248EE-2496-4516-837C-C6724AFA46B3}.Release|Mixed Platforms.Build.0 = Release|Any CPU
		{CAD5F2F4-842A-4D67-A862-7668C442E8ED}.Ad-Hoc|Any CPU.ActiveCfg = Ad-Hoc|iPhone
		{CAD5F2F4-842A-4D67-A862-7668C442E8ED}.Ad-Hoc|iPhone.ActiveCfg = Ad-Hoc|iPhone
		{CAD5F2F4-842A-4D67-A862-7668C442E8ED}.Ad-Hoc|iPhone.Build.0 = Ad-Hoc|iPhone
		{CAD5F2F4-842A-4D67-A862-7668C442E8ED}.Ad-Hoc|iPhoneSimulator.ActiveCfg = Ad-Hoc|iPhoneSimulator
		{CAD5F2F4-842A-4D67-A862-7668C442E8ED}.Ad-Hoc|iPhoneSimulator.Build.0 = Ad-Hoc|iPhoneSimulator
		{CAD5F2F4-842A-4D67-A862-7668C442E8ED}.Ad-Hoc|Mixed Platforms.ActiveCfg = Ad-Hoc|iPhone
		{CAD5F2F4-842A-4D67-A862-7668C442E8ED}.Ad-Hoc|Mixed Platforms.Build.0 = Ad-Hoc|iPhone
		{CAD5F2F4-842A-4D67-A862-7668C442E8ED}.AppStore|Any CPU.ActiveCfg = AppStore|iPhone
		{CAD5F2F4-842A-4D67-A862-7668C442E8ED}.AppStore|iPhone.ActiveCfg = AppStore|iPhone
		{CAD5F2F4-842A-4D67-A862-7668C442E8ED}.AppStore|iPhone.Build.0 = AppStore|iPhone
		{CAD5F2F4-842A-4D67-A862-7668C442E8ED}.AppStore|iPhoneSimulator.ActiveCfg = AppStore|iPhoneSimulator
		{CAD5F2F4-842A-4D67-A862-7668C442E8ED}.AppStore|iPhoneSimulator.Build.0 = AppStore|iPhoneSimulator
		{CAD5F2F4-842A-4D67-A862-7668C442E8ED}.AppStore|Mixed Platforms.ActiveCfg = AppStore|iPhone
		{CAD5F2F4-842A-4D67-A862-7668C442E8ED}.AppStore|Mixed Platforms.Build.0 = AppStore|iPhone
		{CAD5F2F4-842A-4D67-A862-7668C442E8ED}.Debug|Any CPU.ActiveCfg = Debug|iPhone
		{CAD5F2F4-842A-4D67-A862-7668C442E8ED}.Debug|iPhone.ActiveCfg = Debug|iPhone
		{CAD5F2F4-842A-4D67-A862-7668C442E8ED}.Debug|iPhone.Build.0 = Debug|iPhone
		{CAD5F2F4-842A-4D67-A862-7668C442E8ED}.Debug|iPhoneSimulator.ActiveCfg = Debug|iPhoneSimulator
		{CAD5F2F4-842A-4D67-A862-7668C442E8ED}.Debug|iPhoneSimulator.Build.0 = Debug|iPhoneSimulator
		{CAD5F2F4-842A-4D67-A862-7668C442E8ED}.Debug|Mixed Platforms.ActiveCfg = Debug|iPhone
		{CAD5F2F4-842A-4D67-A862-7668C442E8ED}.Debug|Mixed Platforms.Build.0 = Debug|iPhone
		{CAD5F2F4-842A-4D67-A862-7668C442E8ED}.Release|Any CPU.ActiveCfg = Release|iPhone
		{CAD5F2F4-842A-4D67-A862-7668C442E8ED}.Release|iPhone.ActiveCfg = Release|iPhone
		{CAD5F2F4-842A-4D67-A862-7668C442E8ED}.Release|iPhone.Build.0 = Release|iPhone
		{CAD5F2F4-842A-4D67-A862-7668C442E8ED}.Release|iPhoneSimulator.ActiveCfg = Release|iPhoneSimulator
		{CAD5F2F4-842A-4D67-A862-7668C442E8ED}.Release|iPhoneSimulator.Build.0 = Release|iPhoneSimulator
		{CAD5F2F4-842A-4D67-A862-7668C442E8ED}.Release|Mixed Platforms.ActiveCfg = Release|iPhone
		{CAD5F2F4-842A-4D67-A862-7668C442E8ED}.Release|Mixed Platforms.Build.0 = Release|iPhone
		{06FE0C81-97BD-46BA-84CA-E7E2E1284AAD}.Ad-Hoc|Any CPU.ActiveCfg = Release|Any CPU
		{06FE0C81-97BD-46BA-84CA-E7E2E1284AAD}.Ad-Hoc|Any CPU.Build.0 = Release|Any CPU
		{06FE0C81-97BD-46BA-84CA-E7E2E1284AAD}.Ad-Hoc|Any CPU.Deploy.0 = Release|Any CPU
		{06FE0C81-97BD-46BA-84CA-E7E2E1284AAD}.Ad-Hoc|iPhone.ActiveCfg = Release|Any CPU
		{06FE0C81-97BD-46BA-84CA-E7E2E1284AAD}.Ad-Hoc|iPhoneSimulator.ActiveCfg = Release|Any CPU
		{06FE0C81-97BD-46BA-84CA-E7E2E1284AAD}.Ad-Hoc|Mixed Platforms.ActiveCfg = Release|Any CPU
		{06FE0C81-97BD-46BA-84CA-E7E2E1284AAD}.Ad-Hoc|Mixed Platforms.Build.0 = Release|Any CPU
		{06FE0C81-97BD-46BA-84CA-E7E2E1284AAD}.Ad-Hoc|Mixed Platforms.Deploy.0 = Release|Any CPU
		{06FE0C81-97BD-46BA-84CA-E7E2E1284AAD}.AppStore|Any CPU.ActiveCfg = Release|Any CPU
		{06FE0C81-97BD-46BA-84CA-E7E2E1284AAD}.AppStore|Any CPU.Build.0 = Release|Any CPU
		{06FE0C81-97BD-46BA-84CA-E7E2E1284AAD}.AppStore|Any CPU.Deploy.0 = Release|Any CPU
		{06FE0C81-97BD-46BA-84CA-E7E2E1284AAD}.AppStore|iPhone.ActiveCfg = Release|Any CPU
		{06FE0C81-97BD-46BA-84CA-E7E2E1284AAD}.AppStore|iPhoneSimulator.ActiveCfg = Release|Any CPU
		{06FE0C81-97BD-46BA-84CA-E7E2E1284AAD}.AppStore|Mixed Platforms.ActiveCfg = Release|Any CPU
		{06FE0C81-97BD-46BA-84CA-E7E2E1284AAD}.AppStore|Mixed Platforms.Build.0 = Release|Any CPU
		{06FE0C81-97BD-46BA-84CA-E7E2E1284AAD}.AppStore|Mixed Platforms.Deploy.0 = Release|Any CPU
		{06FE0C81-97BD-46BA-84CA-E7E2E1284AAD}.Debug|Any CPU.ActiveCfg = Debug|Any CPU
		{06FE0C81-97BD-46BA-84CA-E7E2E1284AAD}.Debug|Any CPU.Build.0 = Debug|Any CPU
		{06FE0C81-97BD-46BA-84CA-E7E2E1284AAD}.Debug|Any CPU.Deploy.0 = Debug|Any CPU
		{06FE0C81-97BD-46BA-84CA-E7E2E1284AAD}.Debug|iPhone.ActiveCfg = Debug|Any CPU
		{06FE0C81-97BD-46BA-84CA-E7E2E1284AAD}.Debug|iPhoneSimulator.ActiveCfg = Debug|Any CPU
		{06FE0C81-97BD-46BA-84CA-E7E2E1284AAD}.Debug|iPhoneSimulator.Build.0 = Debug|Any CPU
		{06FE0C81-97BD-46BA-84CA-E7E2E1284AAD}.Debug|Mixed Platforms.ActiveCfg = Debug|Any CPU
		{06FE0C81-97BD-46BA-84CA-E7E2E1284AAD}.Debug|Mixed Platforms.Build.0 = Debug|Any CPU
		{06FE0C81-97BD-46BA-84CA-E7E2E1284AAD}.Debug|Mixed Platforms.Deploy.0 = Debug|Any CPU
		{06FE0C81-97BD-46BA-84CA-E7E2E1284AAD}.Release|Any CPU.ActiveCfg = Release|Any CPU
		{06FE0C81-97BD-46BA-84CA-E7E2E1284AAD}.Release|Any CPU.Build.0 = Release|Any CPU
		{06FE0C81-97BD-46BA-84CA-E7E2E1284AAD}.Release|Any CPU.Deploy.0 = Release|Any CPU
		{06FE0C81-97BD-46BA-84CA-E7E2E1284AAD}.Release|iPhone.ActiveCfg = Release|Any CPU
		{06FE0C81-97BD-46BA-84CA-E7E2E1284AAD}.Release|iPhoneSimulator.ActiveCfg = Release|Any CPU
		{06FE0C81-97BD-46BA-84CA-E7E2E1284AAD}.Release|Mixed Platforms.ActiveCfg = Release|Any CPU
		{06FE0C81-97BD-46BA-84CA-E7E2E1284AAD}.Release|Mixed Platforms.Build.0 = Release|Any CPU
		{06FE0C81-97BD-46BA-84CA-E7E2E1284AAD}.Release|Mixed Platforms.Deploy.0 = Release|Any CPU
	EndGlobalSection
	GlobalSection(SolutionProperties) = preSolution
		HideSolutionNode = FALSE
	EndGlobalSection
	GlobalSection(NestedProjects) = preSolution
		{7E9E7C1C-9235-4D46-BF4C-CA6A0C8B6E29} = {95E24DC3-BFE7-4F15-9F1E-86DEB394F3E2}
		{2E4D0D6A-CE0C-447D-AC16-2143B62A6B25} = {95E24DC3-BFE7-4F15-9F1E-86DEB394F3E2}
		{B1019C4B-E37A-4B75-9AFC-980820320B6B} = {95E24DC3-BFE7-4F15-9F1E-86DEB394F3E2}
		{880248EE-2496-4516-837C-C6724AFA46B3} = {95E24DC3-BFE7-4F15-9F1E-86DEB394F3E2}
		{CAD5F2F4-842A-4D67-A862-7668C442E8ED} = {900F6DB8-A11C-4945-A75A-FAEB853F4930}
		{06FE0C81-97BD-46BA-84CA-E7E2E1284AAD} = {900F6DB8-A11C-4945-A75A-FAEB853F4930}
		{190B3C22-2763-4316-A93A-631995EB07AD} = {900F6DB8-A11C-4945-A75A-FAEB853F4930}
	EndGlobalSection
EndGlobal
