
Microsoft Visual Studio Solution File, Format Version 12.00
# Visual Studio 14
VisualStudioVersion = 14.0.23107.0
MinimumVisualStudioVersion = 10.0.40219.1
Project("{D954291E-2A0B-460D-934E-DC6B0785DB48}") = "Acr.Settings.Shared", "Acr.Settings.Shared\Acr.Settings.Shared.shproj", "{62F5D64A-791E-460B-AFC4-AF26673EA4CE}"
EndProject
Project("{2150E333-8FDC-42A3-9474-1A3956D46DE8}") = "Platforms", "Platforms", "{95E24DC3-BFE7-4F15-9F1E-86DEB394F3E2}"
EndProject
Project("{FAE04EC0-301F-11D3-BF4B-00C04F79EFBC}") = "Acr.Settings", "Acr.Settings\Acr.Settings.csproj", "{7E9E7C1C-9235-4D46-BF4C-CA6A0C8B6E29}"
EndProject
Project("{FAE04EC0-301F-11D3-BF4B-00C04F79EFBC}") = "Acr.Settings.iOS", "Acr.Settings.iOS\Acr.Settings.iOS.csproj", "{2E4D0D6A-CE0C-447D-AC16-2143B62A6B25}"
EndProject
Project("{FAE04EC0-301F-11D3-BF4B-00C04F79EFBC}") = "Acr.Settings.Android", "Acr.Settings.Android\Acr.Settings.Android.csproj", "{B1019C4B-E37A-4B75-9AFC-980820320B6B}"
EndProject
Project("{FAE04EC0-301F-11D3-BF4B-00C04F79EFBC}") = "Acr.Settings.Windows", "Acr.Settings.Windows\Acr.Settings.Windows.csproj", "{880248EE-2496-4516-837C-C6724AFA46B3}"
EndProject
Project("{2150E333-8FDC-42A3-9474-1A3956D46DE8}") = "Solution Items", "Solution Items", "{AB0D1345-2F41-41ED-9D4E-78BDD9860AFF}"
	ProjectSection(SolutionItems) = preProject
		..\nuspec\Acr.MvvmCross.Plugins.Settings.nuspec = ..\nuspec\Acr.MvvmCross.Plugins.Settings.nuspec
		..\nuspec\Acr.Settings.nuspec = ..\nuspec\Acr.Settings.nuspec
		..\nuspec\pack.cmd = ..\nuspec\pack.cmd
		..\nuspec\push.cmd = ..\nuspec\push.cmd
		..\readme.md = ..\readme.md
	EndProjectSection
EndProject
Project("{2150E333-8FDC-42A3-9474-1A3956D46DE8}") = "Tests", "Tests", "{900F6DB8-A11C-4945-A75A-FAEB853F4930}"
EndProject
Project("{FAE04EC0-301F-11D3-BF4B-00C04F79EFBC}") = "Acr.Settings.iOS.Tests", "..\tests\Acr.Settings.iOS.Tests\Acr.Settings.iOS.Tests.csproj", "{CAD5F2F4-842A-4D67-A862-7668C442E8ED}"
EndProject
Project("{FAE04EC0-301F-11D3-BF4B-00C04F79EFBC}") = "Acr.Settings.Android.Tests", "..\tests\Acr.Settings.Android.Tests\Acr.Settings.Android.Tests.csproj", "{06FE0C81-97BD-46BA-84CA-E7E2E1284AAD}"
EndProject
Project("{D954291E-2A0B-460D-934E-DC6B0785DB48}") = "Acr.Settings.Tests", "..\tests\Acr.Settings.Tests\Acr.Settings.Tests.shproj", "{190B3C22-2763-4316-A93A-631995EB07AD}"
EndProject
Project("{2150E333-8FDC-42A3-9474-1A3956D46DE8}") = "MvvmCross", "MvvmCross", "{EB70247B-61F3-4DB5-AD7A-7A37E8FF4FC7}"
EndProject
Project("{FAE04EC0-301F-11D3-BF4B-00C04F79EFBC}") = "Acr.MvvmCross.Plugins.Settings", "Acr.MvvmCross.Plugins.Settings\Acr.MvvmCross.Plugins.Settings.csproj", "{90AB40EB-C012-482C-8C61-FCF2BA56FB60}"
EndProject
Project("{FAE04EC0-301F-11D3-BF4B-00C04F79EFBC}") = "Acr.MvvmCross.Plugins.Settings.Droid", "Acr.MvvmCross.Plugins.Settings.Droid\Acr.MvvmCross.Plugins.Settings.Droid.csproj", "{7A000A7C-9C30-46F3-9994-003D4F70BA0F}"
EndProject
Project("{FAE04EC0-301F-11D3-BF4B-00C04F79EFBC}") = "Acr.MvvmCross.Plugins.Settings.Touch", "Acr.MvvmCross.Plugins.Settings.Touch\Acr.MvvmCross.Plugins.Settings.Touch.csproj", "{0F210FAE-78BB-4D1A-BCC8-ECDABB99ECC0}"
EndProject
Project("{FAE04EC0-301F-11D3-BF4B-00C04F79EFBC}") = "Acr.MvvmCross.Plugins.Settings.WindowsStore", "Acr.MvvmCross.Plugins.Settings.WindowsStore\Acr.MvvmCross.Plugins.Settings.WindowsStore.csproj", "{58E8F798-547A-47B2-B6A0-48F751D36517}"
EndProject
Project("{FAE04EC0-301F-11D3-BF4B-00C04F79EFBC}") = "Acr.MvvmCross.Plugins.Settings.WinPhone", "Acr.MvvmCross.Plugins.Settings.WinPhone\Acr.MvvmCross.Plugins.Settings.WinPhone.csproj", "{248FFFFA-1E77-4E93-A1ED-236C5501C32A}"
EndProject
Project("{FAE04EC0-301F-11D3-BF4B-00C04F79EFBC}") = "Acr.Settings.Interface", "Acr.Settings.Interface\Acr.Settings.Interface.csproj", "{EBDADCEB-D1B4-4FE4-9873-04CD80EDAD45}"
EndProject
Project("{FAE04EC0-301F-11D3-BF4B-00C04F79EFBC}") = "Acr.Settings.WindowsPhone", "Acr.Settings.WindowsPhone\Acr.Settings.WindowsPhone.csproj", "{6F2E30E7-E694-4782-BCB8-E67C360C9358}"
EndProject
Project("{FAE04EC0-301F-11D3-BF4B-00C04F79EFBC}") = "Acr.Settings.NetCore", "Acr.Settings.NetCore\Acr.Settings.NetCore.csproj", "{1DF7E24F-CD43-4394-AA3C-BA0F755EF92F}"
EndProject
Project("{FAE04EC0-301F-11D3-BF4B-00C04F79EFBC}") = "Acr.Settings.NetCore.Tests", "..\tests\Acr.Settings.NetCore.Tests\Acr.Settings.NetCore.Tests.csproj", "{5B1996AA-B41D-475C-933E-70E0CF816598}"
EndProject
Project("{FAE04EC0-301F-11D3-BF4B-00C04F79EFBC}") = "Acr.Settings.Azure", "Acr.Settings.Azure\Acr.Settings.Azure.csproj", "{8415DFD1-2B81-44D2-8779-FDD4346BE271}"
EndProject
Project("{FAE04EC0-301F-11D3-BF4B-00C04F79EFBC}") = "Acr.Settings.Uap", "Acr.Settings.Uap\Acr.Settings.Uap.csproj", "{493754B8-C77C-41A3-97AA-6BB895E408FE}"
EndProject
Project("{FAE04EC0-301F-11D3-BF4B-00C04F79EFBC}") = "Acr.Settings.Uap.Tests", "Acr.Settings.Uap.Tests\Acr.Settings.Uap.Tests.csproj", "{0E2D6677-AD1A-44E9-88DC-F94C2ED55CB1}"
EndProject
Global
	GlobalSection(SharedMSBuildProjectFiles) = preSolution
		..\tests\Acr.Settings.Tests\Acr.Settings.Tests.projitems*{5b1996aa-b41d-475c-933e-70e0cf816598}*SharedItemsImports = 4
		Acr.Settings.Shared\Acr.Settings.Shared.projitems*{62f5d64a-791e-460b-afc4-af26673ea4ce}*SharedItemsImports = 13
		Acr.Settings.Shared\Acr.Settings.Shared.projitems*{2e4d0d6a-ce0c-447d-ac16-2143b62a6b25}*SharedItemsImports = 4
		Acr.Settings.Shared\Acr.Settings.Shared.projitems*{b1019c4b-e37a-4b75-9afc-980820320b6b}*SharedItemsImports = 4
		Acr.Settings.Shared\Acr.Settings.Shared.projitems*{493754b8-c77c-41a3-97aa-6bb895e408fe}*SharedItemsImports = 4
		Acr.Settings.Shared\Acr.Settings.Shared.projitems*{7e9e7c1c-9235-4d46-bf4c-ca6a0c8b6e29}*SharedItemsImports = 4
		..\tests\Acr.Settings.Tests\Acr.Settings.Tests.projitems*{cad5f2f4-842a-4d67-a862-7668c442e8ed}*SharedItemsImports = 4
		Acr.Settings.Shared\Acr.Settings.Shared.projitems*{8415dfd1-2b81-44d2-8779-fdd4346be271}*SharedItemsImports = 4
		..\tests\Acr.Settings.Tests\Acr.Settings.Tests.projitems*{190b3c22-2763-4316-a93a-631995eb07ad}*SharedItemsImports = 13
		Acr.Settings.Shared\Acr.Settings.Shared.projitems*{880248ee-2496-4516-837c-c6724afa46b3}*SharedItemsImports = 4
		Acr.Settings.Shared\Acr.Settings.Shared.projitems*{1df7e24f-cd43-4394-aa3c-ba0f755ef92f}*SharedItemsImports = 4
		Acr.Settings.Shared\Acr.Settings.Shared.projitems*{6f2e30e7-e694-4782-bcb8-e67c360c9358}*SharedItemsImports = 4
		..\tests\Acr.Settings.Tests\Acr.Settings.Tests.projitems*{06fe0c81-97bd-46ba-84ca-e7e2e1284aad}*SharedItemsImports = 4
	EndGlobalSection
	GlobalSection(SolutionConfigurationPlatforms) = preSolution
		Ad-Hoc|Any CPU = Ad-Hoc|Any CPU
		Ad-Hoc|ARM = Ad-Hoc|ARM
		Ad-Hoc|iPhone = Ad-Hoc|iPhone
		Ad-Hoc|iPhoneSimulator = Ad-Hoc|iPhoneSimulator
		Ad-Hoc|Mixed Platforms = Ad-Hoc|Mixed Platforms
		Ad-Hoc|x64 = Ad-Hoc|x64
		Ad-Hoc|x86 = Ad-Hoc|x86
		AppStore|Any CPU = AppStore|Any CPU
		AppStore|ARM = AppStore|ARM
		AppStore|iPhone = AppStore|iPhone
		AppStore|iPhoneSimulator = AppStore|iPhoneSimulator
		AppStore|Mixed Platforms = AppStore|Mixed Platforms
		AppStore|x64 = AppStore|x64
		AppStore|x86 = AppStore|x86
		Debug|Any CPU = Debug|Any CPU
		Debug|ARM = Debug|ARM
		Debug|iPhone = Debug|iPhone
		Debug|iPhoneSimulator = Debug|iPhoneSimulator
		Debug|Mixed Platforms = Debug|Mixed Platforms
		Debug|x64 = Debug|x64
		Debug|x86 = Debug|x86
		Release|Any CPU = Release|Any CPU
		Release|ARM = Release|ARM
		Release|iPhone = Release|iPhone
		Release|iPhoneSimulator = Release|iPhoneSimulator
		Release|Mixed Platforms = Release|Mixed Platforms
		Release|x64 = Release|x64
		Release|x86 = Release|x86
	EndGlobalSection
	GlobalSection(ProjectConfigurationPlatforms) = postSolution
		{7E9E7C1C-9235-4D46-BF4C-CA6A0C8B6E29}.Ad-Hoc|Any CPU.ActiveCfg = Release|Any CPU
		{7E9E7C1C-9235-4D46-BF4C-CA6A0C8B6E29}.Ad-Hoc|Any CPU.Build.0 = Release|Any CPU
		{7E9E7C1C-9235-4D46-BF4C-CA6A0C8B6E29}.Ad-Hoc|ARM.ActiveCfg = Debug|Any CPU
		{7E9E7C1C-9235-4D46-BF4C-CA6A0C8B6E29}.Ad-Hoc|iPhone.ActiveCfg = Release|Any CPU
		{7E9E7C1C-9235-4D46-BF4C-CA6A0C8B6E29}.Ad-Hoc|iPhoneSimulator.ActiveCfg = Release|Any CPU
		{7E9E7C1C-9235-4D46-BF4C-CA6A0C8B6E29}.Ad-Hoc|Mixed Platforms.ActiveCfg = Release|Any CPU
		{7E9E7C1C-9235-4D46-BF4C-CA6A0C8B6E29}.Ad-Hoc|Mixed Platforms.Build.0 = Release|Any CPU
		{7E9E7C1C-9235-4D46-BF4C-CA6A0C8B6E29}.Ad-Hoc|x64.ActiveCfg = Debug|Any CPU
		{7E9E7C1C-9235-4D46-BF4C-CA6A0C8B6E29}.Ad-Hoc|x86.ActiveCfg = Debug|Any CPU
		{7E9E7C1C-9235-4D46-BF4C-CA6A0C8B6E29}.AppStore|Any CPU.ActiveCfg = Release|Any CPU
		{7E9E7C1C-9235-4D46-BF4C-CA6A0C8B6E29}.AppStore|Any CPU.Build.0 = Release|Any CPU
		{7E9E7C1C-9235-4D46-BF4C-CA6A0C8B6E29}.AppStore|ARM.ActiveCfg = Debug|Any CPU
		{7E9E7C1C-9235-4D46-BF4C-CA6A0C8B6E29}.AppStore|iPhone.ActiveCfg = Release|Any CPU
		{7E9E7C1C-9235-4D46-BF4C-CA6A0C8B6E29}.AppStore|iPhoneSimulator.ActiveCfg = Release|Any CPU
		{7E9E7C1C-9235-4D46-BF4C-CA6A0C8B6E29}.AppStore|Mixed Platforms.ActiveCfg = Release|Any CPU
		{7E9E7C1C-9235-4D46-BF4C-CA6A0C8B6E29}.AppStore|Mixed Platforms.Build.0 = Release|Any CPU
		{7E9E7C1C-9235-4D46-BF4C-CA6A0C8B6E29}.AppStore|x64.ActiveCfg = Debug|Any CPU
		{7E9E7C1C-9235-4D46-BF4C-CA6A0C8B6E29}.AppStore|x86.ActiveCfg = Debug|Any CPU
		{7E9E7C1C-9235-4D46-BF4C-CA6A0C8B6E29}.Debug|Any CPU.ActiveCfg = Debug|Any CPU
		{7E9E7C1C-9235-4D46-BF4C-CA6A0C8B6E29}.Debug|Any CPU.Build.0 = Debug|Any CPU
		{7E9E7C1C-9235-4D46-BF4C-CA6A0C8B6E29}.Debug|ARM.ActiveCfg = Debug|Any CPU
		{7E9E7C1C-9235-4D46-BF4C-CA6A0C8B6E29}.Debug|iPhone.ActiveCfg = Debug|Any CPU
		{7E9E7C1C-9235-4D46-BF4C-CA6A0C8B6E29}.Debug|iPhoneSimulator.ActiveCfg = Debug|Any CPU
		{7E9E7C1C-9235-4D46-BF4C-CA6A0C8B6E29}.Debug|iPhoneSimulator.Build.0 = Debug|Any CPU
		{7E9E7C1C-9235-4D46-BF4C-CA6A0C8B6E29}.Debug|Mixed Platforms.ActiveCfg = Debug|Any CPU
		{7E9E7C1C-9235-4D46-BF4C-CA6A0C8B6E29}.Debug|Mixed Platforms.Build.0 = Debug|Any CPU
		{7E9E7C1C-9235-4D46-BF4C-CA6A0C8B6E29}.Debug|x64.ActiveCfg = Debug|Any CPU
		{7E9E7C1C-9235-4D46-BF4C-CA6A0C8B6E29}.Debug|x86.ActiveCfg = Debug|Any CPU
		{7E9E7C1C-9235-4D46-BF4C-CA6A0C8B6E29}.Release|Any CPU.ActiveCfg = Release|Any CPU
		{7E9E7C1C-9235-4D46-BF4C-CA6A0C8B6E29}.Release|Any CPU.Build.0 = Release|Any CPU
		{7E9E7C1C-9235-4D46-BF4C-CA6A0C8B6E29}.Release|ARM.ActiveCfg = Release|Any CPU
		{7E9E7C1C-9235-4D46-BF4C-CA6A0C8B6E29}.Release|iPhone.ActiveCfg = Release|Any CPU
		{7E9E7C1C-9235-4D46-BF4C-CA6A0C8B6E29}.Release|iPhoneSimulator.ActiveCfg = Release|Any CPU
		{7E9E7C1C-9235-4D46-BF4C-CA6A0C8B6E29}.Release|Mixed Platforms.ActiveCfg = Release|Any CPU
		{7E9E7C1C-9235-4D46-BF4C-CA6A0C8B6E29}.Release|Mixed Platforms.Build.0 = Release|Any CPU
		{7E9E7C1C-9235-4D46-BF4C-CA6A0C8B6E29}.Release|x64.ActiveCfg = Release|Any CPU
		{7E9E7C1C-9235-4D46-BF4C-CA6A0C8B6E29}.Release|x86.ActiveCfg = Release|Any CPU
		{2E4D0D6A-CE0C-447D-AC16-2143B62A6B25}.Ad-Hoc|Any CPU.ActiveCfg = Release|Any CPU
		{2E4D0D6A-CE0C-447D-AC16-2143B62A6B25}.Ad-Hoc|Any CPU.Build.0 = Release|Any CPU
		{2E4D0D6A-CE0C-447D-AC16-2143B62A6B25}.Ad-Hoc|ARM.ActiveCfg = Debug|Any CPU
		{2E4D0D6A-CE0C-447D-AC16-2143B62A6B25}.Ad-Hoc|iPhone.ActiveCfg = Release|Any CPU
		{2E4D0D6A-CE0C-447D-AC16-2143B62A6B25}.Ad-Hoc|iPhoneSimulator.ActiveCfg = Release|Any CPU
		{2E4D0D6A-CE0C-447D-AC16-2143B62A6B25}.Ad-Hoc|Mixed Platforms.ActiveCfg = Release|Any CPU
		{2E4D0D6A-CE0C-447D-AC16-2143B62A6B25}.Ad-Hoc|Mixed Platforms.Build.0 = Release|Any CPU
		{2E4D0D6A-CE0C-447D-AC16-2143B62A6B25}.Ad-Hoc|x64.ActiveCfg = Debug|Any CPU
		{2E4D0D6A-CE0C-447D-AC16-2143B62A6B25}.Ad-Hoc|x86.ActiveCfg = Debug|Any CPU
		{2E4D0D6A-CE0C-447D-AC16-2143B62A6B25}.AppStore|Any CPU.ActiveCfg = Release|Any CPU
		{2E4D0D6A-CE0C-447D-AC16-2143B62A6B25}.AppStore|Any CPU.Build.0 = Release|Any CPU
		{2E4D0D6A-CE0C-447D-AC16-2143B62A6B25}.AppStore|ARM.ActiveCfg = Debug|Any CPU
		{2E4D0D6A-CE0C-447D-AC16-2143B62A6B25}.AppStore|iPhone.ActiveCfg = Release|Any CPU
		{2E4D0D6A-CE0C-447D-AC16-2143B62A6B25}.AppStore|iPhoneSimulator.ActiveCfg = Release|Any CPU
		{2E4D0D6A-CE0C-447D-AC16-2143B62A6B25}.AppStore|Mixed Platforms.ActiveCfg = Release|Any CPU
		{2E4D0D6A-CE0C-447D-AC16-2143B62A6B25}.AppStore|Mixed Platforms.Build.0 = Release|Any CPU
		{2E4D0D6A-CE0C-447D-AC16-2143B62A6B25}.AppStore|x64.ActiveCfg = Debug|Any CPU
		{2E4D0D6A-CE0C-447D-AC16-2143B62A6B25}.AppStore|x86.ActiveCfg = Debug|Any CPU
		{2E4D0D6A-CE0C-447D-AC16-2143B62A6B25}.Debug|Any CPU.ActiveCfg = Debug|Any CPU
		{2E4D0D6A-CE0C-447D-AC16-2143B62A6B25}.Debug|Any CPU.Build.0 = Debug|Any CPU
		{2E4D0D6A-CE0C-447D-AC16-2143B62A6B25}.Debug|ARM.ActiveCfg = Debug|Any CPU
		{2E4D0D6A-CE0C-447D-AC16-2143B62A6B25}.Debug|iPhone.ActiveCfg = Debug|Any CPU
		{2E4D0D6A-CE0C-447D-AC16-2143B62A6B25}.Debug|iPhoneSimulator.ActiveCfg = Debug|Any CPU
		{2E4D0D6A-CE0C-447D-AC16-2143B62A6B25}.Debug|iPhoneSimulator.Build.0 = Debug|Any CPU
		{2E4D0D6A-CE0C-447D-AC16-2143B62A6B25}.Debug|Mixed Platforms.ActiveCfg = Debug|Any CPU
		{2E4D0D6A-CE0C-447D-AC16-2143B62A6B25}.Debug|Mixed Platforms.Build.0 = Debug|Any CPU
		{2E4D0D6A-CE0C-447D-AC16-2143B62A6B25}.Debug|x64.ActiveCfg = Debug|Any CPU
		{2E4D0D6A-CE0C-447D-AC16-2143B62A6B25}.Debug|x86.ActiveCfg = Debug|Any CPU
		{2E4D0D6A-CE0C-447D-AC16-2143B62A6B25}.Release|Any CPU.ActiveCfg = Release|Any CPU
		{2E4D0D6A-CE0C-447D-AC16-2143B62A6B25}.Release|Any CPU.Build.0 = Release|Any CPU
		{2E4D0D6A-CE0C-447D-AC16-2143B62A6B25}.Release|ARM.ActiveCfg = Release|Any CPU
		{2E4D0D6A-CE0C-447D-AC16-2143B62A6B25}.Release|iPhone.ActiveCfg = Release|Any CPU
		{2E4D0D6A-CE0C-447D-AC16-2143B62A6B25}.Release|iPhoneSimulator.ActiveCfg = Release|Any CPU
		{2E4D0D6A-CE0C-447D-AC16-2143B62A6B25}.Release|Mixed Platforms.ActiveCfg = Release|Any CPU
		{2E4D0D6A-CE0C-447D-AC16-2143B62A6B25}.Release|Mixed Platforms.Build.0 = Release|Any CPU
		{2E4D0D6A-CE0C-447D-AC16-2143B62A6B25}.Release|x64.ActiveCfg = Release|Any CPU
		{2E4D0D6A-CE0C-447D-AC16-2143B62A6B25}.Release|x86.ActiveCfg = Release|Any CPU
		{B1019C4B-E37A-4B75-9AFC-980820320B6B}.Ad-Hoc|Any CPU.ActiveCfg = Release|Any CPU
		{B1019C4B-E37A-4B75-9AFC-980820320B6B}.Ad-Hoc|Any CPU.Build.0 = Release|Any CPU
		{B1019C4B-E37A-4B75-9AFC-980820320B6B}.Ad-Hoc|ARM.ActiveCfg = Debug|Any CPU
		{B1019C4B-E37A-4B75-9AFC-980820320B6B}.Ad-Hoc|iPhone.ActiveCfg = Release|Any CPU
		{B1019C4B-E37A-4B75-9AFC-980820320B6B}.Ad-Hoc|iPhoneSimulator.ActiveCfg = Release|Any CPU
		{B1019C4B-E37A-4B75-9AFC-980820320B6B}.Ad-Hoc|Mixed Platforms.ActiveCfg = Release|Any CPU
		{B1019C4B-E37A-4B75-9AFC-980820320B6B}.Ad-Hoc|Mixed Platforms.Build.0 = Release|Any CPU
		{B1019C4B-E37A-4B75-9AFC-980820320B6B}.Ad-Hoc|x64.ActiveCfg = Debug|Any CPU
		{B1019C4B-E37A-4B75-9AFC-980820320B6B}.Ad-Hoc|x86.ActiveCfg = Debug|Any CPU
		{B1019C4B-E37A-4B75-9AFC-980820320B6B}.AppStore|Any CPU.ActiveCfg = Release|Any CPU
		{B1019C4B-E37A-4B75-9AFC-980820320B6B}.AppStore|Any CPU.Build.0 = Release|Any CPU
		{B1019C4B-E37A-4B75-9AFC-980820320B6B}.AppStore|ARM.ActiveCfg = Debug|Any CPU
		{B1019C4B-E37A-4B75-9AFC-980820320B6B}.AppStore|iPhone.ActiveCfg = Release|Any CPU
		{B1019C4B-E37A-4B75-9AFC-980820320B6B}.AppStore|iPhoneSimulator.ActiveCfg = Release|Any CPU
		{B1019C4B-E37A-4B75-9AFC-980820320B6B}.AppStore|Mixed Platforms.ActiveCfg = Release|Any CPU
		{B1019C4B-E37A-4B75-9AFC-980820320B6B}.AppStore|Mixed Platforms.Build.0 = Release|Any CPU
		{B1019C4B-E37A-4B75-9AFC-980820320B6B}.AppStore|x64.ActiveCfg = Debug|Any CPU
		{B1019C4B-E37A-4B75-9AFC-980820320B6B}.AppStore|x86.ActiveCfg = Debug|Any CPU
		{B1019C4B-E37A-4B75-9AFC-980820320B6B}.Debug|Any CPU.ActiveCfg = Debug|Any CPU
		{B1019C4B-E37A-4B75-9AFC-980820320B6B}.Debug|Any CPU.Build.0 = Debug|Any CPU
		{B1019C4B-E37A-4B75-9AFC-980820320B6B}.Debug|ARM.ActiveCfg = Debug|Any CPU
		{B1019C4B-E37A-4B75-9AFC-980820320B6B}.Debug|iPhone.ActiveCfg = Debug|Any CPU
		{B1019C4B-E37A-4B75-9AFC-980820320B6B}.Debug|iPhoneSimulator.ActiveCfg = Debug|Any CPU
		{B1019C4B-E37A-4B75-9AFC-980820320B6B}.Debug|iPhoneSimulator.Build.0 = Debug|Any CPU
		{B1019C4B-E37A-4B75-9AFC-980820320B6B}.Debug|Mixed Platforms.ActiveCfg = Debug|Any CPU
		{B1019C4B-E37A-4B75-9AFC-980820320B6B}.Debug|Mixed Platforms.Build.0 = Debug|Any CPU
		{B1019C4B-E37A-4B75-9AFC-980820320B6B}.Debug|x64.ActiveCfg = Debug|Any CPU
		{B1019C4B-E37A-4B75-9AFC-980820320B6B}.Debug|x86.ActiveCfg = Debug|Any CPU
		{B1019C4B-E37A-4B75-9AFC-980820320B6B}.Release|Any CPU.ActiveCfg = Release|Any CPU
		{B1019C4B-E37A-4B75-9AFC-980820320B6B}.Release|Any CPU.Build.0 = Release|Any CPU
		{B1019C4B-E37A-4B75-9AFC-980820320B6B}.Release|ARM.ActiveCfg = Release|Any CPU
		{B1019C4B-E37A-4B75-9AFC-980820320B6B}.Release|iPhone.ActiveCfg = Release|Any CPU
		{B1019C4B-E37A-4B75-9AFC-980820320B6B}.Release|iPhoneSimulator.ActiveCfg = Release|Any CPU
		{B1019C4B-E37A-4B75-9AFC-980820320B6B}.Release|Mixed Platforms.ActiveCfg = Release|Any CPU
		{B1019C4B-E37A-4B75-9AFC-980820320B6B}.Release|Mixed Platforms.Build.0 = Release|Any CPU
		{B1019C4B-E37A-4B75-9AFC-980820320B6B}.Release|x64.ActiveCfg = Release|Any CPU
		{B1019C4B-E37A-4B75-9AFC-980820320B6B}.Release|x86.ActiveCfg = Release|Any CPU
		{880248EE-2496-4516-837C-C6724AFA46B3}.Ad-Hoc|Any CPU.ActiveCfg = Release|Any CPU
		{880248EE-2496-4516-837C-C6724AFA46B3}.Ad-Hoc|Any CPU.Build.0 = Release|Any CPU
		{880248EE-2496-4516-837C-C6724AFA46B3}.Ad-Hoc|ARM.ActiveCfg = Debug|Any CPU
		{880248EE-2496-4516-837C-C6724AFA46B3}.Ad-Hoc|iPhone.ActiveCfg = Release|Any CPU
		{880248EE-2496-4516-837C-C6724AFA46B3}.Ad-Hoc|iPhoneSimulator.ActiveCfg = Release|Any CPU
		{880248EE-2496-4516-837C-C6724AFA46B3}.Ad-Hoc|Mixed Platforms.ActiveCfg = Release|Any CPU
		{880248EE-2496-4516-837C-C6724AFA46B3}.Ad-Hoc|Mixed Platforms.Build.0 = Release|Any CPU
		{880248EE-2496-4516-837C-C6724AFA46B3}.Ad-Hoc|x64.ActiveCfg = Debug|Any CPU
		{880248EE-2496-4516-837C-C6724AFA46B3}.Ad-Hoc|x86.ActiveCfg = Debug|Any CPU
		{880248EE-2496-4516-837C-C6724AFA46B3}.AppStore|Any CPU.ActiveCfg = Release|Any CPU
		{880248EE-2496-4516-837C-C6724AFA46B3}.AppStore|Any CPU.Build.0 = Release|Any CPU
		{880248EE-2496-4516-837C-C6724AFA46B3}.AppStore|ARM.ActiveCfg = Debug|Any CPU
		{880248EE-2496-4516-837C-C6724AFA46B3}.AppStore|iPhone.ActiveCfg = Release|Any CPU
		{880248EE-2496-4516-837C-C6724AFA46B3}.AppStore|iPhoneSimulator.ActiveCfg = Release|Any CPU
		{880248EE-2496-4516-837C-C6724AFA46B3}.AppStore|Mixed Platforms.ActiveCfg = Release|Any CPU
		{880248EE-2496-4516-837C-C6724AFA46B3}.AppStore|Mixed Platforms.Build.0 = Release|Any CPU
		{880248EE-2496-4516-837C-C6724AFA46B3}.AppStore|x64.ActiveCfg = Debug|Any CPU
		{880248EE-2496-4516-837C-C6724AFA46B3}.AppStore|x86.ActiveCfg = Debug|Any CPU
		{880248EE-2496-4516-837C-C6724AFA46B3}.Debug|Any CPU.ActiveCfg = Debug|Any CPU
		{880248EE-2496-4516-837C-C6724AFA46B3}.Debug|Any CPU.Build.0 = Debug|Any CPU
		{880248EE-2496-4516-837C-C6724AFA46B3}.Debug|ARM.ActiveCfg = Debug|Any CPU
		{880248EE-2496-4516-837C-C6724AFA46B3}.Debug|iPhone.ActiveCfg = Debug|Any CPU
		{880248EE-2496-4516-837C-C6724AFA46B3}.Debug|iPhoneSimulator.ActiveCfg = Debug|Any CPU
		{880248EE-2496-4516-837C-C6724AFA46B3}.Debug|iPhoneSimulator.Build.0 = Debug|Any CPU
		{880248EE-2496-4516-837C-C6724AFA46B3}.Debug|Mixed Platforms.ActiveCfg = Debug|Any CPU
		{880248EE-2496-4516-837C-C6724AFA46B3}.Debug|Mixed Platforms.Build.0 = Debug|Any CPU
		{880248EE-2496-4516-837C-C6724AFA46B3}.Debug|x64.ActiveCfg = Debug|Any CPU
		{880248EE-2496-4516-837C-C6724AFA46B3}.Debug|x86.ActiveCfg = Debug|Any CPU
		{880248EE-2496-4516-837C-C6724AFA46B3}.Release|Any CPU.ActiveCfg = Release|Any CPU
		{880248EE-2496-4516-837C-C6724AFA46B3}.Release|Any CPU.Build.0 = Release|Any CPU
		{880248EE-2496-4516-837C-C6724AFA46B3}.Release|ARM.ActiveCfg = Release|Any CPU
		{880248EE-2496-4516-837C-C6724AFA46B3}.Release|iPhone.ActiveCfg = Release|Any CPU
		{880248EE-2496-4516-837C-C6724AFA46B3}.Release|iPhoneSimulator.ActiveCfg = Release|Any CPU
		{880248EE-2496-4516-837C-C6724AFA46B3}.Release|Mixed Platforms.ActiveCfg = Release|Any CPU
		{880248EE-2496-4516-837C-C6724AFA46B3}.Release|Mixed Platforms.Build.0 = Release|Any CPU
		{880248EE-2496-4516-837C-C6724AFA46B3}.Release|x64.ActiveCfg = Release|Any CPU
		{880248EE-2496-4516-837C-C6724AFA46B3}.Release|x86.ActiveCfg = Release|Any CPU
		{CAD5F2F4-842A-4D67-A862-7668C442E8ED}.Ad-Hoc|Any CPU.ActiveCfg = Ad-Hoc|iPhone
		{CAD5F2F4-842A-4D67-A862-7668C442E8ED}.Ad-Hoc|ARM.ActiveCfg = Ad-Hoc|iPhoneSimulator
		{CAD5F2F4-842A-4D67-A862-7668C442E8ED}.Ad-Hoc|iPhone.ActiveCfg = Ad-Hoc|iPhone
		{CAD5F2F4-842A-4D67-A862-7668C442E8ED}.Ad-Hoc|iPhone.Build.0 = Ad-Hoc|iPhone
		{CAD5F2F4-842A-4D67-A862-7668C442E8ED}.Ad-Hoc|iPhoneSimulator.ActiveCfg = Ad-Hoc|iPhoneSimulator
		{CAD5F2F4-842A-4D67-A862-7668C442E8ED}.Ad-Hoc|iPhoneSimulator.Build.0 = Ad-Hoc|iPhoneSimulator
		{CAD5F2F4-842A-4D67-A862-7668C442E8ED}.Ad-Hoc|Mixed Platforms.ActiveCfg = Ad-Hoc|iPhone
		{CAD5F2F4-842A-4D67-A862-7668C442E8ED}.Ad-Hoc|Mixed Platforms.Build.0 = Ad-Hoc|iPhone
		{CAD5F2F4-842A-4D67-A862-7668C442E8ED}.Ad-Hoc|x64.ActiveCfg = Ad-Hoc|iPhoneSimulator
		{CAD5F2F4-842A-4D67-A862-7668C442E8ED}.Ad-Hoc|x86.ActiveCfg = Ad-Hoc|iPhoneSimulator
		{CAD5F2F4-842A-4D67-A862-7668C442E8ED}.AppStore|Any CPU.ActiveCfg = AppStore|iPhone
		{CAD5F2F4-842A-4D67-A862-7668C442E8ED}.AppStore|ARM.ActiveCfg = AppStore|iPhoneSimulator
		{CAD5F2F4-842A-4D67-A862-7668C442E8ED}.AppStore|iPhone.ActiveCfg = AppStore|iPhone
		{CAD5F2F4-842A-4D67-A862-7668C442E8ED}.AppStore|iPhone.Build.0 = AppStore|iPhone
		{CAD5F2F4-842A-4D67-A862-7668C442E8ED}.AppStore|iPhoneSimulator.ActiveCfg = AppStore|iPhoneSimulator
		{CAD5F2F4-842A-4D67-A862-7668C442E8ED}.AppStore|iPhoneSimulator.Build.0 = AppStore|iPhoneSimulator
		{CAD5F2F4-842A-4D67-A862-7668C442E8ED}.AppStore|Mixed Platforms.ActiveCfg = AppStore|iPhone
		{CAD5F2F4-842A-4D67-A862-7668C442E8ED}.AppStore|Mixed Platforms.Build.0 = AppStore|iPhone
		{CAD5F2F4-842A-4D67-A862-7668C442E8ED}.AppStore|x64.ActiveCfg = AppStore|iPhoneSimulator
		{CAD5F2F4-842A-4D67-A862-7668C442E8ED}.AppStore|x86.ActiveCfg = AppStore|iPhoneSimulator
		{CAD5F2F4-842A-4D67-A862-7668C442E8ED}.Debug|Any CPU.ActiveCfg = Debug|iPhone
		{CAD5F2F4-842A-4D67-A862-7668C442E8ED}.Debug|ARM.ActiveCfg = Debug|iPhoneSimulator
		{CAD5F2F4-842A-4D67-A862-7668C442E8ED}.Debug|iPhone.ActiveCfg = Debug|iPhone
		{CAD5F2F4-842A-4D67-A862-7668C442E8ED}.Debug|iPhone.Build.0 = Debug|iPhone
		{CAD5F2F4-842A-4D67-A862-7668C442E8ED}.Debug|iPhoneSimulator.ActiveCfg = Debug|iPhoneSimulator
		{CAD5F2F4-842A-4D67-A862-7668C442E8ED}.Debug|iPhoneSimulator.Build.0 = Debug|iPhoneSimulator
		{CAD5F2F4-842A-4D67-A862-7668C442E8ED}.Debug|Mixed Platforms.ActiveCfg = Debug|iPhone
		{CAD5F2F4-842A-4D67-A862-7668C442E8ED}.Debug|Mixed Platforms.Build.0 = Debug|iPhone
		{CAD5F2F4-842A-4D67-A862-7668C442E8ED}.Debug|x64.ActiveCfg = Debug|iPhoneSimulator
		{CAD5F2F4-842A-4D67-A862-7668C442E8ED}.Debug|x86.ActiveCfg = Debug|iPhoneSimulator
		{CAD5F2F4-842A-4D67-A862-7668C442E8ED}.Release|Any CPU.ActiveCfg = Release|iPhone
		{CAD5F2F4-842A-4D67-A862-7668C442E8ED}.Release|ARM.ActiveCfg = Release|iPhoneSimulator
		{CAD5F2F4-842A-4D67-A862-7668C442E8ED}.Release|iPhone.ActiveCfg = Release|iPhone
		{CAD5F2F4-842A-4D67-A862-7668C442E8ED}.Release|iPhone.Build.0 = Release|iPhone
		{CAD5F2F4-842A-4D67-A862-7668C442E8ED}.Release|iPhoneSimulator.ActiveCfg = Release|iPhoneSimulator
		{CAD5F2F4-842A-4D67-A862-7668C442E8ED}.Release|iPhoneSimulator.Build.0 = Release|iPhoneSimulator
		{CAD5F2F4-842A-4D67-A862-7668C442E8ED}.Release|Mixed Platforms.ActiveCfg = Release|iPhone
		{CAD5F2F4-842A-4D67-A862-7668C442E8ED}.Release|Mixed Platforms.Build.0 = Release|iPhone
		{CAD5F2F4-842A-4D67-A862-7668C442E8ED}.Release|x64.ActiveCfg = Release|iPhoneSimulator
		{CAD5F2F4-842A-4D67-A862-7668C442E8ED}.Release|x86.ActiveCfg = Release|iPhoneSimulator
		{06FE0C81-97BD-46BA-84CA-E7E2E1284AAD}.Ad-Hoc|Any CPU.ActiveCfg = Release|Any CPU
		{06FE0C81-97BD-46BA-84CA-E7E2E1284AAD}.Ad-Hoc|Any CPU.Build.0 = Release|Any CPU
		{06FE0C81-97BD-46BA-84CA-E7E2E1284AAD}.Ad-Hoc|Any CPU.Deploy.0 = Release|Any CPU
		{06FE0C81-97BD-46BA-84CA-E7E2E1284AAD}.Ad-Hoc|ARM.ActiveCfg = Debug|Any CPU
		{06FE0C81-97BD-46BA-84CA-E7E2E1284AAD}.Ad-Hoc|iPhone.ActiveCfg = Release|Any CPU
		{06FE0C81-97BD-46BA-84CA-E7E2E1284AAD}.Ad-Hoc|iPhoneSimulator.ActiveCfg = Release|Any CPU
		{06FE0C81-97BD-46BA-84CA-E7E2E1284AAD}.Ad-Hoc|Mixed Platforms.ActiveCfg = Release|Any CPU
		{06FE0C81-97BD-46BA-84CA-E7E2E1284AAD}.Ad-Hoc|Mixed Platforms.Build.0 = Release|Any CPU
		{06FE0C81-97BD-46BA-84CA-E7E2E1284AAD}.Ad-Hoc|Mixed Platforms.Deploy.0 = Release|Any CPU
		{06FE0C81-97BD-46BA-84CA-E7E2E1284AAD}.Ad-Hoc|x64.ActiveCfg = Debug|Any CPU
		{06FE0C81-97BD-46BA-84CA-E7E2E1284AAD}.Ad-Hoc|x86.ActiveCfg = Debug|Any CPU
		{06FE0C81-97BD-46BA-84CA-E7E2E1284AAD}.AppStore|Any CPU.ActiveCfg = Release|Any CPU
		{06FE0C81-97BD-46BA-84CA-E7E2E1284AAD}.AppStore|Any CPU.Build.0 = Release|Any CPU
		{06FE0C81-97BD-46BA-84CA-E7E2E1284AAD}.AppStore|Any CPU.Deploy.0 = Release|Any CPU
		{06FE0C81-97BD-46BA-84CA-E7E2E1284AAD}.AppStore|ARM.ActiveCfg = Debug|Any CPU
		{06FE0C81-97BD-46BA-84CA-E7E2E1284AAD}.AppStore|iPhone.ActiveCfg = Release|Any CPU
		{06FE0C81-97BD-46BA-84CA-E7E2E1284AAD}.AppStore|iPhoneSimulator.ActiveCfg = Release|Any CPU
		{06FE0C81-97BD-46BA-84CA-E7E2E1284AAD}.AppStore|Mixed Platforms.ActiveCfg = Release|Any CPU
		{06FE0C81-97BD-46BA-84CA-E7E2E1284AAD}.AppStore|Mixed Platforms.Build.0 = Release|Any CPU
		{06FE0C81-97BD-46BA-84CA-E7E2E1284AAD}.AppStore|Mixed Platforms.Deploy.0 = Release|Any CPU
		{06FE0C81-97BD-46BA-84CA-E7E2E1284AAD}.AppStore|x64.ActiveCfg = Debug|Any CPU
		{06FE0C81-97BD-46BA-84CA-E7E2E1284AAD}.AppStore|x86.ActiveCfg = Debug|Any CPU
		{06FE0C81-97BD-46BA-84CA-E7E2E1284AAD}.Debug|Any CPU.ActiveCfg = Debug|Any CPU
		{06FE0C81-97BD-46BA-84CA-E7E2E1284AAD}.Debug|Any CPU.Build.0 = Debug|Any CPU
		{06FE0C81-97BD-46BA-84CA-E7E2E1284AAD}.Debug|Any CPU.Deploy.0 = Debug|Any CPU
		{06FE0C81-97BD-46BA-84CA-E7E2E1284AAD}.Debug|ARM.ActiveCfg = Debug|Any CPU
		{06FE0C81-97BD-46BA-84CA-E7E2E1284AAD}.Debug|iPhone.ActiveCfg = Debug|Any CPU
		{06FE0C81-97BD-46BA-84CA-E7E2E1284AAD}.Debug|iPhoneSimulator.ActiveCfg = Debug|Any CPU
		{06FE0C81-97BD-46BA-84CA-E7E2E1284AAD}.Debug|iPhoneSimulator.Build.0 = Debug|Any CPU
		{06FE0C81-97BD-46BA-84CA-E7E2E1284AAD}.Debug|Mixed Platforms.ActiveCfg = Debug|Any CPU
		{06FE0C81-97BD-46BA-84CA-E7E2E1284AAD}.Debug|Mixed Platforms.Build.0 = Debug|Any CPU
		{06FE0C81-97BD-46BA-84CA-E7E2E1284AAD}.Debug|Mixed Platforms.Deploy.0 = Debug|Any CPU
		{06FE0C81-97BD-46BA-84CA-E7E2E1284AAD}.Debug|x64.ActiveCfg = Debug|Any CPU
		{06FE0C81-97BD-46BA-84CA-E7E2E1284AAD}.Debug|x86.ActiveCfg = Debug|Any CPU
		{06FE0C81-97BD-46BA-84CA-E7E2E1284AAD}.Release|Any CPU.ActiveCfg = Release|Any CPU
		{06FE0C81-97BD-46BA-84CA-E7E2E1284AAD}.Release|Any CPU.Build.0 = Release|Any CPU
		{06FE0C81-97BD-46BA-84CA-E7E2E1284AAD}.Release|Any CPU.Deploy.0 = Release|Any CPU
		{06FE0C81-97BD-46BA-84CA-E7E2E1284AAD}.Release|ARM.ActiveCfg = Release|Any CPU
		{06FE0C81-97BD-46BA-84CA-E7E2E1284AAD}.Release|iPhone.ActiveCfg = Release|Any CPU
		{06FE0C81-97BD-46BA-84CA-E7E2E1284AAD}.Release|iPhoneSimulator.ActiveCfg = Release|Any CPU
		{06FE0C81-97BD-46BA-84CA-E7E2E1284AAD}.Release|Mixed Platforms.ActiveCfg = Release|Any CPU
		{06FE0C81-97BD-46BA-84CA-E7E2E1284AAD}.Release|Mixed Platforms.Build.0 = Release|Any CPU
		{06FE0C81-97BD-46BA-84CA-E7E2E1284AAD}.Release|Mixed Platforms.Deploy.0 = Release|Any CPU
		{06FE0C81-97BD-46BA-84CA-E7E2E1284AAD}.Release|x64.ActiveCfg = Release|Any CPU
		{06FE0C81-97BD-46BA-84CA-E7E2E1284AAD}.Release|x86.ActiveCfg = Release|Any CPU
		{90AB40EB-C012-482C-8C61-FCF2BA56FB60}.Ad-Hoc|Any CPU.ActiveCfg = Release|Any CPU
		{90AB40EB-C012-482C-8C61-FCF2BA56FB60}.Ad-Hoc|Any CPU.Build.0 = Release|Any CPU
		{90AB40EB-C012-482C-8C61-FCF2BA56FB60}.Ad-Hoc|ARM.ActiveCfg = Release|Any CPU
		{90AB40EB-C012-482C-8C61-FCF2BA56FB60}.Ad-Hoc|iPhone.ActiveCfg = Release|Any CPU
		{90AB40EB-C012-482C-8C61-FCF2BA56FB60}.Ad-Hoc|iPhoneSimulator.ActiveCfg = Release|Any CPU
		{90AB40EB-C012-482C-8C61-FCF2BA56FB60}.Ad-Hoc|Mixed Platforms.ActiveCfg = Release|Any CPU
		{90AB40EB-C012-482C-8C61-FCF2BA56FB60}.Ad-Hoc|Mixed Platforms.Build.0 = Release|Any CPU
		{90AB40EB-C012-482C-8C61-FCF2BA56FB60}.Ad-Hoc|x64.ActiveCfg = Release|Any CPU
		{90AB40EB-C012-482C-8C61-FCF2BA56FB60}.Ad-Hoc|x86.ActiveCfg = Release|Any CPU
		{90AB40EB-C012-482C-8C61-FCF2BA56FB60}.AppStore|Any CPU.ActiveCfg = Release|Any CPU
		{90AB40EB-C012-482C-8C61-FCF2BA56FB60}.AppStore|Any CPU.Build.0 = Release|Any CPU
		{90AB40EB-C012-482C-8C61-FCF2BA56FB60}.AppStore|ARM.ActiveCfg = Release|Any CPU
		{90AB40EB-C012-482C-8C61-FCF2BA56FB60}.AppStore|iPhone.ActiveCfg = Release|Any CPU
		{90AB40EB-C012-482C-8C61-FCF2BA56FB60}.AppStore|iPhoneSimulator.ActiveCfg = Release|Any CPU
		{90AB40EB-C012-482C-8C61-FCF2BA56FB60}.AppStore|Mixed Platforms.ActiveCfg = Release|Any CPU
		{90AB40EB-C012-482C-8C61-FCF2BA56FB60}.AppStore|Mixed Platforms.Build.0 = Release|Any CPU
		{90AB40EB-C012-482C-8C61-FCF2BA56FB60}.AppStore|x64.ActiveCfg = Release|Any CPU
		{90AB40EB-C012-482C-8C61-FCF2BA56FB60}.AppStore|x86.ActiveCfg = Release|Any CPU
		{90AB40EB-C012-482C-8C61-FCF2BA56FB60}.Debug|Any CPU.ActiveCfg = Debug|Any CPU
		{90AB40EB-C012-482C-8C61-FCF2BA56FB60}.Debug|Any CPU.Build.0 = Debug|Any CPU
		{90AB40EB-C012-482C-8C61-FCF2BA56FB60}.Debug|ARM.ActiveCfg = Debug|Any CPU
		{90AB40EB-C012-482C-8C61-FCF2BA56FB60}.Debug|iPhone.ActiveCfg = Debug|Any CPU
		{90AB40EB-C012-482C-8C61-FCF2BA56FB60}.Debug|iPhoneSimulator.ActiveCfg = Debug|Any CPU
		{90AB40EB-C012-482C-8C61-FCF2BA56FB60}.Debug|Mixed Platforms.ActiveCfg = Debug|Any CPU
		{90AB40EB-C012-482C-8C61-FCF2BA56FB60}.Debug|Mixed Platforms.Build.0 = Debug|Any CPU
		{90AB40EB-C012-482C-8C61-FCF2BA56FB60}.Debug|x64.ActiveCfg = Debug|Any CPU
		{90AB40EB-C012-482C-8C61-FCF2BA56FB60}.Debug|x86.ActiveCfg = Debug|Any CPU
		{90AB40EB-C012-482C-8C61-FCF2BA56FB60}.Release|Any CPU.ActiveCfg = Release|Any CPU
		{90AB40EB-C012-482C-8C61-FCF2BA56FB60}.Release|Any CPU.Build.0 = Release|Any CPU
		{90AB40EB-C012-482C-8C61-FCF2BA56FB60}.Release|ARM.ActiveCfg = Release|Any CPU
		{90AB40EB-C012-482C-8C61-FCF2BA56FB60}.Release|iPhone.ActiveCfg = Release|Any CPU
		{90AB40EB-C012-482C-8C61-FCF2BA56FB60}.Release|iPhoneSimulator.ActiveCfg = Release|Any CPU
		{90AB40EB-C012-482C-8C61-FCF2BA56FB60}.Release|Mixed Platforms.ActiveCfg = Release|Any CPU
		{90AB40EB-C012-482C-8C61-FCF2BA56FB60}.Release|Mixed Platforms.Build.0 = Release|Any CPU
		{90AB40EB-C012-482C-8C61-FCF2BA56FB60}.Release|x64.ActiveCfg = Release|Any CPU
		{90AB40EB-C012-482C-8C61-FCF2BA56FB60}.Release|x86.ActiveCfg = Release|Any CPU
		{7A000A7C-9C30-46F3-9994-003D4F70BA0F}.Ad-Hoc|Any CPU.ActiveCfg = Release|Any CPU
		{7A000A7C-9C30-46F3-9994-003D4F70BA0F}.Ad-Hoc|Any CPU.Build.0 = Release|Any CPU
		{7A000A7C-9C30-46F3-9994-003D4F70BA0F}.Ad-Hoc|ARM.ActiveCfg = Release|Any CPU
		{7A000A7C-9C30-46F3-9994-003D4F70BA0F}.Ad-Hoc|iPhone.ActiveCfg = Release|Any CPU
		{7A000A7C-9C30-46F3-9994-003D4F70BA0F}.Ad-Hoc|iPhoneSimulator.ActiveCfg = Release|Any CPU
		{7A000A7C-9C30-46F3-9994-003D4F70BA0F}.Ad-Hoc|Mixed Platforms.ActiveCfg = Release|Any CPU
		{7A000A7C-9C30-46F3-9994-003D4F70BA0F}.Ad-Hoc|Mixed Platforms.Build.0 = Release|Any CPU
		{7A000A7C-9C30-46F3-9994-003D4F70BA0F}.Ad-Hoc|x64.ActiveCfg = Release|Any CPU
		{7A000A7C-9C30-46F3-9994-003D4F70BA0F}.Ad-Hoc|x86.ActiveCfg = Release|Any CPU
		{7A000A7C-9C30-46F3-9994-003D4F70BA0F}.AppStore|Any CPU.ActiveCfg = Release|Any CPU
		{7A000A7C-9C30-46F3-9994-003D4F70BA0F}.AppStore|Any CPU.Build.0 = Release|Any CPU
		{7A000A7C-9C30-46F3-9994-003D4F70BA0F}.AppStore|ARM.ActiveCfg = Release|Any CPU
		{7A000A7C-9C30-46F3-9994-003D4F70BA0F}.AppStore|iPhone.ActiveCfg = Release|Any CPU
		{7A000A7C-9C30-46F3-9994-003D4F70BA0F}.AppStore|iPhoneSimulator.ActiveCfg = Release|Any CPU
		{7A000A7C-9C30-46F3-9994-003D4F70BA0F}.AppStore|Mixed Platforms.ActiveCfg = Release|Any CPU
		{7A000A7C-9C30-46F3-9994-003D4F70BA0F}.AppStore|Mixed Platforms.Build.0 = Release|Any CPU
		{7A000A7C-9C30-46F3-9994-003D4F70BA0F}.AppStore|x64.ActiveCfg = Release|Any CPU
		{7A000A7C-9C30-46F3-9994-003D4F70BA0F}.AppStore|x86.ActiveCfg = Release|Any CPU
		{7A000A7C-9C30-46F3-9994-003D4F70BA0F}.Debug|Any CPU.ActiveCfg = Debug|Any CPU
		{7A000A7C-9C30-46F3-9994-003D4F70BA0F}.Debug|Any CPU.Build.0 = Debug|Any CPU
		{7A000A7C-9C30-46F3-9994-003D4F70BA0F}.Debug|ARM.ActiveCfg = Debug|Any CPU
		{7A000A7C-9C30-46F3-9994-003D4F70BA0F}.Debug|iPhone.ActiveCfg = Debug|Any CPU
		{7A000A7C-9C30-46F3-9994-003D4F70BA0F}.Debug|iPhoneSimulator.ActiveCfg = Debug|Any CPU
		{7A000A7C-9C30-46F3-9994-003D4F70BA0F}.Debug|Mixed Platforms.ActiveCfg = Debug|Any CPU
		{7A000A7C-9C30-46F3-9994-003D4F70BA0F}.Debug|Mixed Platforms.Build.0 = Debug|Any CPU
		{7A000A7C-9C30-46F3-9994-003D4F70BA0F}.Debug|x64.ActiveCfg = Debug|Any CPU
		{7A000A7C-9C30-46F3-9994-003D4F70BA0F}.Debug|x86.ActiveCfg = Debug|Any CPU
		{7A000A7C-9C30-46F3-9994-003D4F70BA0F}.Release|Any CPU.ActiveCfg = Release|Any CPU
		{7A000A7C-9C30-46F3-9994-003D4F70BA0F}.Release|Any CPU.Build.0 = Release|Any CPU
		{7A000A7C-9C30-46F3-9994-003D4F70BA0F}.Release|ARM.ActiveCfg = Release|Any CPU
		{7A000A7C-9C30-46F3-9994-003D4F70BA0F}.Release|iPhone.ActiveCfg = Release|Any CPU
		{7A000A7C-9C30-46F3-9994-003D4F70BA0F}.Release|iPhoneSimulator.ActiveCfg = Release|Any CPU
		{7A000A7C-9C30-46F3-9994-003D4F70BA0F}.Release|Mixed Platforms.ActiveCfg = Release|Any CPU
		{7A000A7C-9C30-46F3-9994-003D4F70BA0F}.Release|Mixed Platforms.Build.0 = Release|Any CPU
		{7A000A7C-9C30-46F3-9994-003D4F70BA0F}.Release|x64.ActiveCfg = Release|Any CPU
		{7A000A7C-9C30-46F3-9994-003D4F70BA0F}.Release|x86.ActiveCfg = Release|Any CPU
		{0F210FAE-78BB-4D1A-BCC8-ECDABB99ECC0}.Ad-Hoc|Any CPU.ActiveCfg = Release|Any CPU
		{0F210FAE-78BB-4D1A-BCC8-ECDABB99ECC0}.Ad-Hoc|Any CPU.Build.0 = Release|Any CPU
		{0F210FAE-78BB-4D1A-BCC8-ECDABB99ECC0}.Ad-Hoc|ARM.ActiveCfg = Release|Any CPU
		{0F210FAE-78BB-4D1A-BCC8-ECDABB99ECC0}.Ad-Hoc|iPhone.ActiveCfg = Release|Any CPU
		{0F210FAE-78BB-4D1A-BCC8-ECDABB99ECC0}.Ad-Hoc|iPhoneSimulator.ActiveCfg = Release|Any CPU
		{0F210FAE-78BB-4D1A-BCC8-ECDABB99ECC0}.Ad-Hoc|Mixed Platforms.ActiveCfg = Release|Any CPU
		{0F210FAE-78BB-4D1A-BCC8-ECDABB99ECC0}.Ad-Hoc|Mixed Platforms.Build.0 = Release|Any CPU
		{0F210FAE-78BB-4D1A-BCC8-ECDABB99ECC0}.Ad-Hoc|x64.ActiveCfg = Release|Any CPU
		{0F210FAE-78BB-4D1A-BCC8-ECDABB99ECC0}.Ad-Hoc|x86.ActiveCfg = Release|Any CPU
		{0F210FAE-78BB-4D1A-BCC8-ECDABB99ECC0}.AppStore|Any CPU.ActiveCfg = Release|Any CPU
		{0F210FAE-78BB-4D1A-BCC8-ECDABB99ECC0}.AppStore|Any CPU.Build.0 = Release|Any CPU
		{0F210FAE-78BB-4D1A-BCC8-ECDABB99ECC0}.AppStore|ARM.ActiveCfg = Release|Any CPU
		{0F210FAE-78BB-4D1A-BCC8-ECDABB99ECC0}.AppStore|iPhone.ActiveCfg = Release|Any CPU
		{0F210FAE-78BB-4D1A-BCC8-ECDABB99ECC0}.AppStore|iPhoneSimulator.ActiveCfg = Release|Any CPU
		{0F210FAE-78BB-4D1A-BCC8-ECDABB99ECC0}.AppStore|Mixed Platforms.ActiveCfg = Release|Any CPU
		{0F210FAE-78BB-4D1A-BCC8-ECDABB99ECC0}.AppStore|Mixed Platforms.Build.0 = Release|Any CPU
		{0F210FAE-78BB-4D1A-BCC8-ECDABB99ECC0}.AppStore|x64.ActiveCfg = Release|Any CPU
		{0F210FAE-78BB-4D1A-BCC8-ECDABB99ECC0}.AppStore|x86.ActiveCfg = Release|Any CPU
		{0F210FAE-78BB-4D1A-BCC8-ECDABB99ECC0}.Debug|Any CPU.ActiveCfg = Debug|Any CPU
		{0F210FAE-78BB-4D1A-BCC8-ECDABB99ECC0}.Debug|Any CPU.Build.0 = Debug|Any CPU
		{0F210FAE-78BB-4D1A-BCC8-ECDABB99ECC0}.Debug|ARM.ActiveCfg = Debug|Any CPU
		{0F210FAE-78BB-4D1A-BCC8-ECDABB99ECC0}.Debug|iPhone.ActiveCfg = Debug|Any CPU
		{0F210FAE-78BB-4D1A-BCC8-ECDABB99ECC0}.Debug|iPhoneSimulator.ActiveCfg = Debug|Any CPU
		{0F210FAE-78BB-4D1A-BCC8-ECDABB99ECC0}.Debug|Mixed Platforms.ActiveCfg = Debug|Any CPU
		{0F210FAE-78BB-4D1A-BCC8-ECDABB99ECC0}.Debug|Mixed Platforms.Build.0 = Debug|Any CPU
		{0F210FAE-78BB-4D1A-BCC8-ECDABB99ECC0}.Debug|x64.ActiveCfg = Debug|Any CPU
		{0F210FAE-78BB-4D1A-BCC8-ECDABB99ECC0}.Debug|x86.ActiveCfg = Debug|Any CPU
		{0F210FAE-78BB-4D1A-BCC8-ECDABB99ECC0}.Release|Any CPU.ActiveCfg = Release|Any CPU
		{0F210FAE-78BB-4D1A-BCC8-ECDABB99ECC0}.Release|Any CPU.Build.0 = Release|Any CPU
		{0F210FAE-78BB-4D1A-BCC8-ECDABB99ECC0}.Release|ARM.ActiveCfg = Release|Any CPU
		{0F210FAE-78BB-4D1A-BCC8-ECDABB99ECC0}.Release|iPhone.ActiveCfg = Release|Any CPU
		{0F210FAE-78BB-4D1A-BCC8-ECDABB99ECC0}.Release|iPhoneSimulator.ActiveCfg = Release|Any CPU
		{0F210FAE-78BB-4D1A-BCC8-ECDABB99ECC0}.Release|Mixed Platforms.ActiveCfg = Release|Any CPU
		{0F210FAE-78BB-4D1A-BCC8-ECDABB99ECC0}.Release|Mixed Platforms.Build.0 = Release|Any CPU
		{0F210FAE-78BB-4D1A-BCC8-ECDABB99ECC0}.Release|x64.ActiveCfg = Release|Any CPU
		{0F210FAE-78BB-4D1A-BCC8-ECDABB99ECC0}.Release|x86.ActiveCfg = Release|Any CPU
		{58E8F798-547A-47B2-B6A0-48F751D36517}.Ad-Hoc|Any CPU.ActiveCfg = Release|Any CPU
		{58E8F798-547A-47B2-B6A0-48F751D36517}.Ad-Hoc|Any CPU.Build.0 = Release|Any CPU
		{58E8F798-547A-47B2-B6A0-48F751D36517}.Ad-Hoc|ARM.ActiveCfg = Release|ARM
		{58E8F798-547A-47B2-B6A0-48F751D36517}.Ad-Hoc|ARM.Build.0 = Release|ARM
		{58E8F798-547A-47B2-B6A0-48F751D36517}.Ad-Hoc|iPhone.ActiveCfg = Release|Any CPU
		{58E8F798-547A-47B2-B6A0-48F751D36517}.Ad-Hoc|iPhoneSimulator.ActiveCfg = Release|Any CPU
		{58E8F798-547A-47B2-B6A0-48F751D36517}.Ad-Hoc|Mixed Platforms.ActiveCfg = Release|x86
		{58E8F798-547A-47B2-B6A0-48F751D36517}.Ad-Hoc|Mixed Platforms.Build.0 = Release|x86
		{58E8F798-547A-47B2-B6A0-48F751D36517}.Ad-Hoc|x64.ActiveCfg = Release|x64
		{58E8F798-547A-47B2-B6A0-48F751D36517}.Ad-Hoc|x64.Build.0 = Release|x64
		{58E8F798-547A-47B2-B6A0-48F751D36517}.Ad-Hoc|x86.ActiveCfg = Release|x86
		{58E8F798-547A-47B2-B6A0-48F751D36517}.Ad-Hoc|x86.Build.0 = Release|x86
		{58E8F798-547A-47B2-B6A0-48F751D36517}.AppStore|Any CPU.ActiveCfg = Release|Any CPU
		{58E8F798-547A-47B2-B6A0-48F751D36517}.AppStore|Any CPU.Build.0 = Release|Any CPU
		{58E8F798-547A-47B2-B6A0-48F751D36517}.AppStore|ARM.ActiveCfg = Release|ARM
		{58E8F798-547A-47B2-B6A0-48F751D36517}.AppStore|ARM.Build.0 = Release|ARM
		{58E8F798-547A-47B2-B6A0-48F751D36517}.AppStore|iPhone.ActiveCfg = Release|Any CPU
		{58E8F798-547A-47B2-B6A0-48F751D36517}.AppStore|iPhoneSimulator.ActiveCfg = Release|Any CPU
		{58E8F798-547A-47B2-B6A0-48F751D36517}.AppStore|Mixed Platforms.ActiveCfg = Release|x86
		{58E8F798-547A-47B2-B6A0-48F751D36517}.AppStore|Mixed Platforms.Build.0 = Release|x86
		{58E8F798-547A-47B2-B6A0-48F751D36517}.AppStore|x64.ActiveCfg = Release|x64
		{58E8F798-547A-47B2-B6A0-48F751D36517}.AppStore|x64.Build.0 = Release|x64
		{58E8F798-547A-47B2-B6A0-48F751D36517}.AppStore|x86.ActiveCfg = Release|x86
		{58E8F798-547A-47B2-B6A0-48F751D36517}.AppStore|x86.Build.0 = Release|x86
		{58E8F798-547A-47B2-B6A0-48F751D36517}.Debug|Any CPU.ActiveCfg = Debug|Any CPU
		{58E8F798-547A-47B2-B6A0-48F751D36517}.Debug|Any CPU.Build.0 = Debug|Any CPU
		{58E8F798-547A-47B2-B6A0-48F751D36517}.Debug|ARM.ActiveCfg = Debug|ARM
		{58E8F798-547A-47B2-B6A0-48F751D36517}.Debug|ARM.Build.0 = Debug|ARM
		{58E8F798-547A-47B2-B6A0-48F751D36517}.Debug|iPhone.ActiveCfg = Debug|Any CPU
		{58E8F798-547A-47B2-B6A0-48F751D36517}.Debug|iPhoneSimulator.ActiveCfg = Debug|Any CPU
		{58E8F798-547A-47B2-B6A0-48F751D36517}.Debug|Mixed Platforms.ActiveCfg = Debug|x86
		{58E8F798-547A-47B2-B6A0-48F751D36517}.Debug|Mixed Platforms.Build.0 = Debug|x86
		{58E8F798-547A-47B2-B6A0-48F751D36517}.Debug|x64.ActiveCfg = Debug|x64
		{58E8F798-547A-47B2-B6A0-48F751D36517}.Debug|x64.Build.0 = Debug|x64
		{58E8F798-547A-47B2-B6A0-48F751D36517}.Debug|x86.ActiveCfg = Debug|x86
		{58E8F798-547A-47B2-B6A0-48F751D36517}.Debug|x86.Build.0 = Debug|x86
		{58E8F798-547A-47B2-B6A0-48F751D36517}.Release|Any CPU.ActiveCfg = Release|Any CPU
		{58E8F798-547A-47B2-B6A0-48F751D36517}.Release|Any CPU.Build.0 = Release|Any CPU
		{58E8F798-547A-47B2-B6A0-48F751D36517}.Release|ARM.ActiveCfg = Release|ARM
		{58E8F798-547A-47B2-B6A0-48F751D36517}.Release|ARM.Build.0 = Release|ARM
		{58E8F798-547A-47B2-B6A0-48F751D36517}.Release|iPhone.ActiveCfg = Release|Any CPU
		{58E8F798-547A-47B2-B6A0-48F751D36517}.Release|iPhoneSimulator.ActiveCfg = Release|Any CPU
		{58E8F798-547A-47B2-B6A0-48F751D36517}.Release|Mixed Platforms.ActiveCfg = Release|x86
		{58E8F798-547A-47B2-B6A0-48F751D36517}.Release|Mixed Platforms.Build.0 = Release|x86
		{58E8F798-547A-47B2-B6A0-48F751D36517}.Release|x64.ActiveCfg = Release|x64
		{58E8F798-547A-47B2-B6A0-48F751D36517}.Release|x64.Build.0 = Release|x64
		{58E8F798-547A-47B2-B6A0-48F751D36517}.Release|x86.ActiveCfg = Release|x86
		{58E8F798-547A-47B2-B6A0-48F751D36517}.Release|x86.Build.0 = Release|x86
		{248FFFFA-1E77-4E93-A1ED-236C5501C32A}.Ad-Hoc|Any CPU.ActiveCfg = Release|Any CPU
		{248FFFFA-1E77-4E93-A1ED-236C5501C32A}.Ad-Hoc|Any CPU.Build.0 = Release|Any CPU
		{248FFFFA-1E77-4E93-A1ED-236C5501C32A}.Ad-Hoc|ARM.ActiveCfg = Release|ARM
		{248FFFFA-1E77-4E93-A1ED-236C5501C32A}.Ad-Hoc|ARM.Build.0 = Release|ARM
		{248FFFFA-1E77-4E93-A1ED-236C5501C32A}.Ad-Hoc|iPhone.ActiveCfg = Release|Any CPU
		{248FFFFA-1E77-4E93-A1ED-236C5501C32A}.Ad-Hoc|iPhoneSimulator.ActiveCfg = Release|Any CPU
		{248FFFFA-1E77-4E93-A1ED-236C5501C32A}.Ad-Hoc|Mixed Platforms.ActiveCfg = Release|x86
		{248FFFFA-1E77-4E93-A1ED-236C5501C32A}.Ad-Hoc|Mixed Platforms.Build.0 = Release|x86
		{248FFFFA-1E77-4E93-A1ED-236C5501C32A}.Ad-Hoc|x64.ActiveCfg = Release|Any CPU
		{248FFFFA-1E77-4E93-A1ED-236C5501C32A}.Ad-Hoc|x86.ActiveCfg = Release|x86
		{248FFFFA-1E77-4E93-A1ED-236C5501C32A}.Ad-Hoc|x86.Build.0 = Release|x86
		{248FFFFA-1E77-4E93-A1ED-236C5501C32A}.AppStore|Any CPU.ActiveCfg = Release|Any CPU
		{248FFFFA-1E77-4E93-A1ED-236C5501C32A}.AppStore|Any CPU.Build.0 = Release|Any CPU
		{248FFFFA-1E77-4E93-A1ED-236C5501C32A}.AppStore|ARM.ActiveCfg = Release|ARM
		{248FFFFA-1E77-4E93-A1ED-236C5501C32A}.AppStore|ARM.Build.0 = Release|ARM
		{248FFFFA-1E77-4E93-A1ED-236C5501C32A}.AppStore|iPhone.ActiveCfg = Release|Any CPU
		{248FFFFA-1E77-4E93-A1ED-236C5501C32A}.AppStore|iPhoneSimulator.ActiveCfg = Release|Any CPU
		{248FFFFA-1E77-4E93-A1ED-236C5501C32A}.AppStore|Mixed Platforms.ActiveCfg = Release|x86
		{248FFFFA-1E77-4E93-A1ED-236C5501C32A}.AppStore|Mixed Platforms.Build.0 = Release|x86
		{248FFFFA-1E77-4E93-A1ED-236C5501C32A}.AppStore|x64.ActiveCfg = Release|Any CPU
		{248FFFFA-1E77-4E93-A1ED-236C5501C32A}.AppStore|x86.ActiveCfg = Release|x86
		{248FFFFA-1E77-4E93-A1ED-236C5501C32A}.AppStore|x86.Build.0 = Release|x86
		{248FFFFA-1E77-4E93-A1ED-236C5501C32A}.Debug|Any CPU.ActiveCfg = Debug|Any CPU
		{248FFFFA-1E77-4E93-A1ED-236C5501C32A}.Debug|Any CPU.Build.0 = Debug|Any CPU
		{248FFFFA-1E77-4E93-A1ED-236C5501C32A}.Debug|ARM.ActiveCfg = Debug|ARM
		{248FFFFA-1E77-4E93-A1ED-236C5501C32A}.Debug|ARM.Build.0 = Debug|ARM
		{248FFFFA-1E77-4E93-A1ED-236C5501C32A}.Debug|iPhone.ActiveCfg = Debug|Any CPU
		{248FFFFA-1E77-4E93-A1ED-236C5501C32A}.Debug|iPhoneSimulator.ActiveCfg = Debug|Any CPU
		{248FFFFA-1E77-4E93-A1ED-236C5501C32A}.Debug|Mixed Platforms.ActiveCfg = Debug|x86
		{248FFFFA-1E77-4E93-A1ED-236C5501C32A}.Debug|Mixed Platforms.Build.0 = Debug|x86
		{248FFFFA-1E77-4E93-A1ED-236C5501C32A}.Debug|x64.ActiveCfg = Debug|Any CPU
		{248FFFFA-1E77-4E93-A1ED-236C5501C32A}.Debug|x86.ActiveCfg = Debug|x86
		{248FFFFA-1E77-4E93-A1ED-236C5501C32A}.Debug|x86.Build.0 = Debug|x86
		{248FFFFA-1E77-4E93-A1ED-236C5501C32A}.Release|Any CPU.ActiveCfg = Release|Any CPU
		{248FFFFA-1E77-4E93-A1ED-236C5501C32A}.Release|Any CPU.Build.0 = Release|Any CPU
		{248FFFFA-1E77-4E93-A1ED-236C5501C32A}.Release|ARM.ActiveCfg = Release|ARM
		{248FFFFA-1E77-4E93-A1ED-236C5501C32A}.Release|ARM.Build.0 = Release|ARM
		{248FFFFA-1E77-4E93-A1ED-236C5501C32A}.Release|iPhone.ActiveCfg = Release|Any CPU
		{248FFFFA-1E77-4E93-A1ED-236C5501C32A}.Release|iPhoneSimulator.ActiveCfg = Release|Any CPU
		{248FFFFA-1E77-4E93-A1ED-236C5501C32A}.Release|Mixed Platforms.ActiveCfg = Release|x86
		{248FFFFA-1E77-4E93-A1ED-236C5501C32A}.Release|Mixed Platforms.Build.0 = Release|x86
		{248FFFFA-1E77-4E93-A1ED-236C5501C32A}.Release|x64.ActiveCfg = Release|Any CPU
		{248FFFFA-1E77-4E93-A1ED-236C5501C32A}.Release|x86.ActiveCfg = Release|x86
		{248FFFFA-1E77-4E93-A1ED-236C5501C32A}.Release|x86.Build.0 = Release|x86
		{EBDADCEB-D1B4-4FE4-9873-04CD80EDAD45}.Ad-Hoc|Any CPU.ActiveCfg = Release|Any CPU
		{EBDADCEB-D1B4-4FE4-9873-04CD80EDAD45}.Ad-Hoc|Any CPU.Build.0 = Release|Any CPU
		{EBDADCEB-D1B4-4FE4-9873-04CD80EDAD45}.Ad-Hoc|ARM.ActiveCfg = Release|Any CPU
		{EBDADCEB-D1B4-4FE4-9873-04CD80EDAD45}.Ad-Hoc|iPhone.ActiveCfg = Release|Any CPU
		{EBDADCEB-D1B4-4FE4-9873-04CD80EDAD45}.Ad-Hoc|iPhoneSimulator.ActiveCfg = Release|Any CPU
		{EBDADCEB-D1B4-4FE4-9873-04CD80EDAD45}.Ad-Hoc|Mixed Platforms.ActiveCfg = Release|Any CPU
		{EBDADCEB-D1B4-4FE4-9873-04CD80EDAD45}.Ad-Hoc|Mixed Platforms.Build.0 = Release|Any CPU
		{EBDADCEB-D1B4-4FE4-9873-04CD80EDAD45}.Ad-Hoc|x64.ActiveCfg = Release|Any CPU
		{EBDADCEB-D1B4-4FE4-9873-04CD80EDAD45}.Ad-Hoc|x86.ActiveCfg = Release|Any CPU
		{EBDADCEB-D1B4-4FE4-9873-04CD80EDAD45}.AppStore|Any CPU.ActiveCfg = Release|Any CPU
		{EBDADCEB-D1B4-4FE4-9873-04CD80EDAD45}.AppStore|Any CPU.Build.0 = Release|Any CPU
		{EBDADCEB-D1B4-4FE4-9873-04CD80EDAD45}.AppStore|ARM.ActiveCfg = Release|Any CPU
		{EBDADCEB-D1B4-4FE4-9873-04CD80EDAD45}.AppStore|iPhone.ActiveCfg = Release|Any CPU
		{EBDADCEB-D1B4-4FE4-9873-04CD80EDAD45}.AppStore|iPhoneSimulator.ActiveCfg = Release|Any CPU
		{EBDADCEB-D1B4-4FE4-9873-04CD80EDAD45}.AppStore|Mixed Platforms.ActiveCfg = Release|Any CPU
		{EBDADCEB-D1B4-4FE4-9873-04CD80EDAD45}.AppStore|Mixed Platforms.Build.0 = Release|Any CPU
		{EBDADCEB-D1B4-4FE4-9873-04CD80EDAD45}.AppStore|x64.ActiveCfg = Release|Any CPU
		{EBDADCEB-D1B4-4FE4-9873-04CD80EDAD45}.AppStore|x86.ActiveCfg = Release|Any CPU
		{EBDADCEB-D1B4-4FE4-9873-04CD80EDAD45}.Debug|Any CPU.ActiveCfg = Debug|Any CPU
		{EBDADCEB-D1B4-4FE4-9873-04CD80EDAD45}.Debug|Any CPU.Build.0 = Debug|Any CPU
		{EBDADCEB-D1B4-4FE4-9873-04CD80EDAD45}.Debug|ARM.ActiveCfg = Debug|Any CPU
		{EBDADCEB-D1B4-4FE4-9873-04CD80EDAD45}.Debug|iPhone.ActiveCfg = Debug|Any CPU
		{EBDADCEB-D1B4-4FE4-9873-04CD80EDAD45}.Debug|iPhoneSimulator.ActiveCfg = Debug|Any CPU
		{EBDADCEB-D1B4-4FE4-9873-04CD80EDAD45}.Debug|Mixed Platforms.ActiveCfg = Debug|Any CPU
		{EBDADCEB-D1B4-4FE4-9873-04CD80EDAD45}.Debug|Mixed Platforms.Build.0 = Debug|Any CPU
		{EBDADCEB-D1B4-4FE4-9873-04CD80EDAD45}.Debug|x64.ActiveCfg = Debug|Any CPU
		{EBDADCEB-D1B4-4FE4-9873-04CD80EDAD45}.Debug|x86.ActiveCfg = Debug|Any CPU
		{EBDADCEB-D1B4-4FE4-9873-04CD80EDAD45}.Release|Any CPU.ActiveCfg = Release|Any CPU
		{EBDADCEB-D1B4-4FE4-9873-04CD80EDAD45}.Release|Any CPU.Build.0 = Release|Any CPU
		{EBDADCEB-D1B4-4FE4-9873-04CD80EDAD45}.Release|ARM.ActiveCfg = Release|Any CPU
		{EBDADCEB-D1B4-4FE4-9873-04CD80EDAD45}.Release|iPhone.ActiveCfg = Release|Any CPU
		{EBDADCEB-D1B4-4FE4-9873-04CD80EDAD45}.Release|iPhoneSimulator.ActiveCfg = Release|Any CPU
		{EBDADCEB-D1B4-4FE4-9873-04CD80EDAD45}.Release|Mixed Platforms.ActiveCfg = Release|Any CPU
		{EBDADCEB-D1B4-4FE4-9873-04CD80EDAD45}.Release|Mixed Platforms.Build.0 = Release|Any CPU
		{EBDADCEB-D1B4-4FE4-9873-04CD80EDAD45}.Release|x64.ActiveCfg = Release|Any CPU
		{EBDADCEB-D1B4-4FE4-9873-04CD80EDAD45}.Release|x86.ActiveCfg = Release|Any CPU
		{6F2E30E7-E694-4782-BCB8-E67C360C9358}.Ad-Hoc|Any CPU.ActiveCfg = Release|Any CPU
		{6F2E30E7-E694-4782-BCB8-E67C360C9358}.Ad-Hoc|Any CPU.Build.0 = Release|Any CPU
		{6F2E30E7-E694-4782-BCB8-E67C360C9358}.Ad-Hoc|ARM.ActiveCfg = Release|ARM
		{6F2E30E7-E694-4782-BCB8-E67C360C9358}.Ad-Hoc|ARM.Build.0 = Release|ARM
		{6F2E30E7-E694-4782-BCB8-E67C360C9358}.Ad-Hoc|iPhone.ActiveCfg = Release|Any CPU
		{6F2E30E7-E694-4782-BCB8-E67C360C9358}.Ad-Hoc|iPhoneSimulator.ActiveCfg = Release|Any CPU
		{6F2E30E7-E694-4782-BCB8-E67C360C9358}.Ad-Hoc|Mixed Platforms.ActiveCfg = Release|x86
		{6F2E30E7-E694-4782-BCB8-E67C360C9358}.Ad-Hoc|Mixed Platforms.Build.0 = Release|x86
		{6F2E30E7-E694-4782-BCB8-E67C360C9358}.Ad-Hoc|x64.ActiveCfg = Release|Any CPU
		{6F2E30E7-E694-4782-BCB8-E67C360C9358}.Ad-Hoc|x86.ActiveCfg = Release|x86
		{6F2E30E7-E694-4782-BCB8-E67C360C9358}.Ad-Hoc|x86.Build.0 = Release|x86
		{6F2E30E7-E694-4782-BCB8-E67C360C9358}.AppStore|Any CPU.ActiveCfg = Release|Any CPU
		{6F2E30E7-E694-4782-BCB8-E67C360C9358}.AppStore|Any CPU.Build.0 = Release|Any CPU
		{6F2E30E7-E694-4782-BCB8-E67C360C9358}.AppStore|ARM.ActiveCfg = Release|ARM
		{6F2E30E7-E694-4782-BCB8-E67C360C9358}.AppStore|ARM.Build.0 = Release|ARM
		{6F2E30E7-E694-4782-BCB8-E67C360C9358}.AppStore|iPhone.ActiveCfg = Release|Any CPU
		{6F2E30E7-E694-4782-BCB8-E67C360C9358}.AppStore|iPhoneSimulator.ActiveCfg = Release|Any CPU
		{6F2E30E7-E694-4782-BCB8-E67C360C9358}.AppStore|Mixed Platforms.ActiveCfg = Release|x86
		{6F2E30E7-E694-4782-BCB8-E67C360C9358}.AppStore|Mixed Platforms.Build.0 = Release|x86
		{6F2E30E7-E694-4782-BCB8-E67C360C9358}.AppStore|x64.ActiveCfg = Release|Any CPU
		{6F2E30E7-E694-4782-BCB8-E67C360C9358}.AppStore|x86.ActiveCfg = Release|x86
		{6F2E30E7-E694-4782-BCB8-E67C360C9358}.AppStore|x86.Build.0 = Release|x86
		{6F2E30E7-E694-4782-BCB8-E67C360C9358}.Debug|Any CPU.ActiveCfg = Debug|Any CPU
		{6F2E30E7-E694-4782-BCB8-E67C360C9358}.Debug|Any CPU.Build.0 = Debug|Any CPU
		{6F2E30E7-E694-4782-BCB8-E67C360C9358}.Debug|ARM.ActiveCfg = Debug|ARM
		{6F2E30E7-E694-4782-BCB8-E67C360C9358}.Debug|ARM.Build.0 = Debug|ARM
		{6F2E30E7-E694-4782-BCB8-E67C360C9358}.Debug|iPhone.ActiveCfg = Debug|Any CPU
		{6F2E30E7-E694-4782-BCB8-E67C360C9358}.Debug|iPhoneSimulator.ActiveCfg = Debug|Any CPU
		{6F2E30E7-E694-4782-BCB8-E67C360C9358}.Debug|Mixed Platforms.ActiveCfg = Debug|x86
		{6F2E30E7-E694-4782-BCB8-E67C360C9358}.Debug|Mixed Platforms.Build.0 = Debug|x86
		{6F2E30E7-E694-4782-BCB8-E67C360C9358}.Debug|x64.ActiveCfg = Debug|Any CPU
		{6F2E30E7-E694-4782-BCB8-E67C360C9358}.Debug|x86.ActiveCfg = Debug|x86
		{6F2E30E7-E694-4782-BCB8-E67C360C9358}.Debug|x86.Build.0 = Debug|x86
		{6F2E30E7-E694-4782-BCB8-E67C360C9358}.Release|Any CPU.ActiveCfg = Release|Any CPU
		{6F2E30E7-E694-4782-BCB8-E67C360C9358}.Release|Any CPU.Build.0 = Release|Any CPU
		{6F2E30E7-E694-4782-BCB8-E67C360C9358}.Release|ARM.ActiveCfg = Release|ARM
		{6F2E30E7-E694-4782-BCB8-E67C360C9358}.Release|ARM.Build.0 = Release|ARM
		{6F2E30E7-E694-4782-BCB8-E67C360C9358}.Release|iPhone.ActiveCfg = Release|Any CPU
		{6F2E30E7-E694-4782-BCB8-E67C360C9358}.Release|iPhoneSimulator.ActiveCfg = Release|Any CPU
		{6F2E30E7-E694-4782-BCB8-E67C360C9358}.Release|Mixed Platforms.ActiveCfg = Release|x86
		{6F2E30E7-E694-4782-BCB8-E67C360C9358}.Release|Mixed Platforms.Build.0 = Release|x86
		{6F2E30E7-E694-4782-BCB8-E67C360C9358}.Release|x64.ActiveCfg = Release|Any CPU
		{6F2E30E7-E694-4782-BCB8-E67C360C9358}.Release|x86.ActiveCfg = Release|x86
		{6F2E30E7-E694-4782-BCB8-E67C360C9358}.Release|x86.Build.0 = Release|x86
		{1DF7E24F-CD43-4394-AA3C-BA0F755EF92F}.Ad-Hoc|Any CPU.ActiveCfg = Release|Any CPU
		{1DF7E24F-CD43-4394-AA3C-BA0F755EF92F}.Ad-Hoc|Any CPU.Build.0 = Release|Any CPU
		{1DF7E24F-CD43-4394-AA3C-BA0F755EF92F}.Ad-Hoc|ARM.ActiveCfg = Release|Any CPU
		{1DF7E24F-CD43-4394-AA3C-BA0F755EF92F}.Ad-Hoc|iPhone.ActiveCfg = Release|Any CPU
		{1DF7E24F-CD43-4394-AA3C-BA0F755EF92F}.Ad-Hoc|iPhoneSimulator.ActiveCfg = Release|Any CPU
		{1DF7E24F-CD43-4394-AA3C-BA0F755EF92F}.Ad-Hoc|Mixed Platforms.ActiveCfg = Release|Any CPU
		{1DF7E24F-CD43-4394-AA3C-BA0F755EF92F}.Ad-Hoc|Mixed Platforms.Build.0 = Release|Any CPU
		{1DF7E24F-CD43-4394-AA3C-BA0F755EF92F}.Ad-Hoc|x64.ActiveCfg = Release|Any CPU
		{1DF7E24F-CD43-4394-AA3C-BA0F755EF92F}.Ad-Hoc|x86.ActiveCfg = Release|Any CPU
		{1DF7E24F-CD43-4394-AA3C-BA0F755EF92F}.AppStore|Any CPU.ActiveCfg = Release|Any CPU
		{1DF7E24F-CD43-4394-AA3C-BA0F755EF92F}.AppStore|Any CPU.Build.0 = Release|Any CPU
		{1DF7E24F-CD43-4394-AA3C-BA0F755EF92F}.AppStore|ARM.ActiveCfg = Release|Any CPU
		{1DF7E24F-CD43-4394-AA3C-BA0F755EF92F}.AppStore|iPhone.ActiveCfg = Release|Any CPU
		{1DF7E24F-CD43-4394-AA3C-BA0F755EF92F}.AppStore|iPhoneSimulator.ActiveCfg = Release|Any CPU
		{1DF7E24F-CD43-4394-AA3C-BA0F755EF92F}.AppStore|Mixed Platforms.ActiveCfg = Release|Any CPU
		{1DF7E24F-CD43-4394-AA3C-BA0F755EF92F}.AppStore|Mixed Platforms.Build.0 = Release|Any CPU
		{1DF7E24F-CD43-4394-AA3C-BA0F755EF92F}.AppStore|x64.ActiveCfg = Release|Any CPU
		{1DF7E24F-CD43-4394-AA3C-BA0F755EF92F}.AppStore|x86.ActiveCfg = Release|Any CPU
		{1DF7E24F-CD43-4394-AA3C-BA0F755EF92F}.Debug|Any CPU.ActiveCfg = Debug|Any CPU
		{1DF7E24F-CD43-4394-AA3C-BA0F755EF92F}.Debug|Any CPU.Build.0 = Debug|Any CPU
		{1DF7E24F-CD43-4394-AA3C-BA0F755EF92F}.Debug|ARM.ActiveCfg = Debug|Any CPU
		{1DF7E24F-CD43-4394-AA3C-BA0F755EF92F}.Debug|iPhone.ActiveCfg = Debug|Any CPU
		{1DF7E24F-CD43-4394-AA3C-BA0F755EF92F}.Debug|iPhoneSimulator.ActiveCfg = Debug|Any CPU
		{1DF7E24F-CD43-4394-AA3C-BA0F755EF92F}.Debug|Mixed Platforms.ActiveCfg = Debug|Any CPU
		{1DF7E24F-CD43-4394-AA3C-BA0F755EF92F}.Debug|Mixed Platforms.Build.0 = Debug|Any CPU
		{1DF7E24F-CD43-4394-AA3C-BA0F755EF92F}.Debug|x64.ActiveCfg = Debug|Any CPU
		{1DF7E24F-CD43-4394-AA3C-BA0F755EF92F}.Debug|x86.ActiveCfg = Debug|Any CPU
		{1DF7E24F-CD43-4394-AA3C-BA0F755EF92F}.Release|Any CPU.ActiveCfg = Release|Any CPU
		{1DF7E24F-CD43-4394-AA3C-BA0F755EF92F}.Release|Any CPU.Build.0 = Release|Any CPU
		{1DF7E24F-CD43-4394-AA3C-BA0F755EF92F}.Release|ARM.ActiveCfg = Release|Any CPU
		{1DF7E24F-CD43-4394-AA3C-BA0F755EF92F}.Release|iPhone.ActiveCfg = Release|Any CPU
		{1DF7E24F-CD43-4394-AA3C-BA0F755EF92F}.Release|iPhoneSimulator.ActiveCfg = Release|Any CPU
		{1DF7E24F-CD43-4394-AA3C-BA0F755EF92F}.Release|Mixed Platforms.ActiveCfg = Release|Any CPU
		{1DF7E24F-CD43-4394-AA3C-BA0F755EF92F}.Release|Mixed Platforms.Build.0 = Release|Any CPU
		{1DF7E24F-CD43-4394-AA3C-BA0F755EF92F}.Release|x64.ActiveCfg = Release|Any CPU
		{1DF7E24F-CD43-4394-AA3C-BA0F755EF92F}.Release|x86.ActiveCfg = Release|Any CPU
		{5B1996AA-B41D-475C-933E-70E0CF816598}.Ad-Hoc|Any CPU.ActiveCfg = Release|Any CPU
		{5B1996AA-B41D-475C-933E-70E0CF816598}.Ad-Hoc|Any CPU.Build.0 = Release|Any CPU
		{5B1996AA-B41D-475C-933E-70E0CF816598}.Ad-Hoc|ARM.ActiveCfg = Release|Any CPU
		{5B1996AA-B41D-475C-933E-70E0CF816598}.Ad-Hoc|iPhone.ActiveCfg = Release|Any CPU
		{5B1996AA-B41D-475C-933E-70E0CF816598}.Ad-Hoc|iPhoneSimulator.ActiveCfg = Release|Any CPU
		{5B1996AA-B41D-475C-933E-70E0CF816598}.Ad-Hoc|Mixed Platforms.ActiveCfg = Release|Any CPU
		{5B1996AA-B41D-475C-933E-70E0CF816598}.Ad-Hoc|Mixed Platforms.Build.0 = Release|Any CPU
		{5B1996AA-B41D-475C-933E-70E0CF816598}.Ad-Hoc|x64.ActiveCfg = Release|Any CPU
		{5B1996AA-B41D-475C-933E-70E0CF816598}.Ad-Hoc|x86.ActiveCfg = Release|Any CPU
		{5B1996AA-B41D-475C-933E-70E0CF816598}.AppStore|Any CPU.ActiveCfg = Release|Any CPU
		{5B1996AA-B41D-475C-933E-70E0CF816598}.AppStore|Any CPU.Build.0 = Release|Any CPU
		{5B1996AA-B41D-475C-933E-70E0CF816598}.AppStore|ARM.ActiveCfg = Release|Any CPU
		{5B1996AA-B41D-475C-933E-70E0CF816598}.AppStore|iPhone.ActiveCfg = Release|Any CPU
		{5B1996AA-B41D-475C-933E-70E0CF816598}.AppStore|iPhoneSimulator.ActiveCfg = Release|Any CPU
		{5B1996AA-B41D-475C-933E-70E0CF816598}.AppStore|Mixed Platforms.ActiveCfg = Release|Any CPU
		{5B1996AA-B41D-475C-933E-70E0CF816598}.AppStore|Mixed Platforms.Build.0 = Release|Any CPU
		{5B1996AA-B41D-475C-933E-70E0CF816598}.AppStore|x64.ActiveCfg = Release|Any CPU
		{5B1996AA-B41D-475C-933E-70E0CF816598}.AppStore|x86.ActiveCfg = Release|Any CPU
		{5B1996AA-B41D-475C-933E-70E0CF816598}.Debug|Any CPU.ActiveCfg = Debug|Any CPU
		{5B1996AA-B41D-475C-933E-70E0CF816598}.Debug|Any CPU.Build.0 = Debug|Any CPU
		{5B1996AA-B41D-475C-933E-70E0CF816598}.Debug|ARM.ActiveCfg = Debug|Any CPU
		{5B1996AA-B41D-475C-933E-70E0CF816598}.Debug|iPhone.ActiveCfg = Debug|Any CPU
		{5B1996AA-B41D-475C-933E-70E0CF816598}.Debug|iPhoneSimulator.ActiveCfg = Debug|Any CPU
		{5B1996AA-B41D-475C-933E-70E0CF816598}.Debug|Mixed Platforms.ActiveCfg = Debug|Any CPU
		{5B1996AA-B41D-475C-933E-70E0CF816598}.Debug|Mixed Platforms.Build.0 = Debug|Any CPU
		{5B1996AA-B41D-475C-933E-70E0CF816598}.Debug|x64.ActiveCfg = Debug|Any CPU
		{5B1996AA-B41D-475C-933E-70E0CF816598}.Debug|x86.ActiveCfg = Debug|Any CPU
		{5B1996AA-B41D-475C-933E-70E0CF816598}.Release|Any CPU.ActiveCfg = Release|Any CPU
		{5B1996AA-B41D-475C-933E-70E0CF816598}.Release|Any CPU.Build.0 = Release|Any CPU
		{5B1996AA-B41D-475C-933E-70E0CF816598}.Release|ARM.ActiveCfg = Release|Any CPU
		{5B1996AA-B41D-475C-933E-70E0CF816598}.Release|iPhone.ActiveCfg = Release|Any CPU
		{5B1996AA-B41D-475C-933E-70E0CF816598}.Release|iPhoneSimulator.ActiveCfg = Release|Any CPU
		{5B1996AA-B41D-475C-933E-70E0CF816598}.Release|Mixed Platforms.ActiveCfg = Release|Any CPU
		{5B1996AA-B41D-475C-933E-70E0CF816598}.Release|Mixed Platforms.Build.0 = Release|Any CPU
		{5B1996AA-B41D-475C-933E-70E0CF816598}.Release|x64.ActiveCfg = Release|Any CPU
		{5B1996AA-B41D-475C-933E-70E0CF816598}.Release|x86.ActiveCfg = Release|Any CPU
		{8415DFD1-2B81-44D2-8779-FDD4346BE271}.Ad-Hoc|Any CPU.ActiveCfg = Release|Any CPU
		{8415DFD1-2B81-44D2-8779-FDD4346BE271}.Ad-Hoc|Any CPU.Build.0 = Release|Any CPU
		{8415DFD1-2B81-44D2-8779-FDD4346BE271}.Ad-Hoc|ARM.ActiveCfg = Release|Any CPU
		{8415DFD1-2B81-44D2-8779-FDD4346BE271}.Ad-Hoc|iPhone.ActiveCfg = Release|Any CPU
		{8415DFD1-2B81-44D2-8779-FDD4346BE271}.Ad-Hoc|iPhoneSimulator.ActiveCfg = Release|Any CPU
		{8415DFD1-2B81-44D2-8779-FDD4346BE271}.Ad-Hoc|Mixed Platforms.ActiveCfg = Release|Any CPU
		{8415DFD1-2B81-44D2-8779-FDD4346BE271}.Ad-Hoc|Mixed Platforms.Build.0 = Release|Any CPU
		{8415DFD1-2B81-44D2-8779-FDD4346BE271}.Ad-Hoc|x64.ActiveCfg = Release|Any CPU
		{8415DFD1-2B81-44D2-8779-FDD4346BE271}.Ad-Hoc|x86.ActiveCfg = Release|Any CPU
		{8415DFD1-2B81-44D2-8779-FDD4346BE271}.AppStore|Any CPU.ActiveCfg = Release|Any CPU
		{8415DFD1-2B81-44D2-8779-FDD4346BE271}.AppStore|Any CPU.Build.0 = Release|Any CPU
		{8415DFD1-2B81-44D2-8779-FDD4346BE271}.AppStore|ARM.ActiveCfg = Release|Any CPU
		{8415DFD1-2B81-44D2-8779-FDD4346BE271}.AppStore|iPhone.ActiveCfg = Release|Any CPU
		{8415DFD1-2B81-44D2-8779-FDD4346BE271}.AppStore|iPhoneSimulator.ActiveCfg = Release|Any CPU
		{8415DFD1-2B81-44D2-8779-FDD4346BE271}.AppStore|Mixed Platforms.ActiveCfg = Release|Any CPU
		{8415DFD1-2B81-44D2-8779-FDD4346BE271}.AppStore|Mixed Platforms.Build.0 = Release|Any CPU
		{8415DFD1-2B81-44D2-8779-FDD4346BE271}.AppStore|x64.ActiveCfg = Release|Any CPU
		{8415DFD1-2B81-44D2-8779-FDD4346BE271}.AppStore|x86.ActiveCfg = Release|Any CPU
		{8415DFD1-2B81-44D2-8779-FDD4346BE271}.Debug|Any CPU.ActiveCfg = Debug|Any CPU
		{8415DFD1-2B81-44D2-8779-FDD4346BE271}.Debug|Any CPU.Build.0 = Debug|Any CPU
		{8415DFD1-2B81-44D2-8779-FDD4346BE271}.Debug|ARM.ActiveCfg = Debug|Any CPU
		{8415DFD1-2B81-44D2-8779-FDD4346BE271}.Debug|iPhone.ActiveCfg = Debug|Any CPU
		{8415DFD1-2B81-44D2-8779-FDD4346BE271}.Debug|iPhoneSimulator.ActiveCfg = Debug|Any CPU
		{8415DFD1-2B81-44D2-8779-FDD4346BE271}.Debug|Mixed Platforms.ActiveCfg = Debug|Any CPU
		{8415DFD1-2B81-44D2-8779-FDD4346BE271}.Debug|Mixed Platforms.Build.0 = Debug|Any CPU
		{8415DFD1-2B81-44D2-8779-FDD4346BE271}.Debug|x64.ActiveCfg = Debug|Any CPU
		{8415DFD1-2B81-44D2-8779-FDD4346BE271}.Debug|x86.ActiveCfg = Debug|Any CPU
		{8415DFD1-2B81-44D2-8779-FDD4346BE271}.Release|Any CPU.ActiveCfg = Release|Any CPU
		{8415DFD1-2B81-44D2-8779-FDD4346BE271}.Release|Any CPU.Build.0 = Release|Any CPU
		{8415DFD1-2B81-44D2-8779-FDD4346BE271}.Release|ARM.ActiveCfg = Release|Any CPU
		{8415DFD1-2B81-44D2-8779-FDD4346BE271}.Release|iPhone.ActiveCfg = Release|Any CPU
		{8415DFD1-2B81-44D2-8779-FDD4346BE271}.Release|iPhoneSimulator.ActiveCfg = Release|Any CPU
		{8415DFD1-2B81-44D2-8779-FDD4346BE271}.Release|Mixed Platforms.ActiveCfg = Release|Any CPU
		{8415DFD1-2B81-44D2-8779-FDD4346BE271}.Release|Mixed Platforms.Build.0 = Release|Any CPU
		{8415DFD1-2B81-44D2-8779-FDD4346BE271}.Release|x64.ActiveCfg = Release|Any CPU
		{8415DFD1-2B81-44D2-8779-FDD4346BE271}.Release|x86.ActiveCfg = Release|Any CPU
		{493754B8-C77C-41A3-97AA-6BB895E408FE}.Ad-Hoc|Any CPU.ActiveCfg = Release|Any CPU
		{493754B8-C77C-41A3-97AA-6BB895E408FE}.Ad-Hoc|Any CPU.Build.0 = Release|Any CPU
		{493754B8-C77C-41A3-97AA-6BB895E408FE}.Ad-Hoc|ARM.ActiveCfg = Release|ARM
		{493754B8-C77C-41A3-97AA-6BB895E408FE}.Ad-Hoc|ARM.Build.0 = Release|ARM
		{493754B8-C77C-41A3-97AA-6BB895E408FE}.Ad-Hoc|iPhone.ActiveCfg = Release|Any CPU
		{493754B8-C77C-41A3-97AA-6BB895E408FE}.Ad-Hoc|iPhone.Build.0 = Release|Any CPU
		{493754B8-C77C-41A3-97AA-6BB895E408FE}.Ad-Hoc|iPhoneSimulator.ActiveCfg = Release|Any CPU
		{493754B8-C77C-41A3-97AA-6BB895E408FE}.Ad-Hoc|iPhoneSimulator.Build.0 = Release|Any CPU
		{493754B8-C77C-41A3-97AA-6BB895E408FE}.Ad-Hoc|Mixed Platforms.ActiveCfg = Release|x86
		{493754B8-C77C-41A3-97AA-6BB895E408FE}.Ad-Hoc|Mixed Platforms.Build.0 = Release|x86
		{493754B8-C77C-41A3-97AA-6BB895E408FE}.Ad-Hoc|x64.ActiveCfg = Release|x64
		{493754B8-C77C-41A3-97AA-6BB895E408FE}.Ad-Hoc|x64.Build.0 = Release|x64
		{493754B8-C77C-41A3-97AA-6BB895E408FE}.Ad-Hoc|x86.ActiveCfg = Release|x86
		{493754B8-C77C-41A3-97AA-6BB895E408FE}.Ad-Hoc|x86.Build.0 = Release|x86
		{493754B8-C77C-41A3-97AA-6BB895E408FE}.AppStore|Any CPU.ActiveCfg = Release|Any CPU
		{493754B8-C77C-41A3-97AA-6BB895E408FE}.AppStore|Any CPU.Build.0 = Release|Any CPU
		{493754B8-C77C-41A3-97AA-6BB895E408FE}.AppStore|ARM.ActiveCfg = Release|ARM
		{493754B8-C77C-41A3-97AA-6BB895E408FE}.AppStore|ARM.Build.0 = Release|ARM
		{493754B8-C77C-41A3-97AA-6BB895E408FE}.AppStore|iPhone.ActiveCfg = Release|Any CPU
		{493754B8-C77C-41A3-97AA-6BB895E408FE}.AppStore|iPhone.Build.0 = Release|Any CPU
		{493754B8-C77C-41A3-97AA-6BB895E408FE}.AppStore|iPhoneSimulator.ActiveCfg = Release|Any CPU
		{493754B8-C77C-41A3-97AA-6BB895E408FE}.AppStore|iPhoneSimulator.Build.0 = Release|Any CPU
		{493754B8-C77C-41A3-97AA-6BB895E408FE}.AppStore|Mixed Platforms.ActiveCfg = Release|x86
		{493754B8-C77C-41A3-97AA-6BB895E408FE}.AppStore|Mixed Platforms.Build.0 = Release|x86
		{493754B8-C77C-41A3-97AA-6BB895E408FE}.AppStore|x64.ActiveCfg = Release|x64
		{493754B8-C77C-41A3-97AA-6BB895E408FE}.AppStore|x64.Build.0 = Release|x64
		{493754B8-C77C-41A3-97AA-6BB895E408FE}.AppStore|x86.ActiveCfg = Release|x86
		{493754B8-C77C-41A3-97AA-6BB895E408FE}.AppStore|x86.Build.0 = Release|x86
		{493754B8-C77C-41A3-97AA-6BB895E408FE}.Debug|Any CPU.ActiveCfg = Debug|Any CPU
		{493754B8-C77C-41A3-97AA-6BB895E408FE}.Debug|Any CPU.Build.0 = Debug|Any CPU
		{493754B8-C77C-41A3-97AA-6BB895E408FE}.Debug|ARM.ActiveCfg = Debug|ARM
		{493754B8-C77C-41A3-97AA-6BB895E408FE}.Debug|ARM.Build.0 = Debug|ARM
		{493754B8-C77C-41A3-97AA-6BB895E408FE}.Debug|iPhone.ActiveCfg = Debug|Any CPU
		{493754B8-C77C-41A3-97AA-6BB895E408FE}.Debug|iPhone.Build.0 = Debug|Any CPU
		{493754B8-C77C-41A3-97AA-6BB895E408FE}.Debug|iPhoneSimulator.ActiveCfg = Debug|Any CPU
		{493754B8-C77C-41A3-97AA-6BB895E408FE}.Debug|iPhoneSimulator.Build.0 = Debug|Any CPU
		{493754B8-C77C-41A3-97AA-6BB895E408FE}.Debug|Mixed Platforms.ActiveCfg = Debug|x86
		{493754B8-C77C-41A3-97AA-6BB895E408FE}.Debug|Mixed Platforms.Build.0 = Debug|x86
		{493754B8-C77C-41A3-97AA-6BB895E408FE}.Debug|x64.ActiveCfg = Debug|x64
		{493754B8-C77C-41A3-97AA-6BB895E408FE}.Debug|x64.Build.0 = Debug|x64
		{493754B8-C77C-41A3-97AA-6BB895E408FE}.Debug|x86.ActiveCfg = Debug|x86
		{493754B8-C77C-41A3-97AA-6BB895E408FE}.Debug|x86.Build.0 = Debug|x86
		{493754B8-C77C-41A3-97AA-6BB895E408FE}.Release|Any CPU.ActiveCfg = Release|Any CPU
		{493754B8-C77C-41A3-97AA-6BB895E408FE}.Release|Any CPU.Build.0 = Release|Any CPU
		{493754B8-C77C-41A3-97AA-6BB895E408FE}.Release|ARM.ActiveCfg = Release|ARM
		{493754B8-C77C-41A3-97AA-6BB895E408FE}.Release|ARM.Build.0 = Release|ARM
		{493754B8-C77C-41A3-97AA-6BB895E408FE}.Release|iPhone.ActiveCfg = Release|Any CPU
		{493754B8-C77C-41A3-97AA-6BB895E408FE}.Release|iPhone.Build.0 = Release|Any CPU
		{493754B8-C77C-41A3-97AA-6BB895E408FE}.Release|iPhoneSimulator.ActiveCfg = Release|Any CPU
		{493754B8-C77C-41A3-97AA-6BB895E408FE}.Release|iPhoneSimulator.Build.0 = Release|Any CPU
		{493754B8-C77C-41A3-97AA-6BB895E408FE}.Release|Mixed Platforms.ActiveCfg = Release|x86
		{493754B8-C77C-41A3-97AA-6BB895E408FE}.Release|Mixed Platforms.Build.0 = Release|x86
		{493754B8-C77C-41A3-97AA-6BB895E408FE}.Release|x64.ActiveCfg = Release|x64
		{493754B8-C77C-41A3-97AA-6BB895E408FE}.Release|x64.Build.0 = Release|x64
		{493754B8-C77C-41A3-97AA-6BB895E408FE}.Release|x86.ActiveCfg = Release|x86
		{493754B8-C77C-41A3-97AA-6BB895E408FE}.Release|x86.Build.0 = Release|x86
		{0E2D6677-AD1A-44E9-88DC-F94C2ED55CB1}.Ad-Hoc|Any CPU.ActiveCfg = Release|x86
		{0E2D6677-AD1A-44E9-88DC-F94C2ED55CB1}.Ad-Hoc|Any CPU.Build.0 = Release|x86
		{0E2D6677-AD1A-44E9-88DC-F94C2ED55CB1}.Ad-Hoc|Any CPU.Deploy.0 = Release|x86
		{0E2D6677-AD1A-44E9-88DC-F94C2ED55CB1}.Ad-Hoc|ARM.ActiveCfg = Release|ARM
		{0E2D6677-AD1A-44E9-88DC-F94C2ED55CB1}.Ad-Hoc|ARM.Build.0 = Release|ARM
		{0E2D6677-AD1A-44E9-88DC-F94C2ED55CB1}.Ad-Hoc|ARM.Deploy.0 = Release|ARM
		{0E2D6677-AD1A-44E9-88DC-F94C2ED55CB1}.Ad-Hoc|iPhone.ActiveCfg = Release|x86
		{0E2D6677-AD1A-44E9-88DC-F94C2ED55CB1}.Ad-Hoc|iPhone.Build.0 = Release|x86
		{0E2D6677-AD1A-44E9-88DC-F94C2ED55CB1}.Ad-Hoc|iPhone.Deploy.0 = Release|x86
		{0E2D6677-AD1A-44E9-88DC-F94C2ED55CB1}.Ad-Hoc|iPhoneSimulator.ActiveCfg = Release|x86
		{0E2D6677-AD1A-44E9-88DC-F94C2ED55CB1}.Ad-Hoc|iPhoneSimulator.Build.0 = Release|x86
		{0E2D6677-AD1A-44E9-88DC-F94C2ED55CB1}.Ad-Hoc|iPhoneSimulator.Deploy.0 = Release|x86
		{0E2D6677-AD1A-44E9-88DC-F94C2ED55CB1}.Ad-Hoc|Mixed Platforms.ActiveCfg = Release|x86
		{0E2D6677-AD1A-44E9-88DC-F94C2ED55CB1}.Ad-Hoc|Mixed Platforms.Build.0 = Release|x86
		{0E2D6677-AD1A-44E9-88DC-F94C2ED55CB1}.Ad-Hoc|Mixed Platforms.Deploy.0 = Release|x86
		{0E2D6677-AD1A-44E9-88DC-F94C2ED55CB1}.Ad-Hoc|x64.ActiveCfg = Release|x64
		{0E2D6677-AD1A-44E9-88DC-F94C2ED55CB1}.Ad-Hoc|x64.Build.0 = Release|x64
		{0E2D6677-AD1A-44E9-88DC-F94C2ED55CB1}.Ad-Hoc|x64.Deploy.0 = Release|x64
		{0E2D6677-AD1A-44E9-88DC-F94C2ED55CB1}.Ad-Hoc|x86.ActiveCfg = Release|x86
		{0E2D6677-AD1A-44E9-88DC-F94C2ED55CB1}.Ad-Hoc|x86.Build.0 = Release|x86
		{0E2D6677-AD1A-44E9-88DC-F94C2ED55CB1}.Ad-Hoc|x86.Deploy.0 = Release|x86
		{0E2D6677-AD1A-44E9-88DC-F94C2ED55CB1}.AppStore|Any CPU.ActiveCfg = Release|x86
		{0E2D6677-AD1A-44E9-88DC-F94C2ED55CB1}.AppStore|Any CPU.Build.0 = Release|x86
		{0E2D6677-AD1A-44E9-88DC-F94C2ED55CB1}.AppStore|Any CPU.Deploy.0 = Release|x86
		{0E2D6677-AD1A-44E9-88DC-F94C2ED55CB1}.AppStore|ARM.ActiveCfg = Release|ARM
		{0E2D6677-AD1A-44E9-88DC-F94C2ED55CB1}.AppStore|ARM.Build.0 = Release|ARM
		{0E2D6677-AD1A-44E9-88DC-F94C2ED55CB1}.AppStore|ARM.Deploy.0 = Release|ARM
		{0E2D6677-AD1A-44E9-88DC-F94C2ED55CB1}.AppStore|iPhone.ActiveCfg = Release|x86
		{0E2D6677-AD1A-44E9-88DC-F94C2ED55CB1}.AppStore|iPhone.Build.0 = Release|x86
		{0E2D6677-AD1A-44E9-88DC-F94C2ED55CB1}.AppStore|iPhone.Deploy.0 = Release|x86
		{0E2D6677-AD1A-44E9-88DC-F94C2ED55CB1}.AppStore|iPhoneSimulator.ActiveCfg = Release|x86
		{0E2D6677-AD1A-44E9-88DC-F94C2ED55CB1}.AppStore|iPhoneSimulator.Build.0 = Release|x86
		{0E2D6677-AD1A-44E9-88DC-F94C2ED55CB1}.AppStore|iPhoneSimulator.Deploy.0 = Release|x86
		{0E2D6677-AD1A-44E9-88DC-F94C2ED55CB1}.AppStore|Mixed Platforms.ActiveCfg = Release|x86
		{0E2D6677-AD1A-44E9-88DC-F94C2ED55CB1}.AppStore|Mixed Platforms.Build.0 = Release|x86
		{0E2D6677-AD1A-44E9-88DC-F94C2ED55CB1}.AppStore|Mixed Platforms.Deploy.0 = Release|x86
		{0E2D6677-AD1A-44E9-88DC-F94C2ED55CB1}.AppStore|x64.ActiveCfg = Release|x64
		{0E2D6677-AD1A-44E9-88DC-F94C2ED55CB1}.AppStore|x64.Build.0 = Release|x64
		{0E2D6677-AD1A-44E9-88DC-F94C2ED55CB1}.AppStore|x64.Deploy.0 = Release|x64
		{0E2D6677-AD1A-44E9-88DC-F94C2ED55CB1}.AppStore|x86.ActiveCfg = Release|x86
		{0E2D6677-AD1A-44E9-88DC-F94C2ED55CB1}.AppStore|x86.Build.0 = Release|x86
		{0E2D6677-AD1A-44E9-88DC-F94C2ED55CB1}.AppStore|x86.Deploy.0 = Release|x86
		{0E2D6677-AD1A-44E9-88DC-F94C2ED55CB1}.Debug|Any CPU.ActiveCfg = Debug|x86
		{0E2D6677-AD1A-44E9-88DC-F94C2ED55CB1}.Debug|ARM.ActiveCfg = Debug|ARM
		{0E2D6677-AD1A-44E9-88DC-F94C2ED55CB1}.Debug|ARM.Build.0 = Debug|ARM
		{0E2D6677-AD1A-44E9-88DC-F94C2ED55CB1}.Debug|ARM.Deploy.0 = Debug|ARM
		{0E2D6677-AD1A-44E9-88DC-F94C2ED55CB1}.Debug|iPhone.ActiveCfg = Debug|x86
		{0E2D6677-AD1A-44E9-88DC-F94C2ED55CB1}.Debug|iPhoneSimulator.ActiveCfg = Debug|x86
		{0E2D6677-AD1A-44E9-88DC-F94C2ED55CB1}.Debug|Mixed Platforms.ActiveCfg = Debug|x86
		{0E2D6677-AD1A-44E9-88DC-F94C2ED55CB1}.Debug|Mixed Platforms.Build.0 = Debug|x86
		{0E2D6677-AD1A-44E9-88DC-F94C2ED55CB1}.Debug|Mixed Platforms.Deploy.0 = Debug|x86
		{0E2D6677-AD1A-44E9-88DC-F94C2ED55CB1}.Debug|x64.ActiveCfg = Debug|x64
		{0E2D6677-AD1A-44E9-88DC-F94C2ED55CB1}.Debug|x64.Build.0 = Debug|x64
		{0E2D6677-AD1A-44E9-88DC-F94C2ED55CB1}.Debug|x64.Deploy.0 = Debug|x64
		{0E2D6677-AD1A-44E9-88DC-F94C2ED55CB1}.Debug|x86.ActiveCfg = Debug|x86
		{0E2D6677-AD1A-44E9-88DC-F94C2ED55CB1}.Debug|x86.Build.0 = Debug|x86
		{0E2D6677-AD1A-44E9-88DC-F94C2ED55CB1}.Debug|x86.Deploy.0 = Debug|x86
		{0E2D6677-AD1A-44E9-88DC-F94C2ED55CB1}.Release|Any CPU.ActiveCfg = Release|x86
		{0E2D6677-AD1A-44E9-88DC-F94C2ED55CB1}.Release|ARM.ActiveCfg = Release|ARM
		{0E2D6677-AD1A-44E9-88DC-F94C2ED55CB1}.Release|ARM.Build.0 = Release|ARM
		{0E2D6677-AD1A-44E9-88DC-F94C2ED55CB1}.Release|ARM.Deploy.0 = Release|ARM
		{0E2D6677-AD1A-44E9-88DC-F94C2ED55CB1}.Release|iPhone.ActiveCfg = Release|x86
		{0E2D6677-AD1A-44E9-88DC-F94C2ED55CB1}.Release|iPhoneSimulator.ActiveCfg = Release|x86
		{0E2D6677-AD1A-44E9-88DC-F94C2ED55CB1}.Release|Mixed Platforms.ActiveCfg = Release|x86
		{0E2D6677-AD1A-44E9-88DC-F94C2ED55CB1}.Release|Mixed Platforms.Build.0 = Release|x86
		{0E2D6677-AD1A-44E9-88DC-F94C2ED55CB1}.Release|Mixed Platforms.Deploy.0 = Release|x86
		{0E2D6677-AD1A-44E9-88DC-F94C2ED55CB1}.Release|x64.ActiveCfg = Release|x64
		{0E2D6677-AD1A-44E9-88DC-F94C2ED55CB1}.Release|x64.Build.0 = Release|x64
		{0E2D6677-AD1A-44E9-88DC-F94C2ED55CB1}.Release|x64.Deploy.0 = Release|x64
		{0E2D6677-AD1A-44E9-88DC-F94C2ED55CB1}.Release|x86.ActiveCfg = Release|x86
		{0E2D6677-AD1A-44E9-88DC-F94C2ED55CB1}.Release|x86.Build.0 = Release|x86
		{0E2D6677-AD1A-44E9-88DC-F94C2ED55CB1}.Release|x86.Deploy.0 = Release|x86
	EndGlobalSection
	GlobalSection(SolutionProperties) = preSolution
		HideSolutionNode = FALSE
	EndGlobalSection
	GlobalSection(NestedProjects) = preSolution
		{7E9E7C1C-9235-4D46-BF4C-CA6A0C8B6E29} = {95E24DC3-BFE7-4F15-9F1E-86DEB394F3E2}
		{2E4D0D6A-CE0C-447D-AC16-2143B62A6B25} = {95E24DC3-BFE7-4F15-9F1E-86DEB394F3E2}
		{B1019C4B-E37A-4B75-9AFC-980820320B6B} = {95E24DC3-BFE7-4F15-9F1E-86DEB394F3E2}
		{880248EE-2496-4516-837C-C6724AFA46B3} = {95E24DC3-BFE7-4F15-9F1E-86DEB394F3E2}
		{CAD5F2F4-842A-4D67-A862-7668C442E8ED} = {900F6DB8-A11C-4945-A75A-FAEB853F4930}
		{06FE0C81-97BD-46BA-84CA-E7E2E1284AAD} = {900F6DB8-A11C-4945-A75A-FAEB853F4930}
		{190B3C22-2763-4316-A93A-631995EB07AD} = {900F6DB8-A11C-4945-A75A-FAEB853F4930}
		{90AB40EB-C012-482C-8C61-FCF2BA56FB60} = {EB70247B-61F3-4DB5-AD7A-7A37E8FF4FC7}
		{7A000A7C-9C30-46F3-9994-003D4F70BA0F} = {EB70247B-61F3-4DB5-AD7A-7A37E8FF4FC7}
		{0F210FAE-78BB-4D1A-BCC8-ECDABB99ECC0} = {EB70247B-61F3-4DB5-AD7A-7A37E8FF4FC7}
		{58E8F798-547A-47B2-B6A0-48F751D36517} = {EB70247B-61F3-4DB5-AD7A-7A37E8FF4FC7}
		{248FFFFA-1E77-4E93-A1ED-236C5501C32A} = {EB70247B-61F3-4DB5-AD7A-7A37E8FF4FC7}
		{EBDADCEB-D1B4-4FE4-9873-04CD80EDAD45} = {95E24DC3-BFE7-4F15-9F1E-86DEB394F3E2}
		{6F2E30E7-E694-4782-BCB8-E67C360C9358} = {95E24DC3-BFE7-4F15-9F1E-86DEB394F3E2}
		{1DF7E24F-CD43-4394-AA3C-BA0F755EF92F} = {95E24DC3-BFE7-4F15-9F1E-86DEB394F3E2}
		{5B1996AA-B41D-475C-933E-70E0CF816598} = {900F6DB8-A11C-4945-A75A-FAEB853F4930}
		{8415DFD1-2B81-44D2-8779-FDD4346BE271} = {95E24DC3-BFE7-4F15-9F1E-86DEB394F3E2}
		{493754B8-C77C-41A3-97AA-6BB895E408FE} = {95E24DC3-BFE7-4F15-9F1E-86DEB394F3E2}
		{0E2D6677-AD1A-44E9-88DC-F94C2ED55CB1} = {900F6DB8-A11C-4945-A75A-FAEB853F4930}
	EndGlobalSection
EndGlobal
