
Microsoft Visual Studio Solution File, Format Version 12.00
# Visual Studio 15
VisualStudioVersion = 15.0.26228.9
MinimumVisualStudioVersion = 10.0.40219.1
Project("{D954291E-2A0B-460D-934E-DC6B0785DB48}") = "Acr.Settings.Shared", "Acr.Settings.Shared\Acr.Settings.Shared.shproj", "{62F5D64A-791E-460B-AFC4-AF26673EA4CE}"
EndProject
Project("{2150E333-8FDC-42A3-9474-1A3956D46DE8}") = "Platforms", "Platforms", "{95E24DC3-BFE7-4F15-9F1E-86DEB394F3E2}"
EndProject
Project("{FAE04EC0-301F-11D3-BF4B-00C04F79EFBC}") = "Acr.Settings", "Acr.Settings\Acr.Settings.csproj", "{7E9E7C1C-9235-4D46-BF4C-CA6A0C8B6E29}"
EndProject
Project("{FAE04EC0-301F-11D3-BF4B-00C04F79EFBC}") = "Acr.Settings.iOS", "Acr.Settings.iOS\Acr.Settings.iOS.csproj", "{2E4D0D6A-CE0C-447D-AC16-2143B62A6B25}"
EndProject
Project("{FAE04EC0-301F-11D3-BF4B-00C04F79EFBC}") = "Acr.Settings.Android", "Acr.Settings.Android\Acr.Settings.Android.csproj", "{B1019C4B-E37A-4B75-9AFC-980820320B6B}"
EndProject
Project("{2150E333-8FDC-42A3-9474-1A3956D46DE8}") = "Solution Items", "Solution Items", "{AB0D1345-2F41-41ED-9D4E-78BDD9860AFF}"
	ProjectSection(SolutionItems) = preProject
		..\nuspec\Acr.MvvmCross.Plugins.Settings.nuspec = ..\nuspec\Acr.MvvmCross.Plugins.Settings.nuspec
		..\nuspec\Acr.Settings.nuspec = ..\nuspec\Acr.Settings.nuspec
		..\nuspec\nuget.exe = ..\nuspec\nuget.exe
		..\nuspec\pack.cmd = ..\nuspec\pack.cmd
		..\nuspec\push.cmd = ..\nuspec\push.cmd
		..\readme.md = ..\readme.md
	EndProjectSection
EndProject
Project("{2150E333-8FDC-42A3-9474-1A3956D46DE8}") = "Tests", "Tests", "{900F6DB8-A11C-4945-A75A-FAEB853F4930}"
EndProject
Project("{FAE04EC0-301F-11D3-BF4B-00C04F79EFBC}") = "Acr.Settings.iOS.Tests", "..\tests\Acr.Settings.iOS.Tests\Acr.Settings.iOS.Tests.csproj", "{CAD5F2F4-842A-4D67-A862-7668C442E8ED}"
EndProject
Project("{FAE04EC0-301F-11D3-BF4B-00C04F79EFBC}") = "Acr.Settings.Android.Tests", "..\tests\Acr.Settings.Android.Tests\Acr.Settings.Android.Tests.csproj", "{06FE0C81-97BD-46BA-84CA-E7E2E1284AAD}"
EndProject
Project("{D954291E-2A0B-460D-934E-DC6B0785DB48}") = "Acr.Settings.Tests", "..\tests\Acr.Settings.Tests\Acr.Settings.Tests.shproj", "{190B3C22-2763-4316-A93A-631995EB07AD}"
EndProject
Project("{FAE04EC0-301F-11D3-BF4B-00C04F79EFBC}") = "Acr.Settings.Interface", "Acr.Settings.Interface\Acr.Settings.Interface.csproj", "{EBDADCEB-D1B4-4FE4-9873-04CD80EDAD45}"
EndProject
Project("{FAE04EC0-301F-11D3-BF4B-00C04F79EFBC}") = "Acr.Settings.NetCore.Tests", "..\tests\Acr.Settings.NetCore.Tests\Acr.Settings.NetCore.Tests.csproj", "{5B1996AA-B41D-475C-933E-70E0CF816598}"
EndProject
Project("{FAE04EC0-301F-11D3-BF4B-00C04F79EFBC}") = "Acr.Settings.Mac", "Acr.Settings.Mac\Acr.Settings.Mac.csproj", "{F3ACF891-B8BE-4526-9EED-A7DF80EBF665}"
EndProject
Project("{FAE04EC0-301F-11D3-BF4B-00C04F79EFBC}") = "NetFullTest", "NetFullTest\NetFullTest.csproj", "{3D240354-2753-47E7-92FF-90CE840CBAB6}"
EndProject
Project("{FAE04EC0-301F-11D3-BF4B-00C04F79EFBC}") = "Acr.Settings.Uwp", "Acr.Settings.Uwp\Acr.Settings.Uwp.csproj", "{5F210853-30FC-47CC-82A9-A40D4C7EE64C}"
EndProject
Project("{FAE04EC0-301F-11D3-BF4B-00C04F79EFBC}") = "Acr.Settings.Net", "Acr.Settings.Net\Acr.Settings.Net.csproj", "{75D26DF9-1BD2-4B7E-AC3E-BFF1ED4E0ECE}"
EndProject
Global
	GlobalSection(SharedMSBuildProjectFiles) = preSolution
		..\tests\Acr.Settings.Tests\Acr.Settings.Tests.projitems*{06fe0c81-97bd-46ba-84ca-e7e2e1284aad}*SharedItemsImports = 4
		..\tests\Acr.Settings.Tests\Acr.Settings.Tests.projitems*{190b3c22-2763-4316-a93a-631995eb07ad}*SharedItemsImports = 13
		Acr.Settings.Shared\Acr.Settings.Shared.projitems*{2e4d0d6a-ce0c-447d-ac16-2143b62a6b25}*SharedItemsImports = 4
		..\tests\Acr.Settings.Tests\Acr.Settings.Tests.projitems*{5b1996aa-b41d-475c-933e-70e0cf816598}*SharedItemsImports = 4
		Acr.Settings.Shared\Acr.Settings.Shared.projitems*{5f210853-30fc-47cc-82a9-a40d4c7ee64c}*SharedItemsImports = 4
		Acr.Settings.Shared\Acr.Settings.Shared.projitems*{62f5d64a-791e-460b-afc4-af26673ea4ce}*SharedItemsImports = 13
		Acr.Settings.Shared\Acr.Settings.Shared.projitems*{75d26df9-1bd2-4b7e-ac3e-bff1ed4e0ece}*SharedItemsImports = 4
		Acr.Settings.Shared\Acr.Settings.Shared.projitems*{7e9e7c1c-9235-4d46-bf4c-ca6a0c8b6e29}*SharedItemsImports = 4
		Acr.Settings.Shared\Acr.Settings.Shared.projitems*{b1019c4b-e37a-4b75-9afc-980820320b6b}*SharedItemsImports = 4
		..\tests\Acr.Settings.Tests\Acr.Settings.Tests.projitems*{cad5f2f4-842a-4d67-a862-7668c442e8ed}*SharedItemsImports = 4
		Acr.Settings.Shared\Acr.Settings.Shared.projitems*{f3acf891-b8be-4526-9eed-a7df80ebf665}*SharedItemsImports = 4
	EndGlobalSection
	GlobalSection(SolutionConfigurationPlatforms) = preSolution
		Ad-Hoc|Any CPU = Ad-Hoc|Any CPU
		Ad-Hoc|ARM = Ad-Hoc|ARM
		Ad-Hoc|iPhone = Ad-Hoc|iPhone
		Ad-Hoc|iPhoneSimulator = Ad-Hoc|iPhoneSimulator
		Ad-Hoc|Mixed Platforms = Ad-Hoc|Mixed Platforms
		Ad-Hoc|x64 = Ad-Hoc|x64
		Ad-Hoc|x86 = Ad-Hoc|x86
		AppStore|Any CPU = AppStore|Any CPU
		AppStore|ARM = AppStore|ARM
		AppStore|iPhone = AppStore|iPhone
		AppStore|iPhoneSimulator = AppStore|iPhoneSimulator
		AppStore|Mixed Platforms = AppStore|Mixed Platforms
		AppStore|x64 = AppStore|x64
		AppStore|x86 = AppStore|x86
		Debug|Any CPU = Debug|Any CPU
		Debug|ARM = Debug|ARM
		Debug|iPhone = Debug|iPhone
		Debug|iPhoneSimulator = Debug|iPhoneSimulator
		Debug|Mixed Platforms = Debug|Mixed Platforms
		Debug|x64 = Debug|x64
		Debug|x86 = Debug|x86
		Release|Any CPU = Release|Any CPU
		Release|ARM = Release|ARM
		Release|iPhone = Release|iPhone
		Release|iPhoneSimulator = Release|iPhoneSimulator
		Release|Mixed Platforms = Release|Mixed Platforms
		Release|x64 = Release|x64
		Release|x86 = Release|x86
	EndGlobalSection
	GlobalSection(ProjectConfigurationPlatforms) = postSolution
		{7E9E7C1C-9235-4D46-BF4C-CA6A0C8B6E29}.Ad-Hoc|Any CPU.ActiveCfg = Release|Any CPU
		{7E9E7C1C-9235-4D46-BF4C-CA6A0C8B6E29}.Ad-Hoc|Any CPU.Build.0 = Release|Any CPU
		{7E9E7C1C-9235-4D46-BF4C-CA6A0C8B6E29}.Ad-Hoc|ARM.ActiveCfg = Debug|Any CPU
		{7E9E7C1C-9235-4D46-BF4C-CA6A0C8B6E29}.Ad-Hoc|iPhone.ActiveCfg = Release|Any CPU
		{7E9E7C1C-9235-4D46-BF4C-CA6A0C8B6E29}.Ad-Hoc|iPhoneSimulator.ActiveCfg = Release|Any CPU
		{7E9E7C1C-9235-4D46-BF4C-CA6A0C8B6E29}.Ad-Hoc|Mixed Platforms.ActiveCfg = Release|Any CPU
		{7E9E7C1C-9235-4D46-BF4C-CA6A0C8B6E29}.Ad-Hoc|Mixed Platforms.Build.0 = Release|Any CPU
		{7E9E7C1C-9235-4D46-BF4C-CA6A0C8B6E29}.Ad-Hoc|x64.ActiveCfg = Debug|Any CPU
		{7E9E7C1C-9235-4D46-BF4C-CA6A0C8B6E29}.Ad-Hoc|x86.ActiveCfg = Debug|Any CPU
		{7E9E7C1C-9235-4D46-BF4C-CA6A0C8B6E29}.AppStore|Any CPU.ActiveCfg = Release|Any CPU
		{7E9E7C1C-9235-4D46-BF4C-CA6A0C8B6E29}.AppStore|Any CPU.Build.0 = Release|Any CPU
		{7E9E7C1C-9235-4D46-BF4C-CA6A0C8B6E29}.AppStore|ARM.ActiveCfg = Debug|Any CPU
		{7E9E7C1C-9235-4D46-BF4C-CA6A0C8B6E29}.AppStore|iPhone.ActiveCfg = Release|Any CPU
		{7E9E7C1C-9235-4D46-BF4C-CA6A0C8B6E29}.AppStore|iPhoneSimulator.ActiveCfg = Release|Any CPU
		{7E9E7C1C-9235-4D46-BF4C-CA6A0C8B6E29}.AppStore|Mixed Platforms.ActiveCfg = Release|Any CPU
		{7E9E7C1C-9235-4D46-BF4C-CA6A0C8B6E29}.AppStore|Mixed Platforms.Build.0 = Release|Any CPU
		{7E9E7C1C-9235-4D46-BF4C-CA6A0C8B6E29}.AppStore|x64.ActiveCfg = Debug|Any CPU
		{7E9E7C1C-9235-4D46-BF4C-CA6A0C8B6E29}.AppStore|x86.ActiveCfg = Debug|Any CPU
		{7E9E7C1C-9235-4D46-BF4C-CA6A0C8B6E29}.Debug|Any CPU.ActiveCfg = Debug|Any CPU
		{7E9E7C1C-9235-4D46-BF4C-CA6A0C8B6E29}.Debug|Any CPU.Build.0 = Debug|Any CPU
		{7E9E7C1C-9235-4D46-BF4C-CA6A0C8B6E29}.Debug|ARM.ActiveCfg = Debug|Any CPU
		{7E9E7C1C-9235-4D46-BF4C-CA6A0C8B6E29}.Debug|iPhone.ActiveCfg = Debug|Any CPU
		{7E9E7C1C-9235-4D46-BF4C-CA6A0C8B6E29}.Debug|iPhoneSimulator.ActiveCfg = Debug|Any CPU
		{7E9E7C1C-9235-4D46-BF4C-CA6A0C8B6E29}.Debug|iPhoneSimulator.Build.0 = Debug|Any CPU
		{7E9E7C1C-9235-4D46-BF4C-CA6A0C8B6E29}.Debug|Mixed Platforms.ActiveCfg = Debug|Any CPU
		{7E9E7C1C-9235-4D46-BF4C-CA6A0C8B6E29}.Debug|Mixed Platforms.Build.0 = Debug|Any CPU
		{7E9E7C1C-9235-4D46-BF4C-CA6A0C8B6E29}.Debug|x64.ActiveCfg = Debug|Any CPU
		{7E9E7C1C-9235-4D46-BF4C-CA6A0C8B6E29}.Debug|x86.ActiveCfg = Debug|Any CPU
		{7E9E7C1C-9235-4D46-BF4C-CA6A0C8B6E29}.Release|Any CPU.ActiveCfg = Release|Any CPU
		{7E9E7C1C-9235-4D46-BF4C-CA6A0C8B6E29}.Release|Any CPU.Build.0 = Release|Any CPU
		{7E9E7C1C-9235-4D46-BF4C-CA6A0C8B6E29}.Release|ARM.ActiveCfg = Release|Any CPU
		{7E9E7C1C-9235-4D46-BF4C-CA6A0C8B6E29}.Release|iPhone.ActiveCfg = Release|Any CPU
		{7E9E7C1C-9235-4D46-BF4C-CA6A0C8B6E29}.Release|iPhoneSimulator.ActiveCfg = Release|Any CPU
		{7E9E7C1C-9235-4D46-BF4C-CA6A0C8B6E29}.Release|Mixed Platforms.ActiveCfg = Release|Any CPU
		{7E9E7C1C-9235-4D46-BF4C-CA6A0C8B6E29}.Release|Mixed Platforms.Build.0 = Release|Any CPU
		{7E9E7C1C-9235-4D46-BF4C-CA6A0C8B6E29}.Release|x64.ActiveCfg = Release|Any CPU
		{7E9E7C1C-9235-4D46-BF4C-CA6A0C8B6E29}.Release|x86.ActiveCfg = Release|Any CPU
		{2E4D0D6A-CE0C-447D-AC16-2143B62A6B25}.Ad-Hoc|Any CPU.ActiveCfg = Release|Any CPU
		{2E4D0D6A-CE0C-447D-AC16-2143B62A6B25}.Ad-Hoc|Any CPU.Build.0 = Release|Any CPU
		{2E4D0D6A-CE0C-447D-AC16-2143B62A6B25}.Ad-Hoc|ARM.ActiveCfg = Debug|Any CPU
		{2E4D0D6A-CE0C-447D-AC16-2143B62A6B25}.Ad-Hoc|iPhone.ActiveCfg = Release|Any CPU
		{2E4D0D6A-CE0C-447D-AC16-2143B62A6B25}.Ad-Hoc|iPhoneSimulator.ActiveCfg = Release|Any CPU
		{2E4D0D6A-CE0C-447D-AC16-2143B62A6B25}.Ad-Hoc|Mixed Platforms.ActiveCfg = Release|Any CPU
		{2E4D0D6A-CE0C-447D-AC16-2143B62A6B25}.Ad-Hoc|Mixed Platforms.Build.0 = Release|Any CPU
		{2E4D0D6A-CE0C-447D-AC16-2143B62A6B25}.Ad-Hoc|x64.ActiveCfg = Debug|Any CPU
		{2E4D0D6A-CE0C-447D-AC16-2143B62A6B25}.Ad-Hoc|x86.ActiveCfg = Debug|Any CPU
		{2E4D0D6A-CE0C-447D-AC16-2143B62A6B25}.AppStore|Any CPU.ActiveCfg = Release|Any CPU
		{2E4D0D6A-CE0C-447D-AC16-2143B62A6B25}.AppStore|Any CPU.Build.0 = Release|Any CPU
		{2E4D0D6A-CE0C-447D-AC16-2143B62A6B25}.AppStore|ARM.ActiveCfg = Debug|Any CPU
		{2E4D0D6A-CE0C-447D-AC16-2143B62A6B25}.AppStore|iPhone.ActiveCfg = Release|Any CPU
		{2E4D0D6A-CE0C-447D-AC16-2143B62A6B25}.AppStore|iPhoneSimulator.ActiveCfg = Release|Any CPU
		{2E4D0D6A-CE0C-447D-AC16-2143B62A6B25}.AppStore|Mixed Platforms.ActiveCfg = Release|Any CPU
		{2E4D0D6A-CE0C-447D-AC16-2143B62A6B25}.AppStore|Mixed Platforms.Build.0 = Release|Any CPU
		{2E4D0D6A-CE0C-447D-AC16-2143B62A6B25}.AppStore|x64.ActiveCfg = Debug|Any CPU
		{2E4D0D6A-CE0C-447D-AC16-2143B62A6B25}.AppStore|x86.ActiveCfg = Debug|Any CPU
		{2E4D0D6A-CE0C-447D-AC16-2143B62A6B25}.Debug|Any CPU.ActiveCfg = Debug|Any CPU
		{2E4D0D6A-CE0C-447D-AC16-2143B62A6B25}.Debug|Any CPU.Build.0 = Debug|Any CPU
		{2E4D0D6A-CE0C-447D-AC16-2143B62A6B25}.Debug|ARM.ActiveCfg = Debug|Any CPU
		{2E4D0D6A-CE0C-447D-AC16-2143B62A6B25}.Debug|iPhone.ActiveCfg = Debug|Any CPU
		{2E4D0D6A-CE0C-447D-AC16-2143B62A6B25}.Debug|iPhoneSimulator.ActiveCfg = Debug|Any CPU
		{2E4D0D6A-CE0C-447D-AC16-2143B62A6B25}.Debug|iPhoneSimulator.Build.0 = Debug|Any CPU
		{2E4D0D6A-CE0C-447D-AC16-2143B62A6B25}.Debug|Mixed Platforms.ActiveCfg = Debug|Any CPU
		{2E4D0D6A-CE0C-447D-AC16-2143B62A6B25}.Debug|Mixed Platforms.Build.0 = Debug|Any CPU
		{2E4D0D6A-CE0C-447D-AC16-2143B62A6B25}.Debug|x64.ActiveCfg = Debug|Any CPU
		{2E4D0D6A-CE0C-447D-AC16-2143B62A6B25}.Debug|x86.ActiveCfg = Debug|Any CPU
		{2E4D0D6A-CE0C-447D-AC16-2143B62A6B25}.Release|Any CPU.ActiveCfg = Release|Any CPU
		{2E4D0D6A-CE0C-447D-AC16-2143B62A6B25}.Release|Any CPU.Build.0 = Release|Any CPU
		{2E4D0D6A-CE0C-447D-AC16-2143B62A6B25}.Release|ARM.ActiveCfg = Release|Any CPU
		{2E4D0D6A-CE0C-447D-AC16-2143B62A6B25}.Release|iPhone.ActiveCfg = Release|Any CPU
		{2E4D0D6A-CE0C-447D-AC16-2143B62A6B25}.Release|iPhoneSimulator.ActiveCfg = Release|Any CPU
		{2E4D0D6A-CE0C-447D-AC16-2143B62A6B25}.Release|Mixed Platforms.ActiveCfg = Release|Any CPU
		{2E4D0D6A-CE0C-447D-AC16-2143B62A6B25}.Release|Mixed Platforms.Build.0 = Release|Any CPU
		{2E4D0D6A-CE0C-447D-AC16-2143B62A6B25}.Release|x64.ActiveCfg = Release|Any CPU
		{2E4D0D6A-CE0C-447D-AC16-2143B62A6B25}.Release|x86.ActiveCfg = Release|Any CPU
		{B1019C4B-E37A-4B75-9AFC-980820320B6B}.Ad-Hoc|Any CPU.ActiveCfg = Release|Any CPU
		{B1019C4B-E37A-4B75-9AFC-980820320B6B}.Ad-Hoc|Any CPU.Build.0 = Release|Any CPU
		{B1019C4B-E37A-4B75-9AFC-980820320B6B}.Ad-Hoc|ARM.ActiveCfg = Debug|Any CPU
		{B1019C4B-E37A-4B75-9AFC-980820320B6B}.Ad-Hoc|iPhone.ActiveCfg = Release|Any CPU
		{B1019C4B-E37A-4B75-9AFC-980820320B6B}.Ad-Hoc|iPhoneSimulator.ActiveCfg = Release|Any CPU
		{B1019C4B-E37A-4B75-9AFC-980820320B6B}.Ad-Hoc|Mixed Platforms.ActiveCfg = Release|Any CPU
		{B1019C4B-E37A-4B75-9AFC-980820320B6B}.Ad-Hoc|Mixed Platforms.Build.0 = Release|Any CPU
		{B1019C4B-E37A-4B75-9AFC-980820320B6B}.Ad-Hoc|x64.ActiveCfg = Debug|Any CPU
		{B1019C4B-E37A-4B75-9AFC-980820320B6B}.Ad-Hoc|x86.ActiveCfg = Debug|Any CPU
		{B1019C4B-E37A-4B75-9AFC-980820320B6B}.AppStore|Any CPU.ActiveCfg = Release|Any CPU
		{B1019C4B-E37A-4B75-9AFC-980820320B6B}.AppStore|Any CPU.Build.0 = Release|Any CPU
		{B1019C4B-E37A-4B75-9AFC-980820320B6B}.AppStore|ARM.ActiveCfg = Debug|Any CPU
		{B1019C4B-E37A-4B75-9AFC-980820320B6B}.AppStore|iPhone.ActiveCfg = Release|Any CPU
		{B1019C4B-E37A-4B75-9AFC-980820320B6B}.AppStore|iPhoneSimulator.ActiveCfg = Release|Any CPU
		{B1019C4B-E37A-4B75-9AFC-980820320B6B}.AppStore|Mixed Platforms.ActiveCfg = Release|Any CPU
		{B1019C4B-E37A-4B75-9AFC-980820320B6B}.AppStore|Mixed Platforms.Build.0 = Release|Any CPU
		{B1019C4B-E37A-4B75-9AFC-980820320B6B}.AppStore|x64.ActiveCfg = Debug|Any CPU
		{B1019C4B-E37A-4B75-9AFC-980820320B6B}.AppStore|x86.ActiveCfg = Debug|Any CPU
		{B1019C4B-E37A-4B75-9AFC-980820320B6B}.Debug|Any CPU.ActiveCfg = Debug|Any CPU
		{B1019C4B-E37A-4B75-9AFC-980820320B6B}.Debug|Any CPU.Build.0 = Debug|Any CPU
		{B1019C4B-E37A-4B75-9AFC-980820320B6B}.Debug|ARM.ActiveCfg = Debug|Any CPU
		{B1019C4B-E37A-4B75-9AFC-980820320B6B}.Debug|iPhone.ActiveCfg = Debug|Any CPU
		{B1019C4B-E37A-4B75-9AFC-980820320B6B}.Debug|iPhoneSimulator.ActiveCfg = Debug|Any CPU
		{B1019C4B-E37A-4B75-9AFC-980820320B6B}.Debug|iPhoneSimulator.Build.0 = Debug|Any CPU
		{B1019C4B-E37A-4B75-9AFC-980820320B6B}.Debug|Mixed Platforms.ActiveCfg = Debug|Any CPU
		{B1019C4B-E37A-4B75-9AFC-980820320B6B}.Debug|Mixed Platforms.Build.0 = Debug|Any CPU
		{B1019C4B-E37A-4B75-9AFC-980820320B6B}.Debug|x64.ActiveCfg = Debug|Any CPU
		{B1019C4B-E37A-4B75-9AFC-980820320B6B}.Debug|x86.ActiveCfg = Debug|Any CPU
		{B1019C4B-E37A-4B75-9AFC-980820320B6B}.Release|Any CPU.ActiveCfg = Release|Any CPU
		{B1019C4B-E37A-4B75-9AFC-980820320B6B}.Release|Any CPU.Build.0 = Release|Any CPU
		{B1019C4B-E37A-4B75-9AFC-980820320B6B}.Release|ARM.ActiveCfg = Release|Any CPU
		{B1019C4B-E37A-4B75-9AFC-980820320B6B}.Release|iPhone.ActiveCfg = Release|Any CPU
		{B1019C4B-E37A-4B75-9AFC-980820320B6B}.Release|iPhoneSimulator.ActiveCfg = Release|Any CPU
		{B1019C4B-E37A-4B75-9AFC-980820320B6B}.Release|Mixed Platforms.ActiveCfg = Release|Any CPU
		{B1019C4B-E37A-4B75-9AFC-980820320B6B}.Release|Mixed Platforms.Build.0 = Release|Any CPU
		{B1019C4B-E37A-4B75-9AFC-980820320B6B}.Release|x64.ActiveCfg = Release|Any CPU
		{B1019C4B-E37A-4B75-9AFC-980820320B6B}.Release|x86.ActiveCfg = Release|Any CPU
		{CAD5F2F4-842A-4D67-A862-7668C442E8ED}.Ad-Hoc|Any CPU.ActiveCfg = Ad-Hoc|iPhone
		{CAD5F2F4-842A-4D67-A862-7668C442E8ED}.Ad-Hoc|ARM.ActiveCfg = Ad-Hoc|iPhoneSimulator
		{CAD5F2F4-842A-4D67-A862-7668C442E8ED}.Ad-Hoc|iPhone.ActiveCfg = Ad-Hoc|iPhone
		{CAD5F2F4-842A-4D67-A862-7668C442E8ED}.Ad-Hoc|iPhone.Build.0 = Ad-Hoc|iPhone
		{CAD5F2F4-842A-4D67-A862-7668C442E8ED}.Ad-Hoc|iPhoneSimulator.ActiveCfg = Ad-Hoc|iPhoneSimulator
		{CAD5F2F4-842A-4D67-A862-7668C442E8ED}.Ad-Hoc|iPhoneSimulator.Build.0 = Ad-Hoc|iPhoneSimulator
		{CAD5F2F4-842A-4D67-A862-7668C442E8ED}.Ad-Hoc|Mixed Platforms.ActiveCfg = Ad-Hoc|iPhone
		{CAD5F2F4-842A-4D67-A862-7668C442E8ED}.Ad-Hoc|Mixed Platforms.Build.0 = Ad-Hoc|iPhone
		{CAD5F2F4-842A-4D67-A862-7668C442E8ED}.Ad-Hoc|x64.ActiveCfg = Ad-Hoc|iPhoneSimulator
		{CAD5F2F4-842A-4D67-A862-7668C442E8ED}.Ad-Hoc|x86.ActiveCfg = Ad-Hoc|iPhoneSimulator
		{CAD5F2F4-842A-4D67-A862-7668C442E8ED}.AppStore|Any CPU.ActiveCfg = AppStore|iPhone
		{CAD5F2F4-842A-4D67-A862-7668C442E8ED}.AppStore|ARM.ActiveCfg = AppStore|iPhoneSimulator
		{CAD5F2F4-842A-4D67-A862-7668C442E8ED}.AppStore|iPhone.ActiveCfg = AppStore|iPhone
		{CAD5F2F4-842A-4D67-A862-7668C442E8ED}.AppStore|iPhone.Build.0 = AppStore|iPhone
		{CAD5F2F4-842A-4D67-A862-7668C442E8ED}.AppStore|iPhoneSimulator.ActiveCfg = AppStore|iPhoneSimulator
		{CAD5F2F4-842A-4D67-A862-7668C442E8ED}.AppStore|iPhoneSimulator.Build.0 = AppStore|iPhoneSimulator
		{CAD5F2F4-842A-4D67-A862-7668C442E8ED}.AppStore|Mixed Platforms.ActiveCfg = AppStore|iPhone
		{CAD5F2F4-842A-4D67-A862-7668C442E8ED}.AppStore|Mixed Platforms.Build.0 = AppStore|iPhone
		{CAD5F2F4-842A-4D67-A862-7668C442E8ED}.AppStore|x64.ActiveCfg = AppStore|iPhoneSimulator
		{CAD5F2F4-842A-4D67-A862-7668C442E8ED}.AppStore|x86.ActiveCfg = AppStore|iPhoneSimulator
		{CAD5F2F4-842A-4D67-A862-7668C442E8ED}.Debug|Any CPU.ActiveCfg = Debug|iPhone
		{CAD5F2F4-842A-4D67-A862-7668C442E8ED}.Debug|ARM.ActiveCfg = Debug|iPhoneSimulator
		{CAD5F2F4-842A-4D67-A862-7668C442E8ED}.Debug|iPhone.ActiveCfg = Debug|iPhone
		{CAD5F2F4-842A-4D67-A862-7668C442E8ED}.Debug|iPhone.Build.0 = Debug|iPhone
		{CAD5F2F4-842A-4D67-A862-7668C442E8ED}.Debug|iPhoneSimulator.ActiveCfg = Debug|iPhoneSimulator
		{CAD5F2F4-842A-4D67-A862-7668C442E8ED}.Debug|iPhoneSimulator.Build.0 = Debug|iPhoneSimulator
		{CAD5F2F4-842A-4D67-A862-7668C442E8ED}.Debug|Mixed Platforms.ActiveCfg = Debug|iPhone
		{CAD5F2F4-842A-4D67-A862-7668C442E8ED}.Debug|Mixed Platforms.Build.0 = Debug|iPhone
		{CAD5F2F4-842A-4D67-A862-7668C442E8ED}.Debug|x64.ActiveCfg = Debug|iPhoneSimulator
		{CAD5F2F4-842A-4D67-A862-7668C442E8ED}.Debug|x86.ActiveCfg = Debug|iPhoneSimulator
		{CAD5F2F4-842A-4D67-A862-7668C442E8ED}.Release|Any CPU.ActiveCfg = Release|iPhone
		{CAD5F2F4-842A-4D67-A862-7668C442E8ED}.Release|ARM.ActiveCfg = Release|iPhoneSimulator
		{CAD5F2F4-842A-4D67-A862-7668C442E8ED}.Release|iPhone.ActiveCfg = Release|iPhone
		{CAD5F2F4-842A-4D67-A862-7668C442E8ED}.Release|iPhone.Build.0 = Release|iPhone
		{CAD5F2F4-842A-4D67-A862-7668C442E8ED}.Release|iPhoneSimulator.ActiveCfg = Release|iPhoneSimulator
		{CAD5F2F4-842A-4D67-A862-7668C442E8ED}.Release|iPhoneSimulator.Build.0 = Release|iPhoneSimulator
		{CAD5F2F4-842A-4D67-A862-7668C442E8ED}.Release|Mixed Platforms.ActiveCfg = Release|iPhone
		{CAD5F2F4-842A-4D67-A862-7668C442E8ED}.Release|Mixed Platforms.Build.0 = Release|iPhone
		{CAD5F2F4-842A-4D67-A862-7668C442E8ED}.Release|x64.ActiveCfg = Release|iPhoneSimulator
		{CAD5F2F4-842A-4D67-A862-7668C442E8ED}.Release|x86.ActiveCfg = Release|iPhoneSimulator
		{06FE0C81-97BD-46BA-84CA-E7E2E1284AAD}.Ad-Hoc|Any CPU.ActiveCfg = Release|Any CPU
		{06FE0C81-97BD-46BA-84CA-E7E2E1284AAD}.Ad-Hoc|Any CPU.Build.0 = Release|Any CPU
		{06FE0C81-97BD-46BA-84CA-E7E2E1284AAD}.Ad-Hoc|Any CPU.Deploy.0 = Release|Any CPU
		{06FE0C81-97BD-46BA-84CA-E7E2E1284AAD}.Ad-Hoc|ARM.ActiveCfg = Debug|Any CPU
		{06FE0C81-97BD-46BA-84CA-E7E2E1284AAD}.Ad-Hoc|iPhone.ActiveCfg = Release|Any CPU
		{06FE0C81-97BD-46BA-84CA-E7E2E1284AAD}.Ad-Hoc|iPhoneSimulator.ActiveCfg = Release|Any CPU
		{06FE0C81-97BD-46BA-84CA-E7E2E1284AAD}.Ad-Hoc|Mixed Platforms.ActiveCfg = Release|Any CPU
		{06FE0C81-97BD-46BA-84CA-E7E2E1284AAD}.Ad-Hoc|Mixed Platforms.Build.0 = Release|Any CPU
		{06FE0C81-97BD-46BA-84CA-E7E2E1284AAD}.Ad-Hoc|Mixed Platforms.Deploy.0 = Release|Any CPU
		{06FE0C81-97BD-46BA-84CA-E7E2E1284AAD}.Ad-Hoc|x64.ActiveCfg = Debug|Any CPU
		{06FE0C81-97BD-46BA-84CA-E7E2E1284AAD}.Ad-Hoc|x86.ActiveCfg = Debug|Any CPU
		{06FE0C81-97BD-46BA-84CA-E7E2E1284AAD}.AppStore|Any CPU.ActiveCfg = Release|Any CPU
		{06FE0C81-97BD-46BA-84CA-E7E2E1284AAD}.AppStore|Any CPU.Build.0 = Release|Any CPU
		{06FE0C81-97BD-46BA-84CA-E7E2E1284AAD}.AppStore|Any CPU.Deploy.0 = Release|Any CPU
		{06FE0C81-97BD-46BA-84CA-E7E2E1284AAD}.AppStore|ARM.ActiveCfg = Debug|Any CPU
		{06FE0C81-97BD-46BA-84CA-E7E2E1284AAD}.AppStore|iPhone.ActiveCfg = Release|Any CPU
		{06FE0C81-97BD-46BA-84CA-E7E2E1284AAD}.AppStore|iPhoneSimulator.ActiveCfg = Release|Any CPU
		{06FE0C81-97BD-46BA-84CA-E7E2E1284AAD}.AppStore|Mixed Platforms.ActiveCfg = Release|Any CPU
		{06FE0C81-97BD-46BA-84CA-E7E2E1284AAD}.AppStore|Mixed Platforms.Build.0 = Release|Any CPU
		{06FE0C81-97BD-46BA-84CA-E7E2E1284AAD}.AppStore|Mixed Platforms.Deploy.0 = Release|Any CPU
		{06FE0C81-97BD-46BA-84CA-E7E2E1284AAD}.AppStore|x64.ActiveCfg = Debug|Any CPU
		{06FE0C81-97BD-46BA-84CA-E7E2E1284AAD}.AppStore|x86.ActiveCfg = Debug|Any CPU
		{06FE0C81-97BD-46BA-84CA-E7E2E1284AAD}.Debug|Any CPU.ActiveCfg = Debug|Any CPU
		{06FE0C81-97BD-46BA-84CA-E7E2E1284AAD}.Debug|Any CPU.Build.0 = Debug|Any CPU
		{06FE0C81-97BD-46BA-84CA-E7E2E1284AAD}.Debug|Any CPU.Deploy.0 = Debug|Any CPU
		{06FE0C81-97BD-46BA-84CA-E7E2E1284AAD}.Debug|ARM.ActiveCfg = Debug|Any CPU
		{06FE0C81-97BD-46BA-84CA-E7E2E1284AAD}.Debug|iPhone.ActiveCfg = Debug|Any CPU
		{06FE0C81-97BD-46BA-84CA-E7E2E1284AAD}.Debug|iPhoneSimulator.ActiveCfg = Debug|Any CPU
		{06FE0C81-97BD-46BA-84CA-E7E2E1284AAD}.Debug|iPhoneSimulator.Build.0 = Debug|Any CPU
		{06FE0C81-97BD-46BA-84CA-E7E2E1284AAD}.Debug|Mixed Platforms.ActiveCfg = Debug|Any CPU
		{06FE0C81-97BD-46BA-84CA-E7E2E1284AAD}.Debug|Mixed Platforms.Build.0 = Debug|Any CPU
		{06FE0C81-97BD-46BA-84CA-E7E2E1284AAD}.Debug|Mixed Platforms.Deploy.0 = Debug|Any CPU
		{06FE0C81-97BD-46BA-84CA-E7E2E1284AAD}.Debug|x64.ActiveCfg = Debug|Any CPU
		{06FE0C81-97BD-46BA-84CA-E7E2E1284AAD}.Debug|x86.ActiveCfg = Debug|Any CPU
		{06FE0C81-97BD-46BA-84CA-E7E2E1284AAD}.Release|Any CPU.ActiveCfg = Release|Any CPU
		{06FE0C81-97BD-46BA-84CA-E7E2E1284AAD}.Release|Any CPU.Build.0 = Release|Any CPU
		{06FE0C81-97BD-46BA-84CA-E7E2E1284AAD}.Release|Any CPU.Deploy.0 = Release|Any CPU
		{06FE0C81-97BD-46BA-84CA-E7E2E1284AAD}.Release|ARM.ActiveCfg = Release|Any CPU
		{06FE0C81-97BD-46BA-84CA-E7E2E1284AAD}.Release|iPhone.ActiveCfg = Release|Any CPU
		{06FE0C81-97BD-46BA-84CA-E7E2E1284AAD}.Release|iPhoneSimulator.ActiveCfg = Release|Any CPU
		{06FE0C81-97BD-46BA-84CA-E7E2E1284AAD}.Release|Mixed Platforms.ActiveCfg = Release|Any CPU
		{06FE0C81-97BD-46BA-84CA-E7E2E1284AAD}.Release|Mixed Platforms.Build.0 = Release|Any CPU
		{06FE0C81-97BD-46BA-84CA-E7E2E1284AAD}.Release|Mixed Platforms.Deploy.0 = Release|Any CPU
		{06FE0C81-97BD-46BA-84CA-E7E2E1284AAD}.Release|x64.ActiveCfg = Release|Any CPU
		{06FE0C81-97BD-46BA-84CA-E7E2E1284AAD}.Release|x86.ActiveCfg = Release|Any CPU
		{EBDADCEB-D1B4-4FE4-9873-04CD80EDAD45}.Ad-Hoc|Any CPU.ActiveCfg = Release|Any CPU
		{EBDADCEB-D1B4-4FE4-9873-04CD80EDAD45}.Ad-Hoc|Any CPU.Build.0 = Release|Any CPU
		{EBDADCEB-D1B4-4FE4-9873-04CD80EDAD45}.Ad-Hoc|ARM.ActiveCfg = Release|Any CPU
		{EBDADCEB-D1B4-4FE4-9873-04CD80EDAD45}.Ad-Hoc|iPhone.ActiveCfg = Release|Any CPU
		{EBDADCEB-D1B4-4FE4-9873-04CD80EDAD45}.Ad-Hoc|iPhoneSimulator.ActiveCfg = Release|Any CPU
		{EBDADCEB-D1B4-4FE4-9873-04CD80EDAD45}.Ad-Hoc|Mixed Platforms.ActiveCfg = Release|Any CPU
		{EBDADCEB-D1B4-4FE4-9873-04CD80EDAD45}.Ad-Hoc|Mixed Platforms.Build.0 = Release|Any CPU
		{EBDADCEB-D1B4-4FE4-9873-04CD80EDAD45}.Ad-Hoc|x64.ActiveCfg = Release|Any CPU
		{EBDADCEB-D1B4-4FE4-9873-04CD80EDAD45}.Ad-Hoc|x86.ActiveCfg = Release|Any CPU
		{EBDADCEB-D1B4-4FE4-9873-04CD80EDAD45}.AppStore|Any CPU.ActiveCfg = Release|Any CPU
		{EBDADCEB-D1B4-4FE4-9873-04CD80EDAD45}.AppStore|Any CPU.Build.0 = Release|Any CPU
		{EBDADCEB-D1B4-4FE4-9873-04CD80EDAD45}.AppStore|ARM.ActiveCfg = Release|Any CPU
		{EBDADCEB-D1B4-4FE4-9873-04CD80EDAD45}.AppStore|iPhone.ActiveCfg = Release|Any CPU
		{EBDADCEB-D1B4-4FE4-9873-04CD80EDAD45}.AppStore|iPhoneSimulator.ActiveCfg = Release|Any CPU
		{EBDADCEB-D1B4-4FE4-9873-04CD80EDAD45}.AppStore|Mixed Platforms.ActiveCfg = Release|Any CPU
		{EBDADCEB-D1B4-4FE4-9873-04CD80EDAD45}.AppStore|Mixed Platforms.Build.0 = Release|Any CPU
		{EBDADCEB-D1B4-4FE4-9873-04CD80EDAD45}.AppStore|x64.ActiveCfg = Release|Any CPU
		{EBDADCEB-D1B4-4FE4-9873-04CD80EDAD45}.AppStore|x86.ActiveCfg = Release|Any CPU
		{EBDADCEB-D1B4-4FE4-9873-04CD80EDAD45}.Debug|Any CPU.ActiveCfg = Debug|Any CPU
		{EBDADCEB-D1B4-4FE4-9873-04CD80EDAD45}.Debug|Any CPU.Build.0 = Debug|Any CPU
		{EBDADCEB-D1B4-4FE4-9873-04CD80EDAD45}.Debug|ARM.ActiveCfg = Debug|Any CPU
		{EBDADCEB-D1B4-4FE4-9873-04CD80EDAD45}.Debug|iPhone.ActiveCfg = Debug|Any CPU
		{EBDADCEB-D1B4-4FE4-9873-04CD80EDAD45}.Debug|iPhoneSimulator.ActiveCfg = Debug|Any CPU
		{EBDADCEB-D1B4-4FE4-9873-04CD80EDAD45}.Debug|Mixed Platforms.ActiveCfg = Debug|Any CPU
		{EBDADCEB-D1B4-4FE4-9873-04CD80EDAD45}.Debug|Mixed Platforms.Build.0 = Debug|Any CPU
		{EBDADCEB-D1B4-4FE4-9873-04CD80EDAD45}.Debug|x64.ActiveCfg = Debug|Any CPU
		{EBDADCEB-D1B4-4FE4-9873-04CD80EDAD45}.Debug|x86.ActiveCfg = Debug|Any CPU
		{EBDADCEB-D1B4-4FE4-9873-04CD80EDAD45}.Release|Any CPU.ActiveCfg = Release|Any CPU
		{EBDADCEB-D1B4-4FE4-9873-04CD80EDAD45}.Release|Any CPU.Build.0 = Release|Any CPU
		{EBDADCEB-D1B4-4FE4-9873-04CD80EDAD45}.Release|ARM.ActiveCfg = Release|Any CPU
		{EBDADCEB-D1B4-4FE4-9873-04CD80EDAD45}.Release|iPhone.ActiveCfg = Release|Any CPU
		{EBDADCEB-D1B4-4FE4-9873-04CD80EDAD45}.Release|iPhoneSimulator.ActiveCfg = Release|Any CPU
		{EBDADCEB-D1B4-4FE4-9873-04CD80EDAD45}.Release|Mixed Platforms.ActiveCfg = Release|Any CPU
		{EBDADCEB-D1B4-4FE4-9873-04CD80EDAD45}.Release|Mixed Platforms.Build.0 = Release|Any CPU
		{EBDADCEB-D1B4-4FE4-9873-04CD80EDAD45}.Release|x64.ActiveCfg = Release|Any CPU
		{EBDADCEB-D1B4-4FE4-9873-04CD80EDAD45}.Release|x86.ActiveCfg = Release|Any CPU
		{5B1996AA-B41D-475C-933E-70E0CF816598}.Ad-Hoc|Any CPU.ActiveCfg = Release|Any CPU
		{5B1996AA-B41D-475C-933E-70E0CF816598}.Ad-Hoc|Any CPU.Build.0 = Release|Any CPU
		{5B1996AA-B41D-475C-933E-70E0CF816598}.Ad-Hoc|ARM.ActiveCfg = Release|Any CPU
		{5B1996AA-B41D-475C-933E-70E0CF816598}.Ad-Hoc|iPhone.ActiveCfg = Release|Any CPU
		{5B1996AA-B41D-475C-933E-70E0CF816598}.Ad-Hoc|iPhoneSimulator.ActiveCfg = Release|Any CPU
		{5B1996AA-B41D-475C-933E-70E0CF816598}.Ad-Hoc|Mixed Platforms.ActiveCfg = Release|Any CPU
		{5B1996AA-B41D-475C-933E-70E0CF816598}.Ad-Hoc|Mixed Platforms.Build.0 = Release|Any CPU
		{5B1996AA-B41D-475C-933E-70E0CF816598}.Ad-Hoc|x64.ActiveCfg = Release|Any CPU
		{5B1996AA-B41D-475C-933E-70E0CF816598}.Ad-Hoc|x86.ActiveCfg = Release|Any CPU
		{5B1996AA-B41D-475C-933E-70E0CF816598}.AppStore|Any CPU.ActiveCfg = Release|Any CPU
		{5B1996AA-B41D-475C-933E-70E0CF816598}.AppStore|Any CPU.Build.0 = Release|Any CPU
		{5B1996AA-B41D-475C-933E-70E0CF816598}.AppStore|ARM.ActiveCfg = Release|Any CPU
		{5B1996AA-B41D-475C-933E-70E0CF816598}.AppStore|iPhone.ActiveCfg = Release|Any CPU
		{5B1996AA-B41D-475C-933E-70E0CF816598}.AppStore|iPhoneSimulator.ActiveCfg = Release|Any CPU
		{5B1996AA-B41D-475C-933E-70E0CF816598}.AppStore|Mixed Platforms.ActiveCfg = Release|Any CPU
		{5B1996AA-B41D-475C-933E-70E0CF816598}.AppStore|Mixed Platforms.Build.0 = Release|Any CPU
		{5B1996AA-B41D-475C-933E-70E0CF816598}.AppStore|x64.ActiveCfg = Release|Any CPU
		{5B1996AA-B41D-475C-933E-70E0CF816598}.AppStore|x86.ActiveCfg = Release|Any CPU
		{5B1996AA-B41D-475C-933E-70E0CF816598}.Debug|Any CPU.ActiveCfg = Debug|Any CPU
		{5B1996AA-B41D-475C-933E-70E0CF816598}.Debug|Any CPU.Build.0 = Debug|Any CPU
		{5B1996AA-B41D-475C-933E-70E0CF816598}.Debug|ARM.ActiveCfg = Debug|Any CPU
		{5B1996AA-B41D-475C-933E-70E0CF816598}.Debug|iPhone.ActiveCfg = Debug|Any CPU
		{5B1996AA-B41D-475C-933E-70E0CF816598}.Debug|iPhoneSimulator.ActiveCfg = Debug|Any CPU
		{5B1996AA-B41D-475C-933E-70E0CF816598}.Debug|Mixed Platforms.ActiveCfg = Debug|Any CPU
		{5B1996AA-B41D-475C-933E-70E0CF816598}.Debug|Mixed Platforms.Build.0 = Debug|Any CPU
		{5B1996AA-B41D-475C-933E-70E0CF816598}.Debug|x64.ActiveCfg = Debug|Any CPU
		{5B1996AA-B41D-475C-933E-70E0CF816598}.Debug|x86.ActiveCfg = Debug|Any CPU
		{5B1996AA-B41D-475C-933E-70E0CF816598}.Release|Any CPU.ActiveCfg = Release|Any CPU
		{5B1996AA-B41D-475C-933E-70E0CF816598}.Release|Any CPU.Build.0 = Release|Any CPU
		{5B1996AA-B41D-475C-933E-70E0CF816598}.Release|ARM.ActiveCfg = Release|Any CPU
		{5B1996AA-B41D-475C-933E-70E0CF816598}.Release|iPhone.ActiveCfg = Release|Any CPU
		{5B1996AA-B41D-475C-933E-70E0CF816598}.Release|iPhoneSimulator.ActiveCfg = Release|Any CPU
		{5B1996AA-B41D-475C-933E-70E0CF816598}.Release|Mixed Platforms.ActiveCfg = Release|Any CPU
		{5B1996AA-B41D-475C-933E-70E0CF816598}.Release|Mixed Platforms.Build.0 = Release|Any CPU
		{5B1996AA-B41D-475C-933E-70E0CF816598}.Release|x64.ActiveCfg = Release|Any CPU
		{5B1996AA-B41D-475C-933E-70E0CF816598}.Release|x86.ActiveCfg = Release|Any CPU
		{F3ACF891-B8BE-4526-9EED-A7DF80EBF665}.Ad-Hoc|Any CPU.ActiveCfg = Release|Any CPU
		{F3ACF891-B8BE-4526-9EED-A7DF80EBF665}.Ad-Hoc|Any CPU.Build.0 = Release|Any CPU
		{F3ACF891-B8BE-4526-9EED-A7DF80EBF665}.Ad-Hoc|ARM.ActiveCfg = Release|Any CPU
		{F3ACF891-B8BE-4526-9EED-A7DF80EBF665}.Ad-Hoc|ARM.Build.0 = Release|Any CPU
		{F3ACF891-B8BE-4526-9EED-A7DF80EBF665}.Ad-Hoc|iPhone.ActiveCfg = Release|Any CPU
		{F3ACF891-B8BE-4526-9EED-A7DF80EBF665}.Ad-Hoc|iPhone.Build.0 = Release|Any CPU
		{F3ACF891-B8BE-4526-9EED-A7DF80EBF665}.Ad-Hoc|iPhoneSimulator.ActiveCfg = Release|Any CPU
		{F3ACF891-B8BE-4526-9EED-A7DF80EBF665}.Ad-Hoc|iPhoneSimulator.Build.0 = Release|Any CPU
		{F3ACF891-B8BE-4526-9EED-A7DF80EBF665}.Ad-Hoc|Mixed Platforms.ActiveCfg = Release|Any CPU
		{F3ACF891-B8BE-4526-9EED-A7DF80EBF665}.Ad-Hoc|Mixed Platforms.Build.0 = Release|Any CPU
		{F3ACF891-B8BE-4526-9EED-A7DF80EBF665}.Ad-Hoc|x64.ActiveCfg = Release|Any CPU
		{F3ACF891-B8BE-4526-9EED-A7DF80EBF665}.Ad-Hoc|x64.Build.0 = Release|Any CPU
		{F3ACF891-B8BE-4526-9EED-A7DF80EBF665}.Ad-Hoc|x86.ActiveCfg = Release|Any CPU
		{F3ACF891-B8BE-4526-9EED-A7DF80EBF665}.Ad-Hoc|x86.Build.0 = Release|Any CPU
		{F3ACF891-B8BE-4526-9EED-A7DF80EBF665}.AppStore|Any CPU.ActiveCfg = Release|Any CPU
		{F3ACF891-B8BE-4526-9EED-A7DF80EBF665}.AppStore|Any CPU.Build.0 = Release|Any CPU
		{F3ACF891-B8BE-4526-9EED-A7DF80EBF665}.AppStore|ARM.ActiveCfg = Release|Any CPU
		{F3ACF891-B8BE-4526-9EED-A7DF80EBF665}.AppStore|ARM.Build.0 = Release|Any CPU
		{F3ACF891-B8BE-4526-9EED-A7DF80EBF665}.AppStore|iPhone.ActiveCfg = Release|Any CPU
		{F3ACF891-B8BE-4526-9EED-A7DF80EBF665}.AppStore|iPhone.Build.0 = Release|Any CPU
		{F3ACF891-B8BE-4526-9EED-A7DF80EBF665}.AppStore|iPhoneSimulator.ActiveCfg = Release|Any CPU
		{F3ACF891-B8BE-4526-9EED-A7DF80EBF665}.AppStore|iPhoneSimulator.Build.0 = Release|Any CPU
		{F3ACF891-B8BE-4526-9EED-A7DF80EBF665}.AppStore|Mixed Platforms.ActiveCfg = Release|Any CPU
		{F3ACF891-B8BE-4526-9EED-A7DF80EBF665}.AppStore|Mixed Platforms.Build.0 = Release|Any CPU
		{F3ACF891-B8BE-4526-9EED-A7DF80EBF665}.AppStore|x64.ActiveCfg = Release|Any CPU
		{F3ACF891-B8BE-4526-9EED-A7DF80EBF665}.AppStore|x64.Build.0 = Release|Any CPU
		{F3ACF891-B8BE-4526-9EED-A7DF80EBF665}.AppStore|x86.ActiveCfg = Release|Any CPU
		{F3ACF891-B8BE-4526-9EED-A7DF80EBF665}.AppStore|x86.Build.0 = Release|Any CPU
		{F3ACF891-B8BE-4526-9EED-A7DF80EBF665}.Debug|Any CPU.ActiveCfg = Debug|Any CPU
		{F3ACF891-B8BE-4526-9EED-A7DF80EBF665}.Debug|Any CPU.Build.0 = Debug|Any CPU
		{F3ACF891-B8BE-4526-9EED-A7DF80EBF665}.Debug|ARM.ActiveCfg = Debug|Any CPU
		{F3ACF891-B8BE-4526-9EED-A7DF80EBF665}.Debug|ARM.Build.0 = Debug|Any CPU
		{F3ACF891-B8BE-4526-9EED-A7DF80EBF665}.Debug|iPhone.ActiveCfg = Debug|Any CPU
		{F3ACF891-B8BE-4526-9EED-A7DF80EBF665}.Debug|iPhone.Build.0 = Debug|Any CPU
		{F3ACF891-B8BE-4526-9EED-A7DF80EBF665}.Debug|iPhoneSimulator.ActiveCfg = Debug|Any CPU
		{F3ACF891-B8BE-4526-9EED-A7DF80EBF665}.Debug|iPhoneSimulator.Build.0 = Debug|Any CPU
		{F3ACF891-B8BE-4526-9EED-A7DF80EBF665}.Debug|Mixed Platforms.ActiveCfg = Debug|Any CPU
		{F3ACF891-B8BE-4526-9EED-A7DF80EBF665}.Debug|Mixed Platforms.Build.0 = Debug|Any CPU
		{F3ACF891-B8BE-4526-9EED-A7DF80EBF665}.Debug|x64.ActiveCfg = Debug|Any CPU
		{F3ACF891-B8BE-4526-9EED-A7DF80EBF665}.Debug|x64.Build.0 = Debug|Any CPU
		{F3ACF891-B8BE-4526-9EED-A7DF80EBF665}.Debug|x86.ActiveCfg = Debug|Any CPU
		{F3ACF891-B8BE-4526-9EED-A7DF80EBF665}.Debug|x86.Build.0 = Debug|Any CPU
		{F3ACF891-B8BE-4526-9EED-A7DF80EBF665}.Release|Any CPU.ActiveCfg = Release|Any CPU
		{F3ACF891-B8BE-4526-9EED-A7DF80EBF665}.Release|Any CPU.Build.0 = Release|Any CPU
		{F3ACF891-B8BE-4526-9EED-A7DF80EBF665}.Release|ARM.ActiveCfg = Release|Any CPU
		{F3ACF891-B8BE-4526-9EED-A7DF80EBF665}.Release|ARM.Build.0 = Release|Any CPU
		{F3ACF891-B8BE-4526-9EED-A7DF80EBF665}.Release|iPhone.ActiveCfg = Release|Any CPU
		{F3ACF891-B8BE-4526-9EED-A7DF80EBF665}.Release|iPhone.Build.0 = Release|Any CPU
		{F3ACF891-B8BE-4526-9EED-A7DF80EBF665}.Release|iPhoneSimulator.ActiveCfg = Release|Any CPU
		{F3ACF891-B8BE-4526-9EED-A7DF80EBF665}.Release|iPhoneSimulator.Build.0 = Release|Any CPU
		{F3ACF891-B8BE-4526-9EED-A7DF80EBF665}.Release|Mixed Platforms.ActiveCfg = Release|Any CPU
		{F3ACF891-B8BE-4526-9EED-A7DF80EBF665}.Release|Mixed Platforms.Build.0 = Release|Any CPU
		{F3ACF891-B8BE-4526-9EED-A7DF80EBF665}.Release|x64.ActiveCfg = Release|Any CPU
		{F3ACF891-B8BE-4526-9EED-A7DF80EBF665}.Release|x64.Build.0 = Release|Any CPU
		{F3ACF891-B8BE-4526-9EED-A7DF80EBF665}.Release|x86.ActiveCfg = Release|Any CPU
		{F3ACF891-B8BE-4526-9EED-A7DF80EBF665}.Release|x86.Build.0 = Release|Any CPU
		{3D240354-2753-47E7-92FF-90CE840CBAB6}.Ad-Hoc|Any CPU.ActiveCfg = Release|Any CPU
		{3D240354-2753-47E7-92FF-90CE840CBAB6}.Ad-Hoc|Any CPU.Build.0 = Release|Any CPU
		{3D240354-2753-47E7-92FF-90CE840CBAB6}.Ad-Hoc|ARM.ActiveCfg = Release|Any CPU
		{3D240354-2753-47E7-92FF-90CE840CBAB6}.Ad-Hoc|ARM.Build.0 = Release|Any CPU
		{3D240354-2753-47E7-92FF-90CE840CBAB6}.Ad-Hoc|iPhone.ActiveCfg = Release|Any CPU
		{3D240354-2753-47E7-92FF-90CE840CBAB6}.Ad-Hoc|iPhone.Build.0 = Release|Any CPU
		{3D240354-2753-47E7-92FF-90CE840CBAB6}.Ad-Hoc|iPhoneSimulator.ActiveCfg = Release|Any CPU
		{3D240354-2753-47E7-92FF-90CE840CBAB6}.Ad-Hoc|iPhoneSimulator.Build.0 = Release|Any CPU
		{3D240354-2753-47E7-92FF-90CE840CBAB6}.Ad-Hoc|Mixed Platforms.ActiveCfg = Release|Any CPU
		{3D240354-2753-47E7-92FF-90CE840CBAB6}.Ad-Hoc|Mixed Platforms.Build.0 = Release|Any CPU
		{3D240354-2753-47E7-92FF-90CE840CBAB6}.Ad-Hoc|x64.ActiveCfg = Release|Any CPU
		{3D240354-2753-47E7-92FF-90CE840CBAB6}.Ad-Hoc|x64.Build.0 = Release|Any CPU
		{3D240354-2753-47E7-92FF-90CE840CBAB6}.Ad-Hoc|x86.ActiveCfg = Release|Any CPU
		{3D240354-2753-47E7-92FF-90CE840CBAB6}.Ad-Hoc|x86.Build.0 = Release|Any CPU
		{3D240354-2753-47E7-92FF-90CE840CBAB6}.AppStore|Any CPU.ActiveCfg = Release|Any CPU
		{3D240354-2753-47E7-92FF-90CE840CBAB6}.AppStore|Any CPU.Build.0 = Release|Any CPU
		{3D240354-2753-47E7-92FF-90CE840CBAB6}.AppStore|ARM.ActiveCfg = Release|Any CPU
		{3D240354-2753-47E7-92FF-90CE840CBAB6}.AppStore|ARM.Build.0 = Release|Any CPU
		{3D240354-2753-47E7-92FF-90CE840CBAB6}.AppStore|iPhone.ActiveCfg = Release|Any CPU
		{3D240354-2753-47E7-92FF-90CE840CBAB6}.AppStore|iPhone.Build.0 = Release|Any CPU
		{3D240354-2753-47E7-92FF-90CE840CBAB6}.AppStore|iPhoneSimulator.ActiveCfg = Release|Any CPU
		{3D240354-2753-47E7-92FF-90CE840CBAB6}.AppStore|iPhoneSimulator.Build.0 = Release|Any CPU
		{3D240354-2753-47E7-92FF-90CE840CBAB6}.AppStore|Mixed Platforms.ActiveCfg = Release|Any CPU
		{3D240354-2753-47E7-92FF-90CE840CBAB6}.AppStore|Mixed Platforms.Build.0 = Release|Any CPU
		{3D240354-2753-47E7-92FF-90CE840CBAB6}.AppStore|x64.ActiveCfg = Release|Any CPU
		{3D240354-2753-47E7-92FF-90CE840CBAB6}.AppStore|x64.Build.0 = Release|Any CPU
		{3D240354-2753-47E7-92FF-90CE840CBAB6}.AppStore|x86.ActiveCfg = Release|Any CPU
		{3D240354-2753-47E7-92FF-90CE840CBAB6}.AppStore|x86.Build.0 = Release|Any CPU
		{3D240354-2753-47E7-92FF-90CE840CBAB6}.Debug|Any CPU.ActiveCfg = Debug|Any CPU
		{3D240354-2753-47E7-92FF-90CE840CBAB6}.Debug|Any CPU.Build.0 = Debug|Any CPU
		{3D240354-2753-47E7-92FF-90CE840CBAB6}.Debug|ARM.ActiveCfg = Debug|Any CPU
		{3D240354-2753-47E7-92FF-90CE840CBAB6}.Debug|ARM.Build.0 = Debug|Any CPU
		{3D240354-2753-47E7-92FF-90CE840CBAB6}.Debug|iPhone.ActiveCfg = Debug|Any CPU
		{3D240354-2753-47E7-92FF-90CE840CBAB6}.Debug|iPhone.Build.0 = Debug|Any CPU
		{3D240354-2753-47E7-92FF-90CE840CBAB6}.Debug|iPhoneSimulator.ActiveCfg = Debug|Any CPU
		{3D240354-2753-47E7-92FF-90CE840CBAB6}.Debug|iPhoneSimulator.Build.0 = Debug|Any CPU
		{3D240354-2753-47E7-92FF-90CE840CBAB6}.Debug|Mixed Platforms.ActiveCfg = Debug|Any CPU
		{3D240354-2753-47E7-92FF-90CE840CBAB6}.Debug|Mixed Platforms.Build.0 = Debug|Any CPU
		{3D240354-2753-47E7-92FF-90CE840CBAB6}.Debug|x64.ActiveCfg = Debug|Any CPU
		{3D240354-2753-47E7-92FF-90CE840CBAB6}.Debug|x64.Build.0 = Debug|Any CPU
		{3D240354-2753-47E7-92FF-90CE840CBAB6}.Debug|x86.ActiveCfg = Debug|Any CPU
		{3D240354-2753-47E7-92FF-90CE840CBAB6}.Debug|x86.Build.0 = Debug|Any CPU
		{3D240354-2753-47E7-92FF-90CE840CBAB6}.Release|Any CPU.ActiveCfg = Release|Any CPU
		{3D240354-2753-47E7-92FF-90CE840CBAB6}.Release|Any CPU.Build.0 = Release|Any CPU
		{3D240354-2753-47E7-92FF-90CE840CBAB6}.Release|ARM.ActiveCfg = Release|Any CPU
		{3D240354-2753-47E7-92FF-90CE840CBAB6}.Release|ARM.Build.0 = Release|Any CPU
		{3D240354-2753-47E7-92FF-90CE840CBAB6}.Release|iPhone.ActiveCfg = Release|Any CPU
		{3D240354-2753-47E7-92FF-90CE840CBAB6}.Release|iPhone.Build.0 = Release|Any CPU
		{3D240354-2753-47E7-92FF-90CE840CBAB6}.Release|iPhoneSimulator.ActiveCfg = Release|Any CPU
		{3D240354-2753-47E7-92FF-90CE840CBAB6}.Release|iPhoneSimulator.Build.0 = Release|Any CPU
		{3D240354-2753-47E7-92FF-90CE840CBAB6}.Release|Mixed Platforms.ActiveCfg = Release|Any CPU
		{3D240354-2753-47E7-92FF-90CE840CBAB6}.Release|Mixed Platforms.Build.0 = Release|Any CPU
		{3D240354-2753-47E7-92FF-90CE840CBAB6}.Release|x64.ActiveCfg = Release|Any CPU
		{3D240354-2753-47E7-92FF-90CE840CBAB6}.Release|x64.Build.0 = Release|Any CPU
		{3D240354-2753-47E7-92FF-90CE840CBAB6}.Release|x86.ActiveCfg = Release|Any CPU
		{3D240354-2753-47E7-92FF-90CE840CBAB6}.Release|x86.Build.0 = Release|Any CPU
		{5F210853-30FC-47CC-82A9-A40D4C7EE64C}.Ad-Hoc|Any CPU.ActiveCfg = Release|Any CPU
		{5F210853-30FC-47CC-82A9-A40D4C7EE64C}.Ad-Hoc|Any CPU.Build.0 = Release|Any CPU
		{5F210853-30FC-47CC-82A9-A40D4C7EE64C}.Ad-Hoc|ARM.ActiveCfg = Release|ARM
		{5F210853-30FC-47CC-82A9-A40D4C7EE64C}.Ad-Hoc|ARM.Build.0 = Release|ARM
		{5F210853-30FC-47CC-82A9-A40D4C7EE64C}.Ad-Hoc|iPhone.ActiveCfg = Release|Any CPU
		{5F210853-30FC-47CC-82A9-A40D4C7EE64C}.Ad-Hoc|iPhone.Build.0 = Release|Any CPU
		{5F210853-30FC-47CC-82A9-A40D4C7EE64C}.Ad-Hoc|iPhoneSimulator.ActiveCfg = Release|Any CPU
		{5F210853-30FC-47CC-82A9-A40D4C7EE64C}.Ad-Hoc|iPhoneSimulator.Build.0 = Release|Any CPU
		{5F210853-30FC-47CC-82A9-A40D4C7EE64C}.Ad-Hoc|Mixed Platforms.ActiveCfg = Release|x86
		{5F210853-30FC-47CC-82A9-A40D4C7EE64C}.Ad-Hoc|Mixed Platforms.Build.0 = Release|x86
		{5F210853-30FC-47CC-82A9-A40D4C7EE64C}.Ad-Hoc|x64.ActiveCfg = Release|x64
		{5F210853-30FC-47CC-82A9-A40D4C7EE64C}.Ad-Hoc|x64.Build.0 = Release|x64
		{5F210853-30FC-47CC-82A9-A40D4C7EE64C}.Ad-Hoc|x86.ActiveCfg = Release|x86
		{5F210853-30FC-47CC-82A9-A40D4C7EE64C}.Ad-Hoc|x86.Build.0 = Release|x86
		{5F210853-30FC-47CC-82A9-A40D4C7EE64C}.AppStore|Any CPU.ActiveCfg = Release|Any CPU
		{5F210853-30FC-47CC-82A9-A40D4C7EE64C}.AppStore|Any CPU.Build.0 = Release|Any CPU
		{5F210853-30FC-47CC-82A9-A40D4C7EE64C}.AppStore|ARM.ActiveCfg = Release|ARM
		{5F210853-30FC-47CC-82A9-A40D4C7EE64C}.AppStore|ARM.Build.0 = Release|ARM
		{5F210853-30FC-47CC-82A9-A40D4C7EE64C}.AppStore|iPhone.ActiveCfg = Release|Any CPU
		{5F210853-30FC-47CC-82A9-A40D4C7EE64C}.AppStore|iPhone.Build.0 = Release|Any CPU
		{5F210853-30FC-47CC-82A9-A40D4C7EE64C}.AppStore|iPhoneSimulator.ActiveCfg = Release|Any CPU
		{5F210853-30FC-47CC-82A9-A40D4C7EE64C}.AppStore|iPhoneSimulator.Build.0 = Release|Any CPU
		{5F210853-30FC-47CC-82A9-A40D4C7EE64C}.AppStore|Mixed Platforms.ActiveCfg = Release|x86
		{5F210853-30FC-47CC-82A9-A40D4C7EE64C}.AppStore|Mixed Platforms.Build.0 = Release|x86
		{5F210853-30FC-47CC-82A9-A40D4C7EE64C}.AppStore|x64.ActiveCfg = Release|x64
		{5F210853-30FC-47CC-82A9-A40D4C7EE64C}.AppStore|x64.Build.0 = Release|x64
		{5F210853-30FC-47CC-82A9-A40D4C7EE64C}.AppStore|x86.ActiveCfg = Release|x86
		{5F210853-30FC-47CC-82A9-A40D4C7EE64C}.AppStore|x86.Build.0 = Release|x86
		{5F210853-30FC-47CC-82A9-A40D4C7EE64C}.Debug|Any CPU.ActiveCfg = Debug|Any CPU
		{5F210853-30FC-47CC-82A9-A40D4C7EE64C}.Debug|Any CPU.Build.0 = Debug|Any CPU
		{5F210853-30FC-47CC-82A9-A40D4C7EE64C}.Debug|ARM.ActiveCfg = Debug|ARM
		{5F210853-30FC-47CC-82A9-A40D4C7EE64C}.Debug|ARM.Build.0 = Debug|ARM
		{5F210853-30FC-47CC-82A9-A40D4C7EE64C}.Debug|iPhone.ActiveCfg = Debug|Any CPU
		{5F210853-30FC-47CC-82A9-A40D4C7EE64C}.Debug|iPhone.Build.0 = Debug|Any CPU
		{5F210853-30FC-47CC-82A9-A40D4C7EE64C}.Debug|iPhoneSimulator.ActiveCfg = Debug|Any CPU
		{5F210853-30FC-47CC-82A9-A40D4C7EE64C}.Debug|iPhoneSimulator.Build.0 = Debug|Any CPU
		{5F210853-30FC-47CC-82A9-A40D4C7EE64C}.Debug|Mixed Platforms.ActiveCfg = Debug|x86
		{5F210853-30FC-47CC-82A9-A40D4C7EE64C}.Debug|Mixed Platforms.Build.0 = Debug|x86
		{5F210853-30FC-47CC-82A9-A40D4C7EE64C}.Debug|x64.ActiveCfg = Debug|x64
		{5F210853-30FC-47CC-82A9-A40D4C7EE64C}.Debug|x64.Build.0 = Debug|x64
		{5F210853-30FC-47CC-82A9-A40D4C7EE64C}.Debug|x86.ActiveCfg = Debug|x86
		{5F210853-30FC-47CC-82A9-A40D4C7EE64C}.Debug|x86.Build.0 = Debug|x86
		{5F210853-30FC-47CC-82A9-A40D4C7EE64C}.Release|Any CPU.ActiveCfg = Release|Any CPU
		{5F210853-30FC-47CC-82A9-A40D4C7EE64C}.Release|Any CPU.Build.0 = Release|Any CPU
		{5F210853-30FC-47CC-82A9-A40D4C7EE64C}.Release|ARM.ActiveCfg = Release|ARM
		{5F210853-30FC-47CC-82A9-A40D4C7EE64C}.Release|ARM.Build.0 = Release|ARM
		{5F210853-30FC-47CC-82A9-A40D4C7EE64C}.Release|iPhone.ActiveCfg = Release|Any CPU
		{5F210853-30FC-47CC-82A9-A40D4C7EE64C}.Release|iPhone.Build.0 = Release|Any CPU
		{5F210853-30FC-47CC-82A9-A40D4C7EE64C}.Release|iPhoneSimulator.ActiveCfg = Release|Any CPU
		{5F210853-30FC-47CC-82A9-A40D4C7EE64C}.Release|iPhoneSimulator.Build.0 = Release|Any CPU
		{5F210853-30FC-47CC-82A9-A40D4C7EE64C}.Release|Mixed Platforms.ActiveCfg = Release|x86
		{5F210853-30FC-47CC-82A9-A40D4C7EE64C}.Release|Mixed Platforms.Build.0 = Release|x86
		{5F210853-30FC-47CC-82A9-A40D4C7EE64C}.Release|x64.ActiveCfg = Release|x64
		{5F210853-30FC-47CC-82A9-A40D4C7EE64C}.Release|x64.Build.0 = Release|x64
		{5F210853-30FC-47CC-82A9-A40D4C7EE64C}.Release|x86.ActiveCfg = Release|x86
		{5F210853-30FC-47CC-82A9-A40D4C7EE64C}.Release|x86.Build.0 = Release|x86
		{75D26DF9-1BD2-4B7E-AC3E-BFF1ED4E0ECE}.Ad-Hoc|Any CPU.ActiveCfg = Release|Any CPU
		{75D26DF9-1BD2-4B7E-AC3E-BFF1ED4E0ECE}.Ad-Hoc|Any CPU.Build.0 = Release|Any CPU
		{75D26DF9-1BD2-4B7E-AC3E-BFF1ED4E0ECE}.Ad-Hoc|ARM.ActiveCfg = Release|Any CPU
		{75D26DF9-1BD2-4B7E-AC3E-BFF1ED4E0ECE}.Ad-Hoc|ARM.Build.0 = Release|Any CPU
		{75D26DF9-1BD2-4B7E-AC3E-BFF1ED4E0ECE}.Ad-Hoc|iPhone.ActiveCfg = Release|Any CPU
		{75D26DF9-1BD2-4B7E-AC3E-BFF1ED4E0ECE}.Ad-Hoc|iPhone.Build.0 = Release|Any CPU
		{75D26DF9-1BD2-4B7E-AC3E-BFF1ED4E0ECE}.Ad-Hoc|iPhoneSimulator.ActiveCfg = Release|Any CPU
		{75D26DF9-1BD2-4B7E-AC3E-BFF1ED4E0ECE}.Ad-Hoc|iPhoneSimulator.Build.0 = Release|Any CPU
		{75D26DF9-1BD2-4B7E-AC3E-BFF1ED4E0ECE}.Ad-Hoc|Mixed Platforms.ActiveCfg = Release|Any CPU
		{75D26DF9-1BD2-4B7E-AC3E-BFF1ED4E0ECE}.Ad-Hoc|Mixed Platforms.Build.0 = Release|Any CPU
		{75D26DF9-1BD2-4B7E-AC3E-BFF1ED4E0ECE}.Ad-Hoc|x64.ActiveCfg = Release|Any CPU
		{75D26DF9-1BD2-4B7E-AC3E-BFF1ED4E0ECE}.Ad-Hoc|x64.Build.0 = Release|Any CPU
		{75D26DF9-1BD2-4B7E-AC3E-BFF1ED4E0ECE}.Ad-Hoc|x86.ActiveCfg = Release|Any CPU
		{75D26DF9-1BD2-4B7E-AC3E-BFF1ED4E0ECE}.Ad-Hoc|x86.Build.0 = Release|Any CPU
		{75D26DF9-1BD2-4B7E-AC3E-BFF1ED4E0ECE}.AppStore|Any CPU.ActiveCfg = Release|Any CPU
		{75D26DF9-1BD2-4B7E-AC3E-BFF1ED4E0ECE}.AppStore|Any CPU.Build.0 = Release|Any CPU
		{75D26DF9-1BD2-4B7E-AC3E-BFF1ED4E0ECE}.AppStore|ARM.ActiveCfg = Release|Any CPU
		{75D26DF9-1BD2-4B7E-AC3E-BFF1ED4E0ECE}.AppStore|ARM.Build.0 = Release|Any CPU
		{75D26DF9-1BD2-4B7E-AC3E-BFF1ED4E0ECE}.AppStore|iPhone.ActiveCfg = Release|Any CPU
		{75D26DF9-1BD2-4B7E-AC3E-BFF1ED4E0ECE}.AppStore|iPhone.Build.0 = Release|Any CPU
		{75D26DF9-1BD2-4B7E-AC3E-BFF1ED4E0ECE}.AppStore|iPhoneSimulator.ActiveCfg = Release|Any CPU
		{75D26DF9-1BD2-4B7E-AC3E-BFF1ED4E0ECE}.AppStore|iPhoneSimulator.Build.0 = Release|Any CPU
		{75D26DF9-1BD2-4B7E-AC3E-BFF1ED4E0ECE}.AppStore|Mixed Platforms.ActiveCfg = Release|Any CPU
		{75D26DF9-1BD2-4B7E-AC3E-BFF1ED4E0ECE}.AppStore|Mixed Platforms.Build.0 = Release|Any CPU
		{75D26DF9-1BD2-4B7E-AC3E-BFF1ED4E0ECE}.AppStore|x64.ActiveCfg = Release|Any CPU
		{75D26DF9-1BD2-4B7E-AC3E-BFF1ED4E0ECE}.AppStore|x64.Build.0 = Release|Any CPU
		{75D26DF9-1BD2-4B7E-AC3E-BFF1ED4E0ECE}.AppStore|x86.ActiveCfg = Release|Any CPU
		{75D26DF9-1BD2-4B7E-AC3E-BFF1ED4E0ECE}.AppStore|x86.Build.0 = Release|Any CPU
		{75D26DF9-1BD2-4B7E-AC3E-BFF1ED4E0ECE}.Debug|Any CPU.ActiveCfg = Debug|Any CPU
		{75D26DF9-1BD2-4B7E-AC3E-BFF1ED4E0ECE}.Debug|Any CPU.Build.0 = Debug|Any CPU
		{75D26DF9-1BD2-4B7E-AC3E-BFF1ED4E0ECE}.Debug|ARM.ActiveCfg = Debug|Any CPU
		{75D26DF9-1BD2-4B7E-AC3E-BFF1ED4E0ECE}.Debug|ARM.Build.0 = Debug|Any CPU
		{75D26DF9-1BD2-4B7E-AC3E-BFF1ED4E0ECE}.Debug|iPhone.ActiveCfg = Debug|Any CPU
		{75D26DF9-1BD2-4B7E-AC3E-BFF1ED4E0ECE}.Debug|iPhone.Build.0 = Debug|Any CPU
		{75D26DF9-1BD2-4B7E-AC3E-BFF1ED4E0ECE}.Debug|iPhoneSimulator.ActiveCfg = Debug|Any CPU
		{75D26DF9-1BD2-4B7E-AC3E-BFF1ED4E0ECE}.Debug|iPhoneSimulator.Build.0 = Debug|Any CPU
		{75D26DF9-1BD2-4B7E-AC3E-BFF1ED4E0ECE}.Debug|Mixed Platforms.ActiveCfg = Debug|Any CPU
		{75D26DF9-1BD2-4B7E-AC3E-BFF1ED4E0ECE}.Debug|Mixed Platforms.Build.0 = Debug|Any CPU
		{75D26DF9-1BD2-4B7E-AC3E-BFF1ED4E0ECE}.Debug|x64.ActiveCfg = Debug|Any CPU
		{75D26DF9-1BD2-4B7E-AC3E-BFF1ED4E0ECE}.Debug|x64.Build.0 = Debug|Any CPU
		{75D26DF9-1BD2-4B7E-AC3E-BFF1ED4E0ECE}.Debug|x86.ActiveCfg = Debug|Any CPU
		{75D26DF9-1BD2-4B7E-AC3E-BFF1ED4E0ECE}.Debug|x86.Build.0 = Debug|Any CPU
		{75D26DF9-1BD2-4B7E-AC3E-BFF1ED4E0ECE}.Release|Any CPU.ActiveCfg = Release|Any CPU
		{75D26DF9-1BD2-4B7E-AC3E-BFF1ED4E0ECE}.Release|Any CPU.Build.0 = Release|Any CPU
		{75D26DF9-1BD2-4B7E-AC3E-BFF1ED4E0ECE}.Release|ARM.ActiveCfg = Release|Any CPU
		{75D26DF9-1BD2-4B7E-AC3E-BFF1ED4E0ECE}.Release|ARM.Build.0 = Release|Any CPU
		{75D26DF9-1BD2-4B7E-AC3E-BFF1ED4E0ECE}.Release|iPhone.ActiveCfg = Release|Any CPU
		{75D26DF9-1BD2-4B7E-AC3E-BFF1ED4E0ECE}.Release|iPhone.Build.0 = Release|Any CPU
		{75D26DF9-1BD2-4B7E-AC3E-BFF1ED4E0ECE}.Release|iPhoneSimulator.ActiveCfg = Release|Any CPU
		{75D26DF9-1BD2-4B7E-AC3E-BFF1ED4E0ECE}.Release|iPhoneSimulator.Build.0 = Release|Any CPU
		{75D26DF9-1BD2-4B7E-AC3E-BFF1ED4E0ECE}.Release|Mixed Platforms.ActiveCfg = Release|Any CPU
		{75D26DF9-1BD2-4B7E-AC3E-BFF1ED4E0ECE}.Release|Mixed Platforms.Build.0 = Release|Any CPU
		{75D26DF9-1BD2-4B7E-AC3E-BFF1ED4E0ECE}.Release|x64.ActiveCfg = Release|Any CPU
		{75D26DF9-1BD2-4B7E-AC3E-BFF1ED4E0ECE}.Release|x64.Build.0 = Release|Any CPU
		{75D26DF9-1BD2-4B7E-AC3E-BFF1ED4E0ECE}.Release|x86.ActiveCfg = Release|Any CPU
		{75D26DF9-1BD2-4B7E-AC3E-BFF1ED4E0ECE}.Release|x86.Build.0 = Release|Any CPU
	EndGlobalSection
	GlobalSection(SolutionProperties) = preSolution
		HideSolutionNode = FALSE
	EndGlobalSection
	GlobalSection(NestedProjects) = preSolution
		{62F5D64A-791E-460B-AFC4-AF26673EA4CE} = {95E24DC3-BFE7-4F15-9F1E-86DEB394F3E2}
		{7E9E7C1C-9235-4D46-BF4C-CA6A0C8B6E29} = {95E24DC3-BFE7-4F15-9F1E-86DEB394F3E2}
		{2E4D0D6A-CE0C-447D-AC16-2143B62A6B25} = {95E24DC3-BFE7-4F15-9F1E-86DEB394F3E2}
		{B1019C4B-E37A-4B75-9AFC-980820320B6B} = {95E24DC3-BFE7-4F15-9F1E-86DEB394F3E2}
		{CAD5F2F4-842A-4D67-A862-7668C442E8ED} = {900F6DB8-A11C-4945-A75A-FAEB853F4930}
		{06FE0C81-97BD-46BA-84CA-E7E2E1284AAD} = {900F6DB8-A11C-4945-A75A-FAEB853F4930}
		{190B3C22-2763-4316-A93A-631995EB07AD} = {900F6DB8-A11C-4945-A75A-FAEB853F4930}
		{EBDADCEB-D1B4-4FE4-9873-04CD80EDAD45} = {95E24DC3-BFE7-4F15-9F1E-86DEB394F3E2}
		{5B1996AA-B41D-475C-933E-70E0CF816598} = {900F6DB8-A11C-4945-A75A-FAEB853F4930}
		{F3ACF891-B8BE-4526-9EED-A7DF80EBF665} = {95E24DC3-BFE7-4F15-9F1E-86DEB394F3E2}
		{3D240354-2753-47E7-92FF-90CE840CBAB6} = {900F6DB8-A11C-4945-A75A-FAEB853F4930}
		{5F210853-30FC-47CC-82A9-A40D4C7EE64C} = {95E24DC3-BFE7-4F15-9F1E-86DEB394F3E2}
		{75D26DF9-1BD2-4B7E-AC3E-BFF1ED4E0ECE} = {95E24DC3-BFE7-4F15-9F1E-86DEB394F3E2}
	EndGlobalSection
EndGlobal
